// !$*UTF8*$!
{
	archiveVersion = 1;
	classes = {
	};
	objectVersion = 46;
	objects = {
/* Begin PBXBuildFile section */
		0207DA581B56EA530066E2B4 /* Images.xcassets in Resources */ = {isa = PBXBuildFile; fileRef = 0207DA571B56EA530066E2B4 /* Images.xcassets */; };
		1D3623260D0F684500981E51 /* AppDelegate.m in Sources */ = {isa = PBXBuildFile; fileRef = 1D3623250D0F684500981E51 /* AppDelegate.m */; };
		1D60589B0D05DD56006BFB54 /* main.m in Sources */ = {isa = PBXBuildFile; fileRef = 29B97316FDCFA39411CA2CEA /* main.m */; };
		301BF552109A68D80062928A /* libCordova.a in Frameworks */ = {isa = PBXBuildFile; fileRef = 301BF535109A57CC0062928A /* libCordova.a */; };
		302D95F114D2391D003F00A1 /* MainViewController.m in Sources */ = {isa = PBXBuildFile; fileRef = 302D95EF14D2391D003F00A1 /* MainViewController.m */; };
		302D95F214D2391D003F00A1 /* MainViewController.xib in Resources */ = {isa = PBXBuildFile; fileRef = 302D95F014D2391D003F00A1 /* MainViewController.xib */; };
		3047A5121AB8059700498E2A /* build-debug.xcconfig in Resources */ = {isa = PBXBuildFile; fileRef = 3047A50F1AB8059700498E2A /* build-debug.xcconfig */; };
		3047A5131AB8059700498E2A /* build-release.xcconfig in Resources */ = {isa = PBXBuildFile; fileRef = 3047A5101AB8059700498E2A /* build-release.xcconfig */; };
		3047A5141AB8059700498E2A /* build.xcconfig in Resources */ = {isa = PBXBuildFile; fileRef = 3047A5111AB8059700498E2A /* build.xcconfig */; };
		6AFF5BF91D6E424B00AB3073 /* CDVLaunchScreen.storyboard in Resources */ = {isa = PBXBuildFile; fileRef = 6AFF5BF81D6E424B00AB3073 /* CDVLaunchScreen.storyboard */; };
		2EFDD769201843CCAF8CD8DF /* AppDelegate+notification.m in Sources */ = {isa = PBXBuildFile; fileRef = E0DE04EEC25044B2A1DD5971 /* AppDelegate+notification.m */; };
		AA0C4DCADA174B57B290568E /* PushPlugin.m in Sources */ = {isa = PBXBuildFile; fileRef = 0E33D0EFEC3A4A30BE1D1CF9 /* PushPlugin.m */; };
		4CBCA854EAE04A5B91D047D3 /* libGGLCloudMessaging.a in Frameworks */ = {isa = PBXBuildFile; fileRef = 47BE89B1446F4550A4312BF1 /* libGGLCloudMessaging.a */; };
		DF68B2B0380E43D0B03CC6F7 /* libGGLCore.a in Frameworks */ = {isa = PBXBuildFile; fileRef = B49422FDDC5C45C68E1F1004 /* libGGLCore.a */; };
		388B17D60C7246089B600238 /* libGGLInstanceIDLib.a in Frameworks */ = {isa = PBXBuildFile; fileRef = 4D7162ABD23848B6AE9570EB /* libGGLInstanceIDLib.a */; };
		A424D07FF14F46E2BCDAE84B /* libGIP_Reachability.a in Frameworks */ = {isa = PBXBuildFile; fileRef = C8AF2AC5479B4CCA8FC64E96 /* libGIP_Reachability.a */; };
		7475B0B86D67488E959E2731 /* libGSDK_Overload.a in Frameworks */ = {isa = PBXBuildFile; fileRef = DF5159C9E4DD4986B4616F4C /* libGSDK_Overload.a */; };
		FC4CEE15C762462D915BC656 /* libGTMSessionFetcher_core.a in Frameworks */ = {isa = PBXBuildFile; fileRef = ABCC70F6FE614F83B45758A7 /* libGTMSessionFetcher_core.a */; };
		8828D97371D744E0A985189C /* libGTMSessionFetcher_full.a in Frameworks */ = {isa = PBXBuildFile; fileRef = A4D609F66F4540168C30B407 /* libGTMSessionFetcher_full.a */; };
		A1DB96D48EF34E4E878EF649 /* libGTMStackTrace.a in Frameworks */ = {isa = PBXBuildFile; fileRef = 9651E77DD0DD4676A5DFF263 /* libGTMStackTrace.a */; };
		C565D62FB20849B38B0C1CEB /* libGTM_AddressBook.a in Frameworks */ = {isa = PBXBuildFile; fileRef = 161ADED307F14149B324562C /* libGTM_AddressBook.a */; };
		F2028CD3170E4C0BA75D46B9 /* libGTM_DebugUtils.a in Frameworks */ = {isa = PBXBuildFile; fileRef = 41A26913A7DC4BA2B303CC81 /* libGTM_DebugUtils.a */; };
		19C029B180344653B087E55B /* libGTM_GTMURLBuilder.a in Frameworks */ = {isa = PBXBuildFile; fileRef = 451E7AB2BB2C4EEB8A1515E2 /* libGTM_GTMURLBuilder.a */; };
		657231279A464D669C546385 /* libGTM_KVO.a in Frameworks */ = {isa = PBXBuildFile; fileRef = 9D1233CE7D774E13A572046C /* libGTM_KVO.a */; };
		D825B08FFB7F47ADA8374FFA /* libGTM_NSData+zlib.a in Frameworks */ = {isa = PBXBuildFile; fileRef = CF6805CD0D7544A5ACF21FD2 /* libGTM_NSData+zlib.a */; };
		262C24CCBE634F71AAC2A18C /* libGTM_NSDictionary+URLArguments.a in Frameworks */ = {isa = PBXBuildFile; fileRef = D327408B242A440185470337 /* libGTM_NSDictionary+URLArguments.a */; };
		F58A7325F7E54986BF1DF85F /* libGTM_NSScannerJSON.a in Frameworks */ = {isa = PBXBuildFile; fileRef = 77B9A5C8C7584FF3A579A155 /* libGTM_NSScannerJSON.a */; };
		D3DE00FB2D5D40DA912F26AE /* libGTM_NSStringHTML.a in Frameworks */ = {isa = PBXBuildFile; fileRef = 6ED10E59831C400FA9341146 /* libGTM_NSStringHTML.a */; };
		94D948DA0A404455802F60A0 /* libGTM_NSStringXML.a in Frameworks */ = {isa = PBXBuildFile; fileRef = 3E726E4D564C47CC87F9FCE0 /* libGTM_NSStringXML.a */; };
		9169663B745E4864A1DBCAE1 /* libGTM_Regex.a in Frameworks */ = {isa = PBXBuildFile; fileRef = E8E14373CCAF4D038DC27869 /* libGTM_Regex.a */; };
		DDC13CE0CF8940348BF79861 /* libGTM_RoundedRectPath.a in Frameworks */ = {isa = PBXBuildFile; fileRef = 8BB6330A6F8349639246A52B /* libGTM_RoundedRectPath.a */; };
		C22DDABCD86A4D23B8D45D19 /* libGTM_StringEncoding.a in Frameworks */ = {isa = PBXBuildFile; fileRef = E71DC1E3230449C6A24B1781 /* libGTM_StringEncoding.a */; };
		51C086552ECC49F7AE1905FC /* libGTM_SystemVersion.a in Frameworks */ = {isa = PBXBuildFile; fileRef = F5D84D7D892047B29E362465 /* libGTM_SystemVersion.a */; };
		F8ED114B4C6C4B27B284BC19 /* libGTM_UIFont+LineHeight.a in Frameworks */ = {isa = PBXBuildFile; fileRef = E49C853EBBD440E2B220BF44 /* libGTM_UIFont+LineHeight.a */; };
		6DD46CDB5DD04037B257A889 /* libGTM_core.a in Frameworks */ = {isa = PBXBuildFile; fileRef = 9D695CBC41324CE8ADB696F8 /* libGTM_core.a */; };
		0A53446B60B84F659C8359A1 /* libGTM_iPhone.a in Frameworks */ = {isa = PBXBuildFile; fileRef = 17C710FC2AB64A6DB8CA921F /* libGTM_iPhone.a */; };
		E38FBA1C58A047B1A4D948C4 /* libGcmLib.a in Frameworks */ = {isa = PBXBuildFile; fileRef = 32C422C3252C4F0BB1C5E82C /* libGcmLib.a */; };
		D9EA400F345C47F3BBA915CE /* libProtocolBuffers.a in Frameworks */ = {isa = PBXBuildFile; fileRef = 5281903A8DEB46628879660B /* libProtocolBuffers.a */; };
		405C62711DE2423DBF84CC6C /* AddressBook.framework in Frameworks */ = {isa = PBXBuildFile; fileRef = 5AEB608C2A44402E9C14B843 /* AddressBook.framework */; };
		FB346E9C785A4143A186447A /* libsqlite3.tbd in Frameworks */ = {isa = PBXBuildFile; fileRef = AE77D9BAED00443090583D26 /* libsqlite3.tbd */; };
		7AD36FBB6D974B39AF9967A3 /* libz.tbd in Frameworks */ = {isa = PBXBuildFile; fileRef = 4CDF1250D7DC43729E08CC65 /* libz.tbd */; };
		73B1E0F39B974EC6B68CD786 /* CDVDevice.m in Sources */ = {isa = PBXBuildFile; fileRef = 181D71CDD5B342DDB96F3CAA /* CDVDevice.m */; };
		69DBC1DC744F4DA7933311B3 /* CDVNotification.m in Sources */ = {isa = PBXBuildFile; fileRef = 9464B1D7ED9F47F4B599114B /* CDVNotification.m */; };
		CDE72E03701B424F93DA1C5A /* CDVNotification.bundle in Resources */ = {isa = PBXBuildFile; fileRef = 5D8E0BCC6FA84F30BF39BA45 /* CDVNotification.bundle */; };
		9341104E897B477B841238EE /* AudioToolbox.framework in Frameworks */ = {isa = PBXBuildFile; fileRef = 68C697AD8EAF405E90728284 /* AudioToolbox.framework */; settings = {ATTRIBUTES = (Weak, ); }; };
		261FB73162144EF5AB998DF9 /* CDVInAppBrowser.m in Sources */ = {isa = PBXBuildFile; fileRef = 558A4391B7FF46EB9041A63C /* CDVInAppBrowser.m */; };
		2E6BC498025642CE8AD29F92 /* CDVConnection.m in Sources */ = {isa = PBXBuildFile; fileRef = 5AFA640ACE6B4B8BBDD1BEE9 /* CDVConnection.m */; };
		C009FD3CA531463C8968ABC6 /* CDVReachability.m in Sources */ = {isa = PBXBuildFile; fileRef = 975D7C8DF33D4853BB1AFA66 /* CDVReachability.m */; };
		E54513C819EA4789A5414B0C /* SystemConfiguration.framework in Frameworks */ = {isa = PBXBuildFile; fileRef = DE42B993F5084E14A73928ED /* SystemConfiguration.framework */; settings = {ATTRIBUTES = (Weak, ); }; };
		796DC9A6A9A04B09A81F46E2 /* CoreTelephony.framework in Frameworks */ = {isa = PBXBuildFile; fileRef = CFAD05DF11B3423FA3AA975F /* CoreTelephony.framework */; };
		907576C9EEBD4D49A666B117 /* CDVStatusBar.m in Sources */ = {isa = PBXBuildFile; fileRef = 223BAEDC15204267BFF9DEBE /* CDVStatusBar.m */; };
		D9D0CDA66D2449A5BF0CF404 /* CDVContacts.m in Sources */ = {isa = PBXBuildFile; fileRef = 70B4BC73BB234DA1A86A7122 /* CDVContacts.m */; };
		DA2B76C8BC8747F5B6D746F2 /* CDVContact.m in Sources */ = {isa = PBXBuildFile; fileRef = BDDB2BC6483B4A4CB8FB4957 /* CDVContact.m */; };
		D808C3B1FA784CCC87F7DFF5 /* AddressBookUI.framework in Frameworks */ = {isa = PBXBuildFile; fileRef = 71F2D37C1D764FC6B8D7A2DB /* AddressBookUI.framework */; settings = {ATTRIBUTES = (Weak, ); }; };
		FEC9A4C4DD4C42DD92680EEB /* NSString+SSURLEncoding.m in Sources */ = {isa = PBXBuildFile; fileRef = F63A0C8CF9CE4775996BC41F /* NSString+SSURLEncoding.m */; };
		395F16BAF96A4D6EAED24A76 /* SocialSharing.m in Sources */ = {isa = PBXBuildFile; fileRef = 796411FDA72647EE8B4DD07E /* SocialSharing.m */; };
		EC64A2D0E79B4FE8B157A0C8 /* Social.framework in Frameworks */ = {isa = PBXBuildFile; fileRef = B0BF3C3E9DA845D8BAB7EB28 /* Social.framework */; settings = {ATTRIBUTES = (Weak, ); }; };
		BB824266C91348DA98F66DB9 /* MessageUI.framework in Frameworks */ = {isa = PBXBuildFile; fileRef = 992009BAE9F242E5BE722FFA /* MessageUI.framework */; settings = {ATTRIBUTES = (Weak, ); }; };
/* End PBXBuildFile section */

/* Begin PBXContainerItemProxy section */
		301BF534109A57CC0062928A /* PBXContainerItemProxy */ = {
			isa = PBXContainerItemProxy;
			containerPortal = 301BF52D109A57CC0062928A /* CordovaLib.xcodeproj */;
			proxyType = 2;
			remoteGlobalIDString = D2AAC07E0554694100DB518D;
			remoteInfo = CordovaLib;
		};
		301BF550109A68C00062928A /* PBXContainerItemProxy */ = {
			isa = PBXContainerItemProxy;
			containerPortal = 301BF52D109A57CC0062928A /* CordovaLib.xcodeproj */;
			proxyType = 1;
			remoteGlobalIDString = D2AAC07D0554694100DB518D;
			remoteInfo = CordovaLib;
		};
/* End PBXContainerItemProxy section */

/* Begin PBXFileReference section */
		0207DA571B56EA530066E2B4 /* Images.xcassets */ = {isa = PBXFileReference; lastKnownFileType = folder.assetcatalog; name = Images.xcassets; path = "Studio 120/Images.xcassets"; sourceTree = SOURCE_ROOT; };
		1D3623240D0F684500981E51 /* AppDelegate.h */ = {isa = PBXFileReference; fileEncoding = 4; lastKnownFileType = sourcecode.c.h; path = AppDelegate.h; sourceTree = "<group>"; };
		1D3623250D0F684500981E51 /* AppDelegate.m */ = {isa = PBXFileReference; fileEncoding = 4; lastKnownFileType = sourcecode.c.objc; path = AppDelegate.m; sourceTree = "<group>"; };
		1D6058910D05DD3D006BFB54 /* Studio 120.app */ = {isa = PBXFileReference; explicitFileType = wrapper.application; includeInIndex = 0; path = "Studio 120.app"; sourceTree = BUILT_PRODUCTS_DIR; };
		29B97316FDCFA39411CA2CEA /* main.m */ = {isa = PBXFileReference; fileEncoding = 4; lastKnownFileType = sourcecode.c.objc; path = main.m; sourceTree = "<group>"; };
		301BF52D109A57CC0062928A /* CordovaLib.xcodeproj */ = {isa = PBXFileReference; lastKnownFileType = "wrapper.pb-project"; name = CordovaLib.xcodeproj; path = CordovaLib/CordovaLib.xcodeproj; sourceTree = "<group>"; };
		301BF56E109A69640062928A /* www */ = {isa = PBXFileReference; lastKnownFileType = folder; path = www; sourceTree = SOURCE_ROOT; };
		302D95EE14D2391D003F00A1 /* MainViewController.h */ = {isa = PBXFileReference; fileEncoding = 4; lastKnownFileType = sourcecode.c.h; path = MainViewController.h; sourceTree = "<group>"; };
		302D95EF14D2391D003F00A1 /* MainViewController.m */ = {isa = PBXFileReference; fileEncoding = 4; lastKnownFileType = sourcecode.c.objc; path = MainViewController.m; sourceTree = "<group>"; };
		302D95F014D2391D003F00A1 /* MainViewController.xib */ = {isa = PBXFileReference; fileEncoding = 4; lastKnownFileType = file.xib; path = MainViewController.xib; sourceTree = "<group>"; };
		3047A50F1AB8059700498E2A /* build-debug.xcconfig */ = {isa = PBXFileReference; fileEncoding = 4; lastKnownFileType = text.xcconfig; name = "build-debug.xcconfig"; path = cordova/build-debug.xcconfig; sourceTree = SOURCE_ROOT; };
		3047A5101AB8059700498E2A /* build-release.xcconfig */ = {isa = PBXFileReference; fileEncoding = 4; lastKnownFileType = text.xcconfig; name = "build-release.xcconfig"; path = cordova/build-release.xcconfig; sourceTree = SOURCE_ROOT; };
		3047A5111AB8059700498E2A /* build.xcconfig */ = {isa = PBXFileReference; fileEncoding = 4; lastKnownFileType = text.xcconfig; name = build.xcconfig; path = cordova/build.xcconfig; sourceTree = SOURCE_ROOT; };
		32CA4F630368D1EE00C91783 /* Studio 120-Prefix.pch */ = {isa = PBXFileReference; fileEncoding = 4; lastKnownFileType = sourcecode.c.h; path = "Studio 120-Prefix.pch"; sourceTree = "<group>"; };
		6AFF5BF81D6E424B00AB3073 /* CDVLaunchScreen.storyboard */ = {isa = PBXFileReference; fileEncoding = 4; lastKnownFileType = file.storyboard; name = CDVLaunchScreen.storyboard; path = "Studio 120/CDVLaunchScreen.storyboard"; sourceTree = SOURCE_ROOT; };
		8D1107310486CEB800E47090 /* Studio 120-Info.plist */ = {isa = PBXFileReference; fileEncoding = 4; lastKnownFileType = text.plist.xml; name = "Studio 120-Info.plist"; path = "Studio 120/Studio 120-Info.plist"; plistStructureDefinitionIdentifier = "com.apple.xcode.plist.structure-definition.iphone.info-plist"; sourceTree = SOURCE_ROOT; };
		EB87FDF31871DA8E0020F90C /* www */ = {isa = PBXFileReference; lastKnownFileType = folder; name = www; path = ../../www; sourceTree = "<group>"; };
		EB87FDF41871DAF40020F90C /* config.xml */ = {isa = PBXFileReference; lastKnownFileType = text.xml; name = config.xml; path = ../../config.xml; sourceTree = "<group>"; };
		F840E1F0165FE0F500CFE078 /* config.xml */ = {isa = PBXFileReference; lastKnownFileType = text.xml; name = config.xml; path = "Studio 120/config.xml"; sourceTree = "<group>"; };
		ED33DF2A687741AEAF9F8254 /* Bridging-Header.h */ = {isa = PBXFileReference; fileEncoding = 4; lastKnownFileType = sourcecode.c.h; name = "Bridging-Header.h"; path = "Bridging-Header.h"; sourceTree = "<group>"; };
		E0DE04EEC25044B2A1DD5971 /* AppDelegate+notification.m */ = {isa = PBXFileReference; name = "AppDelegate+notification.m"; path = "phonegap-plugin-push/AppDelegate+notification.m"; sourceTree = "<group>"; fileEncoding = 4; lastKnownFileType = sourcecode.c.objc; explicitFileType = undefined; includeInIndex = 0; };
		0E33D0EFEC3A4A30BE1D1CF9 /* PushPlugin.m */ = {isa = PBXFileReference; name = "PushPlugin.m"; path = "phonegap-plugin-push/PushPlugin.m"; sourceTree = "<group>"; fileEncoding = 4; lastKnownFileType = sourcecode.c.objc; explicitFileType = undefined; includeInIndex = 0; };
		47BE89B1446F4550A4312BF1 /* libGGLCloudMessaging.a */ = {isa = PBXFileReference; name = "libGGLCloudMessaging.a"; path = "Studio 120/Plugins/phonegap-plugin-push/GCM/Libraries/libGGLCloudMessaging.a"; sourceTree = "<group>"; fileEncoding = undefined; lastKnownFileType = archive.ar; explicitFileType = undefined; includeInIndex = 0; };
		B49422FDDC5C45C68E1F1004 /* libGGLCore.a */ = {isa = PBXFileReference; name = "libGGLCore.a"; path = "Studio 120/Plugins/phonegap-plugin-push/GCM/Libraries/libGGLCore.a"; sourceTree = "<group>"; fileEncoding = undefined; lastKnownFileType = archive.ar; explicitFileType = undefined; includeInIndex = 0; };
		4D7162ABD23848B6AE9570EB /* libGGLInstanceIDLib.a */ = {isa = PBXFileReference; name = "libGGLInstanceIDLib.a"; path = "Studio 120/Plugins/phonegap-plugin-push/GCM/Libraries/libGGLInstanceIDLib.a"; sourceTree = "<group>"; fileEncoding = undefined; lastKnownFileType = archive.ar; explicitFileType = undefined; includeInIndex = 0; };
		C8AF2AC5479B4CCA8FC64E96 /* libGIP_Reachability.a */ = {isa = PBXFileReference; name = "libGIP_Reachability.a"; path = "Studio 120/Plugins/phonegap-plugin-push/GCM/Libraries/libGIP_Reachability.a"; sourceTree = "<group>"; fileEncoding = undefined; lastKnownFileType = archive.ar; explicitFileType = undefined; includeInIndex = 0; };
		DF5159C9E4DD4986B4616F4C /* libGSDK_Overload.a */ = {isa = PBXFileReference; name = "libGSDK_Overload.a"; path = "Studio 120/Plugins/phonegap-plugin-push/GCM/Libraries/libGSDK_Overload.a"; sourceTree = "<group>"; fileEncoding = undefined; lastKnownFileType = archive.ar; explicitFileType = undefined; includeInIndex = 0; };
		ABCC70F6FE614F83B45758A7 /* libGTMSessionFetcher_core.a */ = {isa = PBXFileReference; name = "libGTMSessionFetcher_core.a"; path = "Studio 120/Plugins/phonegap-plugin-push/GCM/Libraries/libGTMSessionFetcher_core.a"; sourceTree = "<group>"; fileEncoding = undefined; lastKnownFileType = archive.ar; explicitFileType = undefined; includeInIndex = 0; };
		A4D609F66F4540168C30B407 /* libGTMSessionFetcher_full.a */ = {isa = PBXFileReference; name = "libGTMSessionFetcher_full.a"; path = "Studio 120/Plugins/phonegap-plugin-push/GCM/Libraries/libGTMSessionFetcher_full.a"; sourceTree = "<group>"; fileEncoding = undefined; lastKnownFileType = archive.ar; explicitFileType = undefined; includeInIndex = 0; };
		9651E77DD0DD4676A5DFF263 /* libGTMStackTrace.a */ = {isa = PBXFileReference; name = "libGTMStackTrace.a"; path = "Studio 120/Plugins/phonegap-plugin-push/GCM/Libraries/libGTMStackTrace.a"; sourceTree = "<group>"; fileEncoding = undefined; lastKnownFileType = archive.ar; explicitFileType = undefined; includeInIndex = 0; };
		161ADED307F14149B324562C /* libGTM_AddressBook.a */ = {isa = PBXFileReference; name = "libGTM_AddressBook.a"; path = "Studio 120/Plugins/phonegap-plugin-push/GCM/Libraries/libGTM_AddressBook.a"; sourceTree = "<group>"; fileEncoding = undefined; lastKnownFileType = archive.ar; explicitFileType = undefined; includeInIndex = 0; };
		41A26913A7DC4BA2B303CC81 /* libGTM_DebugUtils.a */ = {isa = PBXFileReference; name = "libGTM_DebugUtils.a"; path = "Studio 120/Plugins/phonegap-plugin-push/GCM/Libraries/libGTM_DebugUtils.a"; sourceTree = "<group>"; fileEncoding = undefined; lastKnownFileType = archive.ar; explicitFileType = undefined; includeInIndex = 0; };
		451E7AB2BB2C4EEB8A1515E2 /* libGTM_GTMURLBuilder.a */ = {isa = PBXFileReference; name = "libGTM_GTMURLBuilder.a"; path = "Studio 120/Plugins/phonegap-plugin-push/GCM/Libraries/libGTM_GTMURLBuilder.a"; sourceTree = "<group>"; fileEncoding = undefined; lastKnownFileType = archive.ar; explicitFileType = undefined; includeInIndex = 0; };
		9D1233CE7D774E13A572046C /* libGTM_KVO.a */ = {isa = PBXFileReference; name = "libGTM_KVO.a"; path = "Studio 120/Plugins/phonegap-plugin-push/GCM/Libraries/libGTM_KVO.a"; sourceTree = "<group>"; fileEncoding = undefined; lastKnownFileType = archive.ar; explicitFileType = undefined; includeInIndex = 0; };
		CF6805CD0D7544A5ACF21FD2 /* libGTM_NSData+zlib.a */ = {isa = PBXFileReference; name = "libGTM_NSData+zlib.a"; path = "Studio 120/Plugins/phonegap-plugin-push/GCM/Libraries/libGTM_NSData+zlib.a"; sourceTree = "<group>"; fileEncoding = undefined; lastKnownFileType = archive.ar; explicitFileType = undefined; includeInIndex = 0; };
		D327408B242A440185470337 /* libGTM_NSDictionary+URLArguments.a */ = {isa = PBXFileReference; name = "libGTM_NSDictionary+URLArguments.a"; path = "Studio 120/Plugins/phonegap-plugin-push/GCM/Libraries/libGTM_NSDictionary+URLArguments.a"; sourceTree = "<group>"; fileEncoding = undefined; lastKnownFileType = archive.ar; explicitFileType = undefined; includeInIndex = 0; };
		77B9A5C8C7584FF3A579A155 /* libGTM_NSScannerJSON.a */ = {isa = PBXFileReference; name = "libGTM_NSScannerJSON.a"; path = "Studio 120/Plugins/phonegap-plugin-push/GCM/Libraries/libGTM_NSScannerJSON.a"; sourceTree = "<group>"; fileEncoding = undefined; lastKnownFileType = archive.ar; explicitFileType = undefined; includeInIndex = 0; };
		6ED10E59831C400FA9341146 /* libGTM_NSStringHTML.a */ = {isa = PBXFileReference; name = "libGTM_NSStringHTML.a"; path = "Studio 120/Plugins/phonegap-plugin-push/GCM/Libraries/libGTM_NSStringHTML.a"; sourceTree = "<group>"; fileEncoding = undefined; lastKnownFileType = archive.ar; explicitFileType = undefined; includeInIndex = 0; };
		3E726E4D564C47CC87F9FCE0 /* libGTM_NSStringXML.a */ = {isa = PBXFileReference; name = "libGTM_NSStringXML.a"; path = "Studio 120/Plugins/phonegap-plugin-push/GCM/Libraries/libGTM_NSStringXML.a"; sourceTree = "<group>"; fileEncoding = undefined; lastKnownFileType = archive.ar; explicitFileType = undefined; includeInIndex = 0; };
		E8E14373CCAF4D038DC27869 /* libGTM_Regex.a */ = {isa = PBXFileReference; name = "libGTM_Regex.a"; path = "Studio 120/Plugins/phonegap-plugin-push/GCM/Libraries/libGTM_Regex.a"; sourceTree = "<group>"; fileEncoding = undefined; lastKnownFileType = archive.ar; explicitFileType = undefined; includeInIndex = 0; };
		8BB6330A6F8349639246A52B /* libGTM_RoundedRectPath.a */ = {isa = PBXFileReference; name = "libGTM_RoundedRectPath.a"; path = "Studio 120/Plugins/phonegap-plugin-push/GCM/Libraries/libGTM_RoundedRectPath.a"; sourceTree = "<group>"; fileEncoding = undefined; lastKnownFileType = archive.ar; explicitFileType = undefined; includeInIndex = 0; };
		E71DC1E3230449C6A24B1781 /* libGTM_StringEncoding.a */ = {isa = PBXFileReference; name = "libGTM_StringEncoding.a"; path = "Studio 120/Plugins/phonegap-plugin-push/GCM/Libraries/libGTM_StringEncoding.a"; sourceTree = "<group>"; fileEncoding = undefined; lastKnownFileType = archive.ar; explicitFileType = undefined; includeInIndex = 0; };
		F5D84D7D892047B29E362465 /* libGTM_SystemVersion.a */ = {isa = PBXFileReference; name = "libGTM_SystemVersion.a"; path = "Studio 120/Plugins/phonegap-plugin-push/GCM/Libraries/libGTM_SystemVersion.a"; sourceTree = "<group>"; fileEncoding = undefined; lastKnownFileType = archive.ar; explicitFileType = undefined; includeInIndex = 0; };
		E49C853EBBD440E2B220BF44 /* libGTM_UIFont+LineHeight.a */ = {isa = PBXFileReference; name = "libGTM_UIFont+LineHeight.a"; path = "Studio 120/Plugins/phonegap-plugin-push/GCM/Libraries/libGTM_UIFont+LineHeight.a"; sourceTree = "<group>"; fileEncoding = undefined; lastKnownFileType = archive.ar; explicitFileType = undefined; includeInIndex = 0; };
		9D695CBC41324CE8ADB696F8 /* libGTM_core.a */ = {isa = PBXFileReference; name = "libGTM_core.a"; path = "Studio 120/Plugins/phonegap-plugin-push/GCM/Libraries/libGTM_core.a"; sourceTree = "<group>"; fileEncoding = undefined; lastKnownFileType = archive.ar; explicitFileType = undefined; includeInIndex = 0; };
		17C710FC2AB64A6DB8CA921F /* libGTM_iPhone.a */ = {isa = PBXFileReference; name = "libGTM_iPhone.a"; path = "Studio 120/Plugins/phonegap-plugin-push/GCM/Libraries/libGTM_iPhone.a"; sourceTree = "<group>"; fileEncoding = undefined; lastKnownFileType = archive.ar; explicitFileType = undefined; includeInIndex = 0; };
		32C422C3252C4F0BB1C5E82C /* libGcmLib.a */ = {isa = PBXFileReference; name = "libGcmLib.a"; path = "Studio 120/Plugins/phonegap-plugin-push/GCM/Libraries/libGcmLib.a"; sourceTree = "<group>"; fileEncoding = undefined; lastKnownFileType = archive.ar; explicitFileType = undefined; includeInIndex = 0; };
		5281903A8DEB46628879660B /* libProtocolBuffers.a */ = {isa = PBXFileReference; name = "libProtocolBuffers.a"; path = "Studio 120/Plugins/phonegap-plugin-push/GCM/Libraries/libProtocolBuffers.a"; sourceTree = "<group>"; fileEncoding = undefined; lastKnownFileType = archive.ar; explicitFileType = undefined; includeInIndex = 0; };
		1BDC3B6742B24324BE1E2083 /* AppDelegate+notification.h */ = {isa = PBXFileReference; name = "AppDelegate+notification.h"; path = "phonegap-plugin-push/AppDelegate+notification.h"; sourceTree = "<group>"; fileEncoding = 4; lastKnownFileType = sourcecode.c.h; explicitFileType = undefined; includeInIndex = 0; };
		E6B3B558DDED48CAAEDED2F2 /* PushPlugin.h */ = {isa = PBXFileReference; name = "PushPlugin.h"; path = "phonegap-plugin-push/PushPlugin.h"; sourceTree = "<group>"; fileEncoding = 4; lastKnownFileType = sourcecode.c.h; explicitFileType = undefined; includeInIndex = 0; };
		FCEA4A1CD7A6410ABEF39C92 /* GGLInstanceID.h */ = {isa = PBXFileReference; name = "GGLInstanceID.h"; path = "phonegap-plugin-push/GCM/Headers/GGLInstanceID.h"; sourceTree = "<group>"; fileEncoding = 4; lastKnownFileType = sourcecode.c.h; explicitFileType = undefined; includeInIndex = 0; };
		55EECAA59CD74B47864298F4 /* GGLInstanceIDConfig.h */ = {isa = PBXFileReference; name = "GGLInstanceIDConfig.h"; path = "phonegap-plugin-push/GCM/Headers/GGLInstanceIDConfig.h"; sourceTree = "<group>"; fileEncoding = 4; lastKnownFileType = sourcecode.c.h; explicitFileType = undefined; includeInIndex = 0; };
		AD3A4793FB3E4C7AA451D1FB /* GGLInstanceIDDelegate.h */ = {isa = PBXFileReference; name = "GGLInstanceIDDelegate.h"; path = "phonegap-plugin-push/GCM/Headers/GGLInstanceIDDelegate.h"; sourceTree = "<group>"; fileEncoding = 4; lastKnownFileType = sourcecode.c.h; explicitFileType = undefined; includeInIndex = 0; };
		0D423988490E427BB939FCAD /* GGLInstanceIDHeaders.h */ = {isa = PBXFileReference; name = "GGLInstanceIDHeaders.h"; path = "phonegap-plugin-push/GCM/Headers/GGLInstanceIDHeaders.h"; sourceTree = "<group>"; fileEncoding = 4; lastKnownFileType = sourcecode.c.h; explicitFileType = undefined; includeInIndex = 0; };
		C301126C637C49EB930FF1C7 /* CloudMessaging.h */ = {isa = PBXFileReference; name = "CloudMessaging.h"; path = "phonegap-plugin-push/GCM/Headers/CloudMessaging.h"; sourceTree = "<group>"; fileEncoding = 4; lastKnownFileType = sourcecode.c.h; explicitFileType = undefined; includeInIndex = 0; };
		5D79A812D257455CB15A4FD4 /* GGLContext+CloudMessaging.h */ = {isa = PBXFileReference; name = "GGLContext+CloudMessaging.h"; path = "phonegap-plugin-push/GCM/Headers/GGLContext+CloudMessaging.h"; sourceTree = "<group>"; fileEncoding = 4; lastKnownFileType = sourcecode.c.h; explicitFileType = undefined; includeInIndex = 0; };
		B453E407CB9944C088276729 /* Core.h */ = {isa = PBXFileReference; name = "Core.h"; path = "phonegap-plugin-push/GCM/Headers/Core.h"; sourceTree = "<group>"; fileEncoding = 4; lastKnownFileType = sourcecode.c.h; explicitFileType = undefined; includeInIndex = 0; };
		9D73F99172944BA2B00F5086 /* GGLConfiguration.h */ = {isa = PBXFileReference; name = "GGLConfiguration.h"; path = "phonegap-plugin-push/GCM/Headers/GGLConfiguration.h"; sourceTree = "<group>"; fileEncoding = 4; lastKnownFileType = sourcecode.c.h; explicitFileType = undefined; includeInIndex = 0; };
		93D13C0099A34C7484AE7023 /* GGLContext.h */ = {isa = PBXFileReference; name = "GGLContext.h"; path = "phonegap-plugin-push/GCM/Headers/GGLContext.h"; sourceTree = "<group>"; fileEncoding = 4; lastKnownFileType = sourcecode.c.h; explicitFileType = undefined; includeInIndex = 0; };
		7B8B2C2D0D4143808748114D /* GGLErrorCode.h */ = {isa = PBXFileReference; name = "GGLErrorCode.h"; path = "phonegap-plugin-push/GCM/Headers/GGLErrorCode.h"; sourceTree = "<group>"; fileEncoding = 4; lastKnownFileType = sourcecode.c.h; explicitFileType = undefined; includeInIndex = 0; };
		BD25970E9FE740FFAF204F22 /* GCMConfig.h */ = {isa = PBXFileReference; name = "GCMConfig.h"; path = "phonegap-plugin-push/GCM/Headers/GCMConfig.h"; sourceTree = "<group>"; fileEncoding = 4; lastKnownFileType = sourcecode.c.h; explicitFileType = undefined; includeInIndex = 0; };
		25FE0EDCFF234DD192E51CBD /* GCMPubSub.h */ = {isa = PBXFileReference; name = "GCMPubSub.h"; path = "phonegap-plugin-push/GCM/Headers/GCMPubSub.h"; sourceTree = "<group>"; fileEncoding = 4; lastKnownFileType = sourcecode.c.h; explicitFileType = undefined; includeInIndex = 0; };
		27638F6103C9418894F9EF4E /* GCMReceiverDelegate.h */ = {isa = PBXFileReference; name = "GCMReceiverDelegate.h"; path = "phonegap-plugin-push/GCM/Headers/GCMReceiverDelegate.h"; sourceTree = "<group>"; fileEncoding = 4; lastKnownFileType = sourcecode.c.h; explicitFileType = undefined; includeInIndex = 0; };
		556DE34383D644D994819CBF /* GCMService.h */ = {isa = PBXFileReference; name = "GCMService.h"; path = "phonegap-plugin-push/GCM/Headers/GCMService.h"; sourceTree = "<group>"; fileEncoding = 4; lastKnownFileType = sourcecode.c.h; explicitFileType = undefined; includeInIndex = 0; };
		54701CF11DD948C4A9EC5EA1 /* GoogleCloudMessaging.h */ = {isa = PBXFileReference; name = "GoogleCloudMessaging.h"; path = "phonegap-plugin-push/GCM/Headers/GoogleCloudMessaging.h"; sourceTree = "<group>"; fileEncoding = 4; lastKnownFileType = sourcecode.c.h; explicitFileType = undefined; includeInIndex = 0; };
		5AEB608C2A44402E9C14B843 /* AddressBook.framework */ = {isa = PBXFileReference; name = "AddressBook.framework"; path = "System/Library/Frameworks/AddressBook.framework"; sourceTree = SDKROOT; fileEncoding = undefined; lastKnownFileType = wrapper.framework; explicitFileType = undefined; includeInIndex = 0; };
		AE77D9BAED00443090583D26 /* libsqlite3.tbd */ = {isa = PBXFileReference; name = "libsqlite3.tbd"; path = "usr/lib/libsqlite3.tbd"; sourceTree = SDKROOT; fileEncoding = undefined; lastKnownFileType = sourcecode.text-based-dylib-definition; explicitFileType = undefined; includeInIndex = 0; };
		4CDF1250D7DC43729E08CC65 /* libz.tbd */ = {isa = PBXFileReference; name = "libz.tbd"; path = "usr/lib/libz.tbd"; sourceTree = SDKROOT; fileEncoding = undefined; lastKnownFileType = sourcecode.text-based-dylib-definition; explicitFileType = undefined; includeInIndex = 0; };
		181D71CDD5B342DDB96F3CAA /* CDVDevice.m */ = {isa = PBXFileReference; name = "CDVDevice.m"; path = "cordova-plugin-device/CDVDevice.m"; sourceTree = "<group>"; fileEncoding = 4; lastKnownFileType = sourcecode.c.objc; explicitFileType = undefined; includeInIndex = 0; };
		64D0E3B4A835483EA03C1F16 /* CDVDevice.h */ = {isa = PBXFileReference; name = "CDVDevice.h"; path = "cordova-plugin-device/CDVDevice.h"; sourceTree = "<group>"; fileEncoding = 4; lastKnownFileType = sourcecode.c.h; explicitFileType = undefined; includeInIndex = 0; };
		9464B1D7ED9F47F4B599114B /* CDVNotification.m */ = {isa = PBXFileReference; name = "CDVNotification.m"; path = "cordova-plugin-dialogs/CDVNotification.m"; sourceTree = "<group>"; fileEncoding = 4; lastKnownFileType = sourcecode.c.objc; explicitFileType = undefined; includeInIndex = 0; };
		941BD50A714A47A7B59EE326 /* CDVNotification.h */ = {isa = PBXFileReference; name = "CDVNotification.h"; path = "cordova-plugin-dialogs/CDVNotification.h"; sourceTree = "<group>"; fileEncoding = 4; lastKnownFileType = sourcecode.c.h; explicitFileType = undefined; includeInIndex = 0; };
		5D8E0BCC6FA84F30BF39BA45 /* CDVNotification.bundle */ = {isa = PBXFileReference; name = "CDVNotification.bundle"; path = "CDVNotification.bundle"; sourceTree = "<group>"; fileEncoding = undefined; lastKnownFileType = wrapper.plug-in; explicitFileType = undefined; includeInIndex = 0; };
		68C697AD8EAF405E90728284 /* AudioToolbox.framework */ = {isa = PBXFileReference; name = "AudioToolbox.framework"; path = "System/Library/Frameworks/AudioToolbox.framework"; sourceTree = SDKROOT; fileEncoding = undefined; lastKnownFileType = wrapper.framework; explicitFileType = undefined; includeInIndex = 0; };
		558A4391B7FF46EB9041A63C /* CDVInAppBrowser.m */ = {isa = PBXFileReference; name = "CDVInAppBrowser.m"; path = "cordova-plugin-inappbrowser/CDVInAppBrowser.m"; sourceTree = "<group>"; fileEncoding = 4; lastKnownFileType = sourcecode.c.objc; explicitFileType = undefined; includeInIndex = 0; };
		34F4EE87F93A4CB29E1506F2 /* CDVInAppBrowser.h */ = {isa = PBXFileReference; name = "CDVInAppBrowser.h"; path = "cordova-plugin-inappbrowser/CDVInAppBrowser.h"; sourceTree = "<group>"; fileEncoding = 4; lastKnownFileType = sourcecode.c.h; explicitFileType = undefined; includeInIndex = 0; };
		5AFA640ACE6B4B8BBDD1BEE9 /* CDVConnection.m */ = {isa = PBXFileReference; name = "CDVConnection.m"; path = "cordova-plugin-network-information/CDVConnection.m"; sourceTree = "<group>"; fileEncoding = 4; lastKnownFileType = sourcecode.c.objc; explicitFileType = undefined; includeInIndex = 0; };
		975D7C8DF33D4853BB1AFA66 /* CDVReachability.m */ = {isa = PBXFileReference; name = "CDVReachability.m"; path = "cordova-plugin-network-information/CDVReachability.m"; sourceTree = "<group>"; fileEncoding = 4; lastKnownFileType = sourcecode.c.objc; explicitFileType = undefined; includeInIndex = 0; };
		D66D49D1E8E74F05AF2A9088 /* CDVConnection.h */ = {isa = PBXFileReference; name = "CDVConnection.h"; path = "cordova-plugin-network-information/CDVConnection.h"; sourceTree = "<group>"; fileEncoding = 4; lastKnownFileType = sourcecode.c.h; explicitFileType = undefined; includeInIndex = 0; };
		CB5F0EFC7B794D3AAC8BDFC5 /* CDVReachability.h */ = {isa = PBXFileReference; name = "CDVReachability.h"; path = "cordova-plugin-network-information/CDVReachability.h"; sourceTree = "<group>"; fileEncoding = 4; lastKnownFileType = sourcecode.c.h; explicitFileType = undefined; includeInIndex = 0; };
		DE42B993F5084E14A73928ED /* SystemConfiguration.framework */ = {isa = PBXFileReference; name = "SystemConfiguration.framework"; path = "System/Library/Frameworks/SystemConfiguration.framework"; sourceTree = SDKROOT; fileEncoding = undefined; lastKnownFileType = wrapper.framework; explicitFileType = undefined; includeInIndex = 0; };
		CFAD05DF11B3423FA3AA975F /* CoreTelephony.framework */ = {isa = PBXFileReference; name = "CoreTelephony.framework"; path = "System/Library/Frameworks/CoreTelephony.framework"; sourceTree = SDKROOT; fileEncoding = undefined; lastKnownFileType = wrapper.framework; explicitFileType = undefined; includeInIndex = 0; };
		223BAEDC15204267BFF9DEBE /* CDVStatusBar.m */ = {isa = PBXFileReference; name = "CDVStatusBar.m"; path = "cordova-plugin-statusbar/CDVStatusBar.m"; sourceTree = "<group>"; fileEncoding = 4; lastKnownFileType = sourcecode.c.objc; explicitFileType = undefined; includeInIndex = 0; };
		A841D0F25E144C0DA788149F /* CDVStatusBar.h */ = {isa = PBXFileReference; name = "CDVStatusBar.h"; path = "cordova-plugin-statusbar/CDVStatusBar.h"; sourceTree = "<group>"; fileEncoding = 4; lastKnownFileType = sourcecode.c.h; explicitFileType = undefined; includeInIndex = 0; };
		70B4BC73BB234DA1A86A7122 /* CDVContacts.m */ = {isa = PBXFileReference; name = "CDVContacts.m"; path = "cordova-plugin-contacts/CDVContacts.m"; sourceTree = "<group>"; fileEncoding = 4; lastKnownFileType = sourcecode.c.objc; explicitFileType = undefined; includeInIndex = 0; };
		BDDB2BC6483B4A4CB8FB4957 /* CDVContact.m */ = {isa = PBXFileReference; name = "CDVContact.m"; path = "cordova-plugin-contacts/CDVContact.m"; sourceTree = "<group>"; fileEncoding = 4; lastKnownFileType = sourcecode.c.objc; explicitFileType = undefined; includeInIndex = 0; };
		0463AB70B20441E6A6802843 /* CDVContacts.h */ = {isa = PBXFileReference; name = "CDVContacts.h"; path = "cordova-plugin-contacts/CDVContacts.h"; sourceTree = "<group>"; fileEncoding = 4; lastKnownFileType = sourcecode.c.h; explicitFileType = undefined; includeInIndex = 0; };
		7D427A5B6D234BDFB41D46DF /* CDVContact.h */ = {isa = PBXFileReference; name = "CDVContact.h"; path = "cordova-plugin-contacts/CDVContact.h"; sourceTree = "<group>"; fileEncoding = 4; lastKnownFileType = sourcecode.c.h; explicitFileType = undefined; includeInIndex = 0; };
		71F2D37C1D764FC6B8D7A2DB /* AddressBookUI.framework */ = {isa = PBXFileReference; name = "AddressBookUI.framework"; path = "System/Library/Frameworks/AddressBookUI.framework"; sourceTree = SDKROOT; fileEncoding = undefined; lastKnownFileType = wrapper.framework; explicitFileType = undefined; includeInIndex = 0; };
		F63A0C8CF9CE4775996BC41F /* NSString+SSURLEncoding.m */ = {isa = PBXFileReference; name = "NSString+SSURLEncoding.m"; path = "cordova-plugin-x-socialsharing/NSString+SSURLEncoding.m"; sourceTree = "<group>"; fileEncoding = 4; lastKnownFileType = sourcecode.c.objc; explicitFileType = undefined; includeInIndex = 0; };
		796411FDA72647EE8B4DD07E /* SocialSharing.m */ = {isa = PBXFileReference; name = "SocialSharing.m"; path = "cordova-plugin-x-socialsharing/SocialSharing.m"; sourceTree = "<group>"; fileEncoding = 4; lastKnownFileType = sourcecode.c.objc; explicitFileType = undefined; includeInIndex = 0; };
		67D8C3E67AFD431F864088CD /* NSString+SSURLEncoding.h */ = {isa = PBXFileReference; name = "NSString+SSURLEncoding.h"; path = "cordova-plugin-x-socialsharing/NSString+SSURLEncoding.h"; sourceTree = "<group>"; fileEncoding = 4; lastKnownFileType = sourcecode.c.h; explicitFileType = undefined; includeInIndex = 0; };
		31F23DAE37F94C3EBF13875C /* SocialSharing.h */ = {isa = PBXFileReference; name = "SocialSharing.h"; path = "cordova-plugin-x-socialsharing/SocialSharing.h"; sourceTree = "<group>"; fileEncoding = 4; lastKnownFileType = sourcecode.c.h; explicitFileType = undefined; includeInIndex = 0; };
		B0BF3C3E9DA845D8BAB7EB28 /* Social.framework */ = {isa = PBXFileReference; name = "Social.framework"; path = "System/Library/Frameworks/Social.framework"; sourceTree = SDKROOT; fileEncoding = undefined; lastKnownFileType = wrapper.framework; explicitFileType = undefined; includeInIndex = 0; };
		992009BAE9F242E5BE722FFA /* MessageUI.framework */ = {isa = PBXFileReference; name = "MessageUI.framework"; path = "System/Library/Frameworks/MessageUI.framework"; sourceTree = SDKROOT; fileEncoding = undefined; lastKnownFileType = wrapper.framework; explicitFileType = undefined; includeInIndex = 0; };
/* End PBXFileReference section */

/* Begin PBXFrameworksBuildPhase section */
		1D60588F0D05DD3D006BFB54 /* Frameworks */ = {
			isa = PBXFrameworksBuildPhase;
			buildActionMask = 2147483647;
			files = (
				301BF552109A68D80062928A /* libCordova.a in Frameworks */,
				4CBCA854EAE04A5B91D047D3 /* libGGLCloudMessaging.a in Frameworks */,
				DF68B2B0380E43D0B03CC6F7 /* libGGLCore.a in Frameworks */,
				388B17D60C7246089B600238 /* libGGLInstanceIDLib.a in Frameworks */,
				A424D07FF14F46E2BCDAE84B /* libGIP_Reachability.a in Frameworks */,
				7475B0B86D67488E959E2731 /* libGSDK_Overload.a in Frameworks */,
				FC4CEE15C762462D915BC656 /* libGTMSessionFetcher_core.a in Frameworks */,
				8828D97371D744E0A985189C /* libGTMSessionFetcher_full.a in Frameworks */,
				A1DB96D48EF34E4E878EF649 /* libGTMStackTrace.a in Frameworks */,
				C565D62FB20849B38B0C1CEB /* libGTM_AddressBook.a in Frameworks */,
				F2028CD3170E4C0BA75D46B9 /* libGTM_DebugUtils.a in Frameworks */,
				19C029B180344653B087E55B /* libGTM_GTMURLBuilder.a in Frameworks */,
				657231279A464D669C546385 /* libGTM_KVO.a in Frameworks */,
				D825B08FFB7F47ADA8374FFA /* libGTM_NSData+zlib.a in Frameworks */,
				262C24CCBE634F71AAC2A18C /* libGTM_NSDictionary+URLArguments.a in Frameworks */,
				F58A7325F7E54986BF1DF85F /* libGTM_NSScannerJSON.a in Frameworks */,
				D3DE00FB2D5D40DA912F26AE /* libGTM_NSStringHTML.a in Frameworks */,
				94D948DA0A404455802F60A0 /* libGTM_NSStringXML.a in Frameworks */,
				9169663B745E4864A1DBCAE1 /* libGTM_Regex.a in Frameworks */,
				DDC13CE0CF8940348BF79861 /* libGTM_RoundedRectPath.a in Frameworks */,
				C22DDABCD86A4D23B8D45D19 /* libGTM_StringEncoding.a in Frameworks */,
				51C086552ECC49F7AE1905FC /* libGTM_SystemVersion.a in Frameworks */,
				F8ED114B4C6C4B27B284BC19 /* libGTM_UIFont+LineHeight.a in Frameworks */,
				6DD46CDB5DD04037B257A889 /* libGTM_core.a in Frameworks */,
				0A53446B60B84F659C8359A1 /* libGTM_iPhone.a in Frameworks */,
				E38FBA1C58A047B1A4D948C4 /* libGcmLib.a in Frameworks */,
				D9EA400F345C47F3BBA915CE /* libProtocolBuffers.a in Frameworks */,
				405C62711DE2423DBF84CC6C /* AddressBook.framework in Frameworks */,
				FB346E9C785A4143A186447A /* libsqlite3.tbd in Frameworks */,
				7AD36FBB6D974B39AF9967A3 /* libz.tbd in Frameworks */,
				9341104E897B477B841238EE /* AudioToolbox.framework in Frameworks */,
				E54513C819EA4789A5414B0C /* SystemConfiguration.framework in Frameworks */,
				796DC9A6A9A04B09A81F46E2 /* CoreTelephony.framework in Frameworks */,
				D808C3B1FA784CCC87F7DFF5 /* AddressBookUI.framework in Frameworks */,
				EC64A2D0E79B4FE8B157A0C8 /* Social.framework in Frameworks */,
				BB824266C91348DA98F66DB9 /* MessageUI.framework in Frameworks */,
			);
			runOnlyForDeploymentPostprocessing = 0;
		};
/* End PBXFrameworksBuildPhase section */

/* Begin PBXGroup section */
		080E96DDFE201D6D7F000001 /* Classes */ = {
			isa = PBXGroup;
			children = (
				302D95EE14D2391D003F00A1 /* MainViewController.h */,
				302D95EF14D2391D003F00A1 /* MainViewController.m */,
				302D95F014D2391D003F00A1 /* MainViewController.xib */,
				1D3623240D0F684500981E51 /* AppDelegate.h */,
				1D3623250D0F684500981E51 /* AppDelegate.m */,
			);
			name = Classes;
			path = "Studio 120/Classes";
			sourceTree = SOURCE_ROOT;
		};
		19C28FACFE9D520D11CA2CBB /* Products */ = {
			isa = PBXGroup;
			children = (
				1D6058910D05DD3D006BFB54 /* Studio 120.app */,
			);
			name = Products;
			sourceTree = "<group>";
		};
		29B97314FDCFA39411CA2CEA /* CustomTemplate */ = {
			isa = PBXGroup;
			children = (
				EB87FDF41871DAF40020F90C /* config.xml */,
				EB87FDF31871DA8E0020F90C /* www */,
				EB87FDF11871DA420020F90C /* Staging */,
				301BF52D109A57CC0062928A /* CordovaLib.xcodeproj */,
				080E96DDFE201D6D7F000001 /* Classes */,
				307C750510C5A3420062BCA9 /* Plugins */,
				29B97315FDCFA39411CA2CEA /* Other Sources */,
				29B97317FDCFA39411CA2CEA /* Resources */,
				29B97323FDCFA39411CA2CEA /* Frameworks */,
				19C28FACFE9D520D11CA2CBB /* Products */,
			);
			name = CustomTemplate;
			sourceTree = "<group>";
		};
		29B97315FDCFA39411CA2CEA /* Other Sources */ = {
			isa = PBXGroup;
			children = (
				32CA4F630368D1EE00C91783 /* Studio 120-Prefix.pch */,
				29B97316FDCFA39411CA2CEA /* main.m */,
				ED33DF2A687741AEAF9F8254 /* Bridging-Header.h */,
			);
			name = "Other Sources";
			path = "Studio 120";
			sourceTree = "<group>";
		};
		29B97317FDCFA39411CA2CEA /* Resources */ = {
			isa = PBXGroup;
			children = (
				0207DA571B56EA530066E2B4 /* Images.xcassets */,
				3047A50E1AB8057F00498E2A /* config */,
				8D1107310486CEB800E47090 /* Studio 120-Info.plist */,
				6AFF5BF81D6E424B00AB3073 /* CDVLaunchScreen.storyboard */,
				5D8E0BCC6FA84F30BF39BA45 /* CDVNotification.bundle */,
			);
			name = Resources;
			path = "Studio 120/Resources";
			sourceTree = "<group>";
		};
		29B97323FDCFA39411CA2CEA /* Frameworks */ = {
			isa = PBXGroup;
			children = (
				47BE89B1446F4550A4312BF1 /* libGGLCloudMessaging.a */,
				B49422FDDC5C45C68E1F1004 /* libGGLCore.a */,
				4D7162ABD23848B6AE9570EB /* libGGLInstanceIDLib.a */,
				C8AF2AC5479B4CCA8FC64E96 /* libGIP_Reachability.a */,
				DF5159C9E4DD4986B4616F4C /* libGSDK_Overload.a */,
				ABCC70F6FE614F83B45758A7 /* libGTMSessionFetcher_core.a */,
				A4D609F66F4540168C30B407 /* libGTMSessionFetcher_full.a */,
				9651E77DD0DD4676A5DFF263 /* libGTMStackTrace.a */,
				161ADED307F14149B324562C /* libGTM_AddressBook.a */,
				41A26913A7DC4BA2B303CC81 /* libGTM_DebugUtils.a */,
				451E7AB2BB2C4EEB8A1515E2 /* libGTM_GTMURLBuilder.a */,
				9D1233CE7D774E13A572046C /* libGTM_KVO.a */,
				CF6805CD0D7544A5ACF21FD2 /* libGTM_NSData+zlib.a */,
				D327408B242A440185470337 /* libGTM_NSDictionary+URLArguments.a */,
				77B9A5C8C7584FF3A579A155 /* libGTM_NSScannerJSON.a */,
				6ED10E59831C400FA9341146 /* libGTM_NSStringHTML.a */,
				3E726E4D564C47CC87F9FCE0 /* libGTM_NSStringXML.a */,
				E8E14373CCAF4D038DC27869 /* libGTM_Regex.a */,
				8BB6330A6F8349639246A52B /* libGTM_RoundedRectPath.a */,
				E71DC1E3230449C6A24B1781 /* libGTM_StringEncoding.a */,
				F5D84D7D892047B29E362465 /* libGTM_SystemVersion.a */,
				E49C853EBBD440E2B220BF44 /* libGTM_UIFont+LineHeight.a */,
				9D695CBC41324CE8ADB696F8 /* libGTM_core.a */,
				17C710FC2AB64A6DB8CA921F /* libGTM_iPhone.a */,
				32C422C3252C4F0BB1C5E82C /* libGcmLib.a */,
				5281903A8DEB46628879660B /* libProtocolBuffers.a */,
				5AEB608C2A44402E9C14B843 /* AddressBook.framework */,
				AE77D9BAED00443090583D26 /* libsqlite3.tbd */,
				4CDF1250D7DC43729E08CC65 /* libz.tbd */,
				68C697AD8EAF405E90728284 /* AudioToolbox.framework */,
				DE42B993F5084E14A73928ED /* SystemConfiguration.framework */,
				CFAD05DF11B3423FA3AA975F /* CoreTelephony.framework */,
				71F2D37C1D764FC6B8D7A2DB /* AddressBookUI.framework */,
				B0BF3C3E9DA845D8BAB7EB28 /* Social.framework */,
				992009BAE9F242E5BE722FFA /* MessageUI.framework */,
			);
			name = Frameworks;
			sourceTree = "<group>";
		};
		301BF52E109A57CC0062928A /* Products */ = {
			isa = PBXGroup;
			children = (
				301BF535109A57CC0062928A /* libCordova.a */,
			);
			name = Products;
			sourceTree = "<group>";
		};
		3047A50E1AB8057F00498E2A /* config */ = {
			isa = PBXGroup;
			children = (
				3047A50F1AB8059700498E2A /* build-debug.xcconfig */,
				3047A5101AB8059700498E2A /* build-release.xcconfig */,
				3047A5111AB8059700498E2A /* build.xcconfig */,
			);
			name = config;
			sourceTree = "<group>";
		};
		307C750510C5A3420062BCA9 /* Plugins */ = {
			isa = PBXGroup;
			children = (
				E0DE04EEC25044B2A1DD5971 /* AppDelegate+notification.m */,
				0E33D0EFEC3A4A30BE1D1CF9 /* PushPlugin.m */,
				1BDC3B6742B24324BE1E2083 /* AppDelegate+notification.h */,
				E6B3B558DDED48CAAEDED2F2 /* PushPlugin.h */,
				FCEA4A1CD7A6410ABEF39C92 /* GGLInstanceID.h */,
				55EECAA59CD74B47864298F4 /* GGLInstanceIDConfig.h */,
				AD3A4793FB3E4C7AA451D1FB /* GGLInstanceIDDelegate.h */,
				0D423988490E427BB939FCAD /* GGLInstanceIDHeaders.h */,
				C301126C637C49EB930FF1C7 /* CloudMessaging.h */,
				5D79A812D257455CB15A4FD4 /* GGLContext+CloudMessaging.h */,
				B453E407CB9944C088276729 /* Core.h */,
				9D73F99172944BA2B00F5086 /* GGLConfiguration.h */,
				93D13C0099A34C7484AE7023 /* GGLContext.h */,
				7B8B2C2D0D4143808748114D /* GGLErrorCode.h */,
				BD25970E9FE740FFAF204F22 /* GCMConfig.h */,
				25FE0EDCFF234DD192E51CBD /* GCMPubSub.h */,
				27638F6103C9418894F9EF4E /* GCMReceiverDelegate.h */,
				556DE34383D644D994819CBF /* GCMService.h */,
				54701CF11DD948C4A9EC5EA1 /* GoogleCloudMessaging.h */,
				181D71CDD5B342DDB96F3CAA /* CDVDevice.m */,
				64D0E3B4A835483EA03C1F16 /* CDVDevice.h */,
				9464B1D7ED9F47F4B599114B /* CDVNotification.m */,
				941BD50A714A47A7B59EE326 /* CDVNotification.h */,
				558A4391B7FF46EB9041A63C /* CDVInAppBrowser.m */,
				34F4EE87F93A4CB29E1506F2 /* CDVInAppBrowser.h */,
				5AFA640ACE6B4B8BBDD1BEE9 /* CDVConnection.m */,
				975D7C8DF33D4853BB1AFA66 /* CDVReachability.m */,
				D66D49D1E8E74F05AF2A9088 /* CDVConnection.h */,
				CB5F0EFC7B794D3AAC8BDFC5 /* CDVReachability.h */,
				223BAEDC15204267BFF9DEBE /* CDVStatusBar.m */,
				A841D0F25E144C0DA788149F /* CDVStatusBar.h */,
				70B4BC73BB234DA1A86A7122 /* CDVContacts.m */,
				BDDB2BC6483B4A4CB8FB4957 /* CDVContact.m */,
				0463AB70B20441E6A6802843 /* CDVContacts.h */,
				7D427A5B6D234BDFB41D46DF /* CDVContact.h */,
				F63A0C8CF9CE4775996BC41F /* NSString+SSURLEncoding.m */,
				796411FDA72647EE8B4DD07E /* SocialSharing.m */,
				67D8C3E67AFD431F864088CD /* NSString+SSURLEncoding.h */,
				31F23DAE37F94C3EBF13875C /* SocialSharing.h */,
			);
			name = Plugins;
			path = "Studio 120/Plugins";
			sourceTree = SOURCE_ROOT;
		};
		EB87FDF11871DA420020F90C /* Staging */ = {
			isa = PBXGroup;
			children = (
				F840E1F0165FE0F500CFE078 /* config.xml */,
				301BF56E109A69640062928A /* www */,
			);
			name = Staging;
			sourceTree = "<group>";
		};
/* End PBXGroup section */

/* Begin PBXNativeTarget section */
		1D6058900D05DD3D006BFB54 /* Studio 120 */ = {
			isa = PBXNativeTarget;
			buildConfigurationList = 1D6058960D05DD3E006BFB54 /* Build configuration list for PBXNativeTarget "Studio 120" */;
			buildPhases = (
				304B58A110DAC018002A0835 /* Copy www directory */,
				1D60588D0D05DD3D006BFB54 /* Resources */,
				1D60588E0D05DD3D006BFB54 /* Sources */,
				1D60588F0D05DD3D006BFB54 /* Frameworks */,
			);
			buildRules = (
			);
			dependencies = (
				301BF551109A68C00062928A /* PBXTargetDependency */,
			);
			name = "Studio 120";
			productName = "Studio 120";
			productReference = 1D6058910D05DD3D006BFB54 /* Studio 120.app */;
			productType = "com.apple.product-type.application";
		};
/* End PBXNativeTarget section */

/* Begin PBXProject section */
		29B97313FDCFA39411CA2CEA /* Project object */ = {
			isa = PBXProject;
			attributes = {
				LastUpgradeCheck = 510;
			};
			buildConfigurationList = C01FCF4E08A954540054247B /* Build configuration list for PBXProject "__NON-CLI__" */;
			compatibilityVersion = "Xcode 3.2";
			developmentRegion = English;
			hasScannedForEncodings = 1;
			mainGroup = 29B97314FDCFA39411CA2CEA /* CustomTemplate */;
			projectDirPath = "";
			projectReferences = (
				{
					ProductGroup = 301BF52E109A57CC0062928A /* Products */;
					ProjectRef = 301BF52D109A57CC0062928A /* CordovaLib.xcodeproj */;
				},
			);
			projectRoot = "";
			targets = (
				1D6058900D05DD3D006BFB54 /* Studio 120 */,
			);
		};
/* End PBXProject section */

/* Begin PBXReferenceProxy section */
		301BF535109A57CC0062928A /* libCordova.a */ = {
			isa = PBXReferenceProxy;
			fileType = archive.ar;
			path = libCordova.a;
			remoteRef = 301BF534109A57CC0062928A /* PBXContainerItemProxy */;
			sourceTree = BUILT_PRODUCTS_DIR;
		};
/* End PBXReferenceProxy section */

/* Begin PBXResourcesBuildPhase section */
		1D60588D0D05DD3D006BFB54 /* Resources */ = {
			isa = PBXResourcesBuildPhase;
			buildActionMask = 2147483647;
			files = (
				302D95F214D2391D003F00A1 /* MainViewController.xib in Resources */,
				0207DA581B56EA530066E2B4 /* Images.xcassets in Resources */,
				6AFF5BF91D6E424B00AB3073 /* CDVLaunchScreen.storyboard in Resources */,
				CDE72E03701B424F93DA1C5A /* CDVNotification.bundle in Resources */,
			);
			runOnlyForDeploymentPostprocessing = 0;
		};
/* End PBXResourcesBuildPhase section */

/* Begin PBXShellScriptBuildPhase section */
		304B58A110DAC018002A0835 /* Copy www directory */ = {
			isa = PBXShellScriptBuildPhase;
			buildActionMask = 2147483647;
			files = (
			);
			inputPaths = (
			);
			name = "Copy www directory";
			outputPaths = (
			);
			runOnlyForDeploymentPostprocessing = 0;
			shellPath = /bin/sh;
			shellScript = "NODEJS_PATH=/usr/local/bin; NVM_NODE_PATH=~/.nvm/versions/node/`nvm version 2>/dev/null`/bin; N_NODE_PATH=`find /usr/local/n/versions/node/* -maxdepth 0 -type d 2>/dev/null | tail -1`/bin; XCODE_NODE_PATH=`xcode-select --print-path`/usr/share/xcs/Node/bin; PATH=$NODEJS_PATH:$NVM_NODE_PATH:$N_NODE_PATH:$XCODE_NODE_PATH:$PATH && node cordova/lib/copy-www-build-step.js";
			showEnvVarsInLog = 0;
		};
/* End PBXShellScriptBuildPhase section */

/* Begin PBXSourcesBuildPhase section */
		1D60588E0D05DD3D006BFB54 /* Sources */ = {
			isa = PBXSourcesBuildPhase;
			buildActionMask = 2147483647;
			files = (
				1D60589B0D05DD56006BFB54 /* main.m in Sources */,
				1D3623260D0F684500981E51 /* AppDelegate.m in Sources */,
				302D95F114D2391D003F00A1 /* MainViewController.m in Sources */,
				2EFDD769201843CCAF8CD8DF /* AppDelegate+notification.m in Sources */,
				AA0C4DCADA174B57B290568E /* PushPlugin.m in Sources */,
				73B1E0F39B974EC6B68CD786 /* CDVDevice.m in Sources */,
				69DBC1DC744F4DA7933311B3 /* CDVNotification.m in Sources */,
				261FB73162144EF5AB998DF9 /* CDVInAppBrowser.m in Sources */,
				2E6BC498025642CE8AD29F92 /* CDVConnection.m in Sources */,
				C009FD3CA531463C8968ABC6 /* CDVReachability.m in Sources */,
				907576C9EEBD4D49A666B117 /* CDVStatusBar.m in Sources */,
				D9D0CDA66D2449A5BF0CF404 /* CDVContacts.m in Sources */,
				DA2B76C8BC8747F5B6D746F2 /* CDVContact.m in Sources */,
				FEC9A4C4DD4C42DD92680EEB /* NSString+SSURLEncoding.m in Sources */,
				395F16BAF96A4D6EAED24A76 /* SocialSharing.m in Sources */,
			);
			runOnlyForDeploymentPostprocessing = 0;
		};
/* End PBXSourcesBuildPhase section */

/* Begin PBXTargetDependency section */
		301BF551109A68C00062928A /* PBXTargetDependency */ = {
			isa = PBXTargetDependency;
			name = CordovaLib;
			targetProxy = 301BF550109A68C00062928A /* PBXContainerItemProxy */;
		};
/* End PBXTargetDependency section */

/* Begin XCBuildConfiguration section */
		1D6058940D05DD3E006BFB54 /* Debug */ = {
			isa = XCBuildConfiguration;
			baseConfigurationReference = 3047A50F1AB8059700498E2A /* build-debug.xcconfig */;
			buildSettings = {
				ALWAYS_SEARCH_USER_PATHS = NO;
				ASSETCATALOG_COMPILER_APPICON_NAME = AppIcon;
				ASSETCATALOG_COMPILER_LAUNCHIMAGE_NAME = LaunchImage;
				CLANG_ENABLE_MODULES = YES;
				CLANG_ENABLE_OBJC_ARC = YES;
				COPY_PHASE_STRIP = NO;
				GCC_DYNAMIC_NO_PIC = NO;
				GCC_OPTIMIZATION_LEVEL = 0;
				GCC_PRECOMPILE_PREFIX_HEADER = YES;
				GCC_PREFIX_HEADER = "Studio 120/Studio 120-Prefix.pch";
				GCC_THUMB_SUPPORT = NO;
				GCC_VERSION = "";
				INFOPLIST_FILE = "Studio 120/Studio 120-Info.plist";
				IPHONEOS_DEPLOYMENT_TARGET = 8.0;
				LD_RUNPATH_SEARCH_PATHS = "@executable_path/Frameworks";
				TARGETED_DEVICE_FAMILY = "1,2";
				PRODUCT_NAME = "Studio 120";
				LIBRARY_SEARCH_PATHS = (
					"$(inherited)",
					"\"$(SRCROOT)/Studio 120/Plugins/phonegap-plugin-push/GCM/Libraries\"",
					"\"$(SRCROOT)/Studio 120/Plugins/phonegap-plugin-push/GCM/Libraries\"",
					"\"$(SRCROOT)/Studio 120/Plugins/phonegap-plugin-push/GCM/Libraries\"",
					"\"$(SRCROOT)/Studio 120/Plugins/phonegap-plugin-push/GCM/Libraries\"",
					"\"$(SRCROOT)/Studio 120/Plugins/phonegap-plugin-push/GCM/Libraries\"",
					"\"$(SRCROOT)/Studio 120/Plugins/phonegap-plugin-push/GCM/Libraries\"",
					"\"$(SRCROOT)/Studio 120/Plugins/phonegap-plugin-push/GCM/Libraries\"",
					"\"$(SRCROOT)/Studio 120/Plugins/phonegap-plugin-push/GCM/Libraries\"",
					"\"$(SRCROOT)/Studio 120/Plugins/phonegap-plugin-push/GCM/Libraries\"",
					"\"$(SRCROOT)/Studio 120/Plugins/phonegap-plugin-push/GCM/Libraries\"",
					"\"$(SRCROOT)/Studio 120/Plugins/phonegap-plugin-push/GCM/Libraries\"",
					"\"$(SRCROOT)/Studio 120/Plugins/phonegap-plugin-push/GCM/Libraries\"",
					"\"$(SRCROOT)/Studio 120/Plugins/phonegap-plugin-push/GCM/Libraries\"",
					"\"$(SRCROOT)/Studio 120/Plugins/phonegap-plugin-push/GCM/Libraries\"",
					"\"$(SRCROOT)/Studio 120/Plugins/phonegap-plugin-push/GCM/Libraries\"",
					"\"$(SRCROOT)/Studio 120/Plugins/phonegap-plugin-push/GCM/Libraries\"",
					"\"$(SRCROOT)/Studio 120/Plugins/phonegap-plugin-push/GCM/Libraries\"",
					"\"$(SRCROOT)/Studio 120/Plugins/phonegap-plugin-push/GCM/Libraries\"",
					"\"$(SRCROOT)/Studio 120/Plugins/phonegap-plugin-push/GCM/Libraries\"",
					"\"$(SRCROOT)/Studio 120/Plugins/phonegap-plugin-push/GCM/Libraries\"",
					"\"$(SRCROOT)/Studio 120/Plugins/phonegap-plugin-push/GCM/Libraries\"",
					"\"$(SRCROOT)/Studio 120/Plugins/phonegap-plugin-push/GCM/Libraries\"",
					"\"$(SRCROOT)/Studio 120/Plugins/phonegap-plugin-push/GCM/Libraries\"",
					"\"$(SRCROOT)/Studio 120/Plugins/phonegap-plugin-push/GCM/Libraries\"",
					"\"$(SRCROOT)/Studio 120/Plugins/phonegap-plugin-push/GCM/Libraries\"",
					"\"$(SRCROOT)/Studio 120/Plugins/phonegap-plugin-push/GCM/Libraries\"",
				);
			};
			name = Debug;
		};
		1D6058950D05DD3E006BFB54 /* Release */ = {
			isa = XCBuildConfiguration;
			baseConfigurationReference = 3047A5101AB8059700498E2A /* build-release.xcconfig */;
			buildSettings = {
				ALWAYS_SEARCH_USER_PATHS = NO;
				ASSETCATALOG_COMPILER_APPICON_NAME = AppIcon;
				ASSETCATALOG_COMPILER_LAUNCHIMAGE_NAME = LaunchImage;
				CLANG_ENABLE_MODULES = YES;
				CLANG_ENABLE_OBJC_ARC = YES;
				COPY_PHASE_STRIP = YES;
				GCC_PRECOMPILE_PREFIX_HEADER = YES;
				GCC_PREFIX_HEADER = "Studio 120/Studio 120-Prefix.pch";
				GCC_THUMB_SUPPORT = NO;
				GCC_VERSION = "";
				INFOPLIST_FILE = "Studio 120/Studio 120-Info.plist";
				IPHONEOS_DEPLOYMENT_TARGET = 8.0;
				LD_RUNPATH_SEARCH_PATHS = "@executable_path/Frameworks";
				TARGETED_DEVICE_FAMILY = "1,2";
				PRODUCT_NAME = "Studio 120";
				LIBRARY_SEARCH_PATHS = (
					"$(inherited)",
					"\"$(SRCROOT)/Studio 120/Plugins/phonegap-plugin-push/GCM/Libraries\"",
					"\"$(SRCROOT)/Studio 120/Plugins/phonegap-plugin-push/GCM/Libraries\"",
					"\"$(SRCROOT)/Studio 120/Plugins/phonegap-plugin-push/GCM/Libraries\"",
					"\"$(SRCROOT)/Studio 120/Plugins/phonegap-plugin-push/GCM/Libraries\"",
					"\"$(SRCROOT)/Studio 120/Plugins/phonegap-plugin-push/GCM/Libraries\"",
					"\"$(SRCROOT)/Studio 120/Plugins/phonegap-plugin-push/GCM/Libraries\"",
					"\"$(SRCROOT)/Studio 120/Plugins/phonegap-plugin-push/GCM/Libraries\"",
					"\"$(SRCROOT)/Studio 120/Plugins/phonegap-plugin-push/GCM/Libraries\"",
					"\"$(SRCROOT)/Studio 120/Plugins/phonegap-plugin-push/GCM/Libraries\"",
					"\"$(SRCROOT)/Studio 120/Plugins/phonegap-plugin-push/GCM/Libraries\"",
					"\"$(SRCROOT)/Studio 120/Plugins/phonegap-plugin-push/GCM/Libraries\"",
					"\"$(SRCROOT)/Studio 120/Plugins/phonegap-plugin-push/GCM/Libraries\"",
					"\"$(SRCROOT)/Studio 120/Plugins/phonegap-plugin-push/GCM/Libraries\"",
					"\"$(SRCROOT)/Studio 120/Plugins/phonegap-plugin-push/GCM/Libraries\"",
					"\"$(SRCROOT)/Studio 120/Plugins/phonegap-plugin-push/GCM/Libraries\"",
					"\"$(SRCROOT)/Studio 120/Plugins/phonegap-plugin-push/GCM/Libraries\"",
					"\"$(SRCROOT)/Studio 120/Plugins/phonegap-plugin-push/GCM/Libraries\"",
					"\"$(SRCROOT)/Studio 120/Plugins/phonegap-plugin-push/GCM/Libraries\"",
					"\"$(SRCROOT)/Studio 120/Plugins/phonegap-plugin-push/GCM/Libraries\"",
					"\"$(SRCROOT)/Studio 120/Plugins/phonegap-plugin-push/GCM/Libraries\"",
					"\"$(SRCROOT)/Studio 120/Plugins/phonegap-plugin-push/GCM/Libraries\"",
					"\"$(SRCROOT)/Studio 120/Plugins/phonegap-plugin-push/GCM/Libraries\"",
					"\"$(SRCROOT)/Studio 120/Plugins/phonegap-plugin-push/GCM/Libraries\"",
					"\"$(SRCROOT)/Studio 120/Plugins/phonegap-plugin-push/GCM/Libraries\"",
					"\"$(SRCROOT)/Studio 120/Plugins/phonegap-plugin-push/GCM/Libraries\"",
					"\"$(SRCROOT)/Studio 120/Plugins/phonegap-plugin-push/GCM/Libraries\"",
				);
			};
			name = Release;
		};
		C01FCF4F08A954540054247B /* Debug */ = {
			isa = XCBuildConfiguration;
			baseConfigurationReference = 3047A5111AB8059700498E2A /* build.xcconfig */;
			buildSettings = {
				CLANG_ENABLE_MODULES = YES;
				CLANG_ENABLE_OBJC_ARC = YES;
				CLANG_WARN_BOOL_CONVERSION = YES;
				CLANG_WARN_CONSTANT_CONVERSION = YES;
				CLANG_WARN_EMPTY_BODY = YES;
				CLANG_WARN_ENUM_CONVERSION = YES;
				CLANG_WARN_INT_CONVERSION = YES;
				CLANG_WARN__DUPLICATE_METHOD_MATCH = YES;
				GCC_C_LANGUAGE_STANDARD = c99;
				GCC_THUMB_SUPPORT = NO;
				GCC_VERSION = "";
				GCC_WARN_ABOUT_RETURN_TYPE = YES;
				GCC_WARN_UNDECLARED_SELECTOR = YES;
				GCC_WARN_UNINITIALIZED_AUTOS = YES;
				GCC_WARN_UNUSED_FUNCTION = YES;
				GCC_WARN_UNUSED_VARIABLE = YES;
				ONLY_ACTIVE_ARCH = YES;
				SDKROOT = iphoneos;
				SKIP_INSTALL = NO;
				TARGETED_DEVICE_FAMILY = "1,2";
				ASSETCATALOG_COMPILER_LAUNCHIMAGE_NAME = LaunchImage;
			};
			name = Debug;
		};
		C01FCF5008A954540054247B /* Release */ = {
			isa = XCBuildConfiguration;
			baseConfigurationReference = 3047A5111AB8059700498E2A /* build.xcconfig */;
			buildSettings = {
				CLANG_ENABLE_MODULES = YES;
				CLANG_ENABLE_OBJC_ARC = YES;
				CLANG_WARN_BOOL_CONVERSION = YES;
				CLANG_WARN_CONSTANT_CONVERSION = YES;
				CLANG_WARN_EMPTY_BODY = YES;
				CLANG_WARN_ENUM_CONVERSION = YES;
				CLANG_WARN_INT_CONVERSION = YES;
				CLANG_WARN__DUPLICATE_METHOD_MATCH = YES;
				GCC_C_LANGUAGE_STANDARD = c99;
				GCC_THUMB_SUPPORT = NO;
				GCC_VERSION = "";
				GCC_WARN_ABOUT_RETURN_TYPE = YES;
				GCC_WARN_UNDECLARED_SELECTOR = YES;
				GCC_WARN_UNINITIALIZED_AUTOS = YES;
				GCC_WARN_UNUSED_FUNCTION = YES;
				GCC_WARN_UNUSED_VARIABLE = YES;
				SDKROOT = iphoneos;
				SKIP_INSTALL = NO;
				TARGETED_DEVICE_FAMILY = "1,2";
				ASSETCATALOG_COMPILER_LAUNCHIMAGE_NAME = LaunchImage;
			};
			name = Release;
		};
/* End XCBuildConfiguration section */

/* Begin XCConfigurationList section */
		1D6058960D05DD3E006BFB54 /* Build configuration list for PBXNativeTarget "Studio 120" */ = {
			isa = XCConfigurationList;
			buildConfigurations = (
				1D6058940D05DD3E006BFB54 /* Debug */,
				1D6058950D05DD3E006BFB54 /* Release */,
			);
			defaultConfigurationIsVisible = 0;
			defaultConfigurationName = Release;
		};
		C01FCF4E08A954540054247B /* Build configuration list for PBXProject "__NON-CLI__" */ = {
			isa = XCConfigurationList;
			buildConfigurations = (
				C01FCF4F08A954540054247B /* Debug */,
				C01FCF5008A954540054247B /* Release */,
			);
			defaultConfigurationIsVisible = 0;
			defaultConfigurationName = Release;
		};
/* End XCConfigurationList section */
	};
	rootObject = 29B97313FDCFA39411CA2CEA /* Project object */;
}
