// !$*UTF8*$!
{
	archiveVersion = 1;
	classes = {
	};
	objectVersion = 46;
	objects = {
/* Begin PBXBuildFile section */
		0207DA581B56EA530066E2B4 /* Images.xcassets in Resources */ = {isa = PBXBuildFile; fileRef = 0207DA571B56EA530066E2B4 /* Images.xcassets */; };
		1D3623260D0F684500981E51 /* AppDelegate.m in Sources */ = {isa = PBXBuildFile; fileRef = 1D3623250D0F684500981E51 /* AppDelegate.m */; };
		1D60589B0D05DD56006BFB54 /* main.m in Sources */ = {isa = PBXBuildFile; fileRef = 29B97316FDCFA39411CA2CEA /* main.m */; };
		301BF552109A68D80062928A /* libCordova.a in Frameworks */ = {isa = PBXBuildFile; fileRef = 301BF535109A57CC0062928A /* libCordova.a */; };
		302D95F114D2391D003F00A1 /* MainViewController.m in Sources */ = {isa = PBXBuildFile; fileRef = 302D95EF14D2391D003F00A1 /* MainViewController.m */; };
		302D95F214D2391D003F00A1 /* MainViewController.xib in Resources */ = {isa = PBXBuildFile; fileRef = 302D95F014D2391D003F00A1 /* MainViewController.xib */; };
		3047A5121AB8059700498E2A /* build-debug.xcconfig in Resources */ = {isa = PBXBuildFile; fileRef = 3047A50F1AB8059700498E2A /* build-debug.xcconfig */; };
		3047A5131AB8059700498E2A /* build-release.xcconfig in Resources */ = {isa = PBXBuildFile; fileRef = 3047A5101AB8059700498E2A /* build-release.xcconfig */; };
		3047A5141AB8059700498E2A /* build.xcconfig in Resources */ = {isa = PBXBuildFile; fileRef = 3047A5111AB8059700498E2A /* build.xcconfig */; };
		6AFF5BF91D6E424B00AB3073 /* CDVLaunchScreen.storyboard in Resources */ = {isa = PBXBuildFile; fileRef = 6AFF5BF81D6E424B00AB3073 /* CDVLaunchScreen.storyboard */; };
		5D5FA90995064D0C9B8A9D31 /* AppDelegate+notification.m in Sources */ = {isa = PBXBuildFile; fileRef = 3224FC0B57FC4ABD81845934 /* AppDelegate+notification.m */; };
		F60AF2F1EECA4C9CBD6DCA5B /* PushPlugin.m in Sources */ = {isa = PBXBuildFile; fileRef = 09F3EC3971C648D28E9B48F5 /* PushPlugin.m */; };
		1530DCBD9671427EAD8CF07D /* libGGLCloudMessaging.a in Frameworks */ = {isa = PBXBuildFile; fileRef = 6401149243DF4CB6841F5B16 /* libGGLCloudMessaging.a */; };
		E5B526D00C57442C96B1770E /* libGGLCore.a in Frameworks */ = {isa = PBXBuildFile; fileRef = C10F21164C4841A59D562C05 /* libGGLCore.a */; };
		4ED617CDF27D478D9FCBD7D5 /* libGGLInstanceIDLib.a in Frameworks */ = {isa = PBXBuildFile; fileRef = D996E7A3D03F4CB2AE4EA47A /* libGGLInstanceIDLib.a */; };
		EAB43AA5CD294AEE8E6186DA /* libGIP_Reachability.a in Frameworks */ = {isa = PBXBuildFile; fileRef = 4083473222EB43AF8F4EB8FB /* libGIP_Reachability.a */; };
		AF8967951D3D449C9A6A6B05 /* libGSDK_Overload.a in Frameworks */ = {isa = PBXBuildFile; fileRef = ED940C3324414199A36EE2C8 /* libGSDK_Overload.a */; };
		30C6BCC946A44D4ABB78374F /* libGTMSessionFetcher_core.a in Frameworks */ = {isa = PBXBuildFile; fileRef = DB728DF230114AB0BCCFCCD1 /* libGTMSessionFetcher_core.a */; };
		01A93E16C95C415F9EAC2582 /* libGTMSessionFetcher_full.a in Frameworks */ = {isa = PBXBuildFile; fileRef = 77EEBA541E604FAB8A3C2F35 /* libGTMSessionFetcher_full.a */; };
		9CBAAE7ADA9649919A5F7811 /* libGTMStackTrace.a in Frameworks */ = {isa = PBXBuildFile; fileRef = F6033A3A9B62484A8D370C38 /* libGTMStackTrace.a */; };
		E2E1804516094B9AABA603B5 /* libGTM_AddressBook.a in Frameworks */ = {isa = PBXBuildFile; fileRef = 2881C06D1C384F7895BCD8B2 /* libGTM_AddressBook.a */; };
		43234BEC100449B79A875D61 /* libGTM_DebugUtils.a in Frameworks */ = {isa = PBXBuildFile; fileRef = 78600004E3004EAE938BB9AF /* libGTM_DebugUtils.a */; };
		20115890428242269AD354C5 /* libGTM_GTMURLBuilder.a in Frameworks */ = {isa = PBXBuildFile; fileRef = 813DD5A2AE88470CA64C2178 /* libGTM_GTMURLBuilder.a */; };
		089F3599E05C4D8CA59ABB22 /* libGTM_KVO.a in Frameworks */ = {isa = PBXBuildFile; fileRef = 0942C17AF20C4D2E94FF1B7A /* libGTM_KVO.a */; };
		BDFAA89DDB7E43EBB1C27C9E /* libGTM_NSData+zlib.a in Frameworks */ = {isa = PBXBuildFile; fileRef = 71D7E4D16523482DAA352079 /* libGTM_NSData+zlib.a */; };
		03AD54D773D64E67AD36315A /* libGTM_NSDictionary+URLArguments.a in Frameworks */ = {isa = PBXBuildFile; fileRef = B1366CBD7D674CE1B43D654C /* libGTM_NSDictionary+URLArguments.a */; };
		9B93AF9FB6614962B2099F6F /* libGTM_NSScannerJSON.a in Frameworks */ = {isa = PBXBuildFile; fileRef = A0A9571EA9DC444FA4EFFD72 /* libGTM_NSScannerJSON.a */; };
		993F3E64A85A41618F74BC95 /* libGTM_NSStringHTML.a in Frameworks */ = {isa = PBXBuildFile; fileRef = 0400D6F8C8E14E97975D1471 /* libGTM_NSStringHTML.a */; };
		E9B6DF639EEB45FEACFA0183 /* libGTM_NSStringXML.a in Frameworks */ = {isa = PBXBuildFile; fileRef = 662A7C3901A44F7EB70860A5 /* libGTM_NSStringXML.a */; };
		299F52546AD640FE86CD60F9 /* libGTM_Regex.a in Frameworks */ = {isa = PBXBuildFile; fileRef = F7D6A4A624974C4BB2EF0739 /* libGTM_Regex.a */; };
		8C26C237889E47B587B2CBC7 /* libGTM_RoundedRectPath.a in Frameworks */ = {isa = PBXBuildFile; fileRef = 466679A3E3F046AE82CB625A /* libGTM_RoundedRectPath.a */; };
		78370D1EE0E44C8295AFB72A /* libGTM_StringEncoding.a in Frameworks */ = {isa = PBXBuildFile; fileRef = 91F9DABC6F76481AA8705B0D /* libGTM_StringEncoding.a */; };
		DEC2518E9CBB4761ADB99CDA /* libGTM_SystemVersion.a in Frameworks */ = {isa = PBXBuildFile; fileRef = C2F6E85BF6F6476187142744 /* libGTM_SystemVersion.a */; };
		B84493BC51FB423BAE901BA9 /* libGTM_UIFont+LineHeight.a in Frameworks */ = {isa = PBXBuildFile; fileRef = AE9B97D1C94B4EB9A574356E /* libGTM_UIFont+LineHeight.a */; };
		270837F67E1448958E3F1649 /* libGTM_core.a in Frameworks */ = {isa = PBXBuildFile; fileRef = 5D5EA903139C4A6AA35F2CB5 /* libGTM_core.a */; };
		FAC4E763D87F41F8844A5F1D /* libGTM_iPhone.a in Frameworks */ = {isa = PBXBuildFile; fileRef = 5323F2CA4FCB49FBA8E1DEF0 /* libGTM_iPhone.a */; };
		B8890571A46644DFAB9E207A /* libGcmLib.a in Frameworks */ = {isa = PBXBuildFile; fileRef = 932986D9EBB348DC970CB3C3 /* libGcmLib.a */; };
		86F25F7A1EDA44EA8A729925 /* libProtocolBuffers.a in Frameworks */ = {isa = PBXBuildFile; fileRef = D1AC0DFF09FB40128A16E196 /* libProtocolBuffers.a */; };
		A860887F69504B8D905B0C99 /* AddressBook.framework in Frameworks */ = {isa = PBXBuildFile; fileRef = 1225AD03ECC44BCFAE7F54AB /* AddressBook.framework */; };
		9AF8A29D70BE425C8CBC6F09 /* libsqlite3.tbd in Frameworks */ = {isa = PBXBuildFile; fileRef = F638B351975B4C9FBE7004D8 /* libsqlite3.tbd */; };
		06325AA31B6B4C81AB28F93A /* libz.tbd in Frameworks */ = {isa = PBXBuildFile; fileRef = D8849D5183EC4DE3A88D3A9A /* libz.tbd */; };
		96A4AB6FEAC94154B3595469 /* CDVDevice.m in Sources */ = {isa = PBXBuildFile; fileRef = 1E166D153F2D4CF689533B52 /* CDVDevice.m */; };
		E1A3938F49DA4995BD28168B /* CDVNotification.m in Sources */ = {isa = PBXBuildFile; fileRef = 7224D666E5CC4C9294BA6A72 /* CDVNotification.m */; };
		BBB2E958A4E049C9A5937F97 /* CDVNotification.bundle in Resources */ = {isa = PBXBuildFile; fileRef = 14B116C9CD9042639E7A369C /* CDVNotification.bundle */; };
		3337376439B742A4AD992156 /* AudioToolbox.framework in Frameworks */ = {isa = PBXBuildFile; fileRef = 332B6851C7BD4F16A3792039 /* AudioToolbox.framework */; settings = {ATTRIBUTES = (Weak, ); }; };
		3DA895CB0CBA493387DCDDE6 /* CDVInAppBrowser.m in Sources */ = {isa = PBXBuildFile; fileRef = 9947710BD0794B9F875943FF /* CDVInAppBrowser.m */; };
		5C774667648C40D0B956B665 /* CDVConnection.m in Sources */ = {isa = PBXBuildFile; fileRef = 2410C389BC68430A9530CC1C /* CDVConnection.m */; };
		86AC33C0A2C3433784CC8D27 /* CDVReachability.m in Sources */ = {isa = PBXBuildFile; fileRef = 621C0F12BAA34FBD8ED8F0ED /* CDVReachability.m */; };
		42D78944C2244548BC107FC3 /* SystemConfiguration.framework in Frameworks */ = {isa = PBXBuildFile; fileRef = 325AF71CE5404937A0943C43 /* SystemConfiguration.framework */; settings = {ATTRIBUTES = (Weak, ); }; };
		DDB79B8343CC449996273841 /* CoreTelephony.framework in Frameworks */ = {isa = PBXBuildFile; fileRef = B0B39954326B420C936B34E7 /* CoreTelephony.framework */; };
		DBBF84F6B7B049A9A11E5339 /* CDVStatusBar.m in Sources */ = {isa = PBXBuildFile; fileRef = 6AF668A9B1ED4F38A212BA2C /* CDVStatusBar.m */; };
		A97CD86CD1AE4B3E9FA24AA7 /* CDVContacts.m in Sources */ = {isa = PBXBuildFile; fileRef = 733BC56C4EAB4A5DA0A8ADFC /* CDVContacts.m */; };
		9B09599D77094FCF8A2CCFA7 /* CDVContact.m in Sources */ = {isa = PBXBuildFile; fileRef = 1B73E208B64C498DB54869B7 /* CDVContact.m */; };
		3AC670F6DB8B402AAF5AF3AD /* AddressBookUI.framework in Frameworks */ = {isa = PBXBuildFile; fileRef = 2C631B04BBCD483AA4B4E72E /* AddressBookUI.framework */; settings = {ATTRIBUTES = (Weak, ); }; };
/* End PBXBuildFile section */

/* Begin PBXContainerItemProxy section */
		301BF534109A57CC0062928A /* PBXContainerItemProxy */ = {
			isa = PBXContainerItemProxy;
			containerPortal = 301BF52D109A57CC0062928A /* CordovaLib.xcodeproj */;
			proxyType = 2;
			remoteGlobalIDString = D2AAC07E0554694100DB518D;
			remoteInfo = CordovaLib;
		};
		301BF550109A68C00062928A /* PBXContainerItemProxy */ = {
			isa = PBXContainerItemProxy;
			containerPortal = 301BF52D109A57CC0062928A /* CordovaLib.xcodeproj */;
			proxyType = 1;
			remoteGlobalIDString = D2AAC07D0554694100DB518D;
			remoteInfo = CordovaLib;
		};
/* End PBXContainerItemProxy section */

/* Begin PBXFileReference section */
		0207DA571B56EA530066E2B4 /* Images.xcassets */ = {isa = PBXFileReference; lastKnownFileType = folder.assetcatalog; name = Images.xcassets; path = "Studio 120/Images.xcassets"; sourceTree = SOURCE_ROOT; };
		1D3623240D0F684500981E51 /* AppDelegate.h */ = {isa = PBXFileReference; fileEncoding = 4; lastKnownFileType = sourcecode.c.h; path = AppDelegate.h; sourceTree = "<group>"; };
		1D3623250D0F684500981E51 /* AppDelegate.m */ = {isa = PBXFileReference; fileEncoding = 4; lastKnownFileType = sourcecode.c.objc; path = AppDelegate.m; sourceTree = "<group>"; };
		1D6058910D05DD3D006BFB54 /* Studio 120.app */ = {isa = PBXFileReference; explicitFileType = wrapper.application; includeInIndex = 0; path = "Studio 120.app"; sourceTree = BUILT_PRODUCTS_DIR; };
		29B97316FDCFA39411CA2CEA /* main.m */ = {isa = PBXFileReference; fileEncoding = 4; lastKnownFileType = sourcecode.c.objc; path = main.m; sourceTree = "<group>"; };
		301BF52D109A57CC0062928A /* CordovaLib.xcodeproj */ = {isa = PBXFileReference; lastKnownFileType = "wrapper.pb-project"; name = CordovaLib.xcodeproj; path = CordovaLib/CordovaLib.xcodeproj; sourceTree = "<group>"; };
		301BF56E109A69640062928A /* www */ = {isa = PBXFileReference; lastKnownFileType = folder; path = www; sourceTree = SOURCE_ROOT; };
		302D95EE14D2391D003F00A1 /* MainViewController.h */ = {isa = PBXFileReference; fileEncoding = 4; lastKnownFileType = sourcecode.c.h; path = MainViewController.h; sourceTree = "<group>"; };
		302D95EF14D2391D003F00A1 /* MainViewController.m */ = {isa = PBXFileReference; fileEncoding = 4; lastKnownFileType = sourcecode.c.objc; path = MainViewController.m; sourceTree = "<group>"; };
		302D95F014D2391D003F00A1 /* MainViewController.xib */ = {isa = PBXFileReference; fileEncoding = 4; lastKnownFileType = file.xib; path = MainViewController.xib; sourceTree = "<group>"; };
		3047A50F1AB8059700498E2A /* build-debug.xcconfig */ = {isa = PBXFileReference; fileEncoding = 4; lastKnownFileType = text.xcconfig; name = "build-debug.xcconfig"; path = cordova/build-debug.xcconfig; sourceTree = SOURCE_ROOT; };
		3047A5101AB8059700498E2A /* build-release.xcconfig */ = {isa = PBXFileReference; fileEncoding = 4; lastKnownFileType = text.xcconfig; name = "build-release.xcconfig"; path = cordova/build-release.xcconfig; sourceTree = SOURCE_ROOT; };
		3047A5111AB8059700498E2A /* build.xcconfig */ = {isa = PBXFileReference; fileEncoding = 4; lastKnownFileType = text.xcconfig; name = build.xcconfig; path = cordova/build.xcconfig; sourceTree = SOURCE_ROOT; };
		32CA4F630368D1EE00C91783 /* Studio 120-Prefix.pch */ = {isa = PBXFileReference; fileEncoding = 4; lastKnownFileType = sourcecode.c.h; path = "Studio 120-Prefix.pch"; sourceTree = "<group>"; };
		6AFF5BF81D6E424B00AB3073 /* CDVLaunchScreen.storyboard */ = {isa = PBXFileReference; fileEncoding = 4; lastKnownFileType = file.storyboard; name = CDVLaunchScreen.storyboard; path = "Studio 120/CDVLaunchScreen.storyboard"; sourceTree = SOURCE_ROOT; };
		8D1107310486CEB800E47090 /* Studio 120-Info.plist */ = {isa = PBXFileReference; fileEncoding = 4; lastKnownFileType = text.plist.xml; name = "Studio 120-Info.plist"; path = "Studio 120/Studio 120-Info.plist"; plistStructureDefinitionIdentifier = "com.apple.xcode.plist.structure-definition.iphone.info-plist"; sourceTree = SOURCE_ROOT; };
		EB87FDF31871DA8E0020F90C /* www */ = {isa = PBXFileReference; lastKnownFileType = folder; name = www; path = ../../www; sourceTree = "<group>"; };
		EB87FDF41871DAF40020F90C /* config.xml */ = {isa = PBXFileReference; lastKnownFileType = text.xml; name = config.xml; path = ../../config.xml; sourceTree = "<group>"; };
		F840E1F0165FE0F500CFE078 /* config.xml */ = {isa = PBXFileReference; lastKnownFileType = text.xml; name = config.xml; path = "Studio 120/config.xml"; sourceTree = "<group>"; };
		ED33DF2A687741AEAF9F8254 /* Bridging-Header.h */ = {isa = PBXFileReference; fileEncoding = 4; lastKnownFileType = sourcecode.c.h; name = "Bridging-Header.h"; path = "Bridging-Header.h"; sourceTree = "<group>"; };
		3224FC0B57FC4ABD81845934 /* AppDelegate+notification.m */ = {isa = PBXFileReference; name = "AppDelegate+notification.m"; path = "phonegap-plugin-push/AppDelegate+notification.m"; sourceTree = "<group>"; fileEncoding = 4; lastKnownFileType = sourcecode.c.objc; explicitFileType = undefined; includeInIndex = 0; };
		09F3EC3971C648D28E9B48F5 /* PushPlugin.m */ = {isa = PBXFileReference; name = "PushPlugin.m"; path = "phonegap-plugin-push/PushPlugin.m"; sourceTree = "<group>"; fileEncoding = 4; lastKnownFileType = sourcecode.c.objc; explicitFileType = undefined; includeInIndex = 0; };
		6401149243DF4CB6841F5B16 /* libGGLCloudMessaging.a */ = {isa = PBXFileReference; name = "libGGLCloudMessaging.a"; path = "Studio 120/Plugins/phonegap-plugin-push/GCM/Libraries/libGGLCloudMessaging.a"; sourceTree = "<group>"; fileEncoding = undefined; lastKnownFileType = archive.ar; explicitFileType = undefined; includeInIndex = 0; };
		C10F21164C4841A59D562C05 /* libGGLCore.a */ = {isa = PBXFileReference; name = "libGGLCore.a"; path = "Studio 120/Plugins/phonegap-plugin-push/GCM/Libraries/libGGLCore.a"; sourceTree = "<group>"; fileEncoding = undefined; lastKnownFileType = archive.ar; explicitFileType = undefined; includeInIndex = 0; };
		D996E7A3D03F4CB2AE4EA47A /* libGGLInstanceIDLib.a */ = {isa = PBXFileReference; name = "libGGLInstanceIDLib.a"; path = "Studio 120/Plugins/phonegap-plugin-push/GCM/Libraries/libGGLInstanceIDLib.a"; sourceTree = "<group>"; fileEncoding = undefined; lastKnownFileType = archive.ar; explicitFileType = undefined; includeInIndex = 0; };
		4083473222EB43AF8F4EB8FB /* libGIP_Reachability.a */ = {isa = PBXFileReference; name = "libGIP_Reachability.a"; path = "Studio 120/Plugins/phonegap-plugin-push/GCM/Libraries/libGIP_Reachability.a"; sourceTree = "<group>"; fileEncoding = undefined; lastKnownFileType = archive.ar; explicitFileType = undefined; includeInIndex = 0; };
		ED940C3324414199A36EE2C8 /* libGSDK_Overload.a */ = {isa = PBXFileReference; name = "libGSDK_Overload.a"; path = "Studio 120/Plugins/phonegap-plugin-push/GCM/Libraries/libGSDK_Overload.a"; sourceTree = "<group>"; fileEncoding = undefined; lastKnownFileType = archive.ar; explicitFileType = undefined; includeInIndex = 0; };
		DB728DF230114AB0BCCFCCD1 /* libGTMSessionFetcher_core.a */ = {isa = PBXFileReference; name = "libGTMSessionFetcher_core.a"; path = "Studio 120/Plugins/phonegap-plugin-push/GCM/Libraries/libGTMSessionFetcher_core.a"; sourceTree = "<group>"; fileEncoding = undefined; lastKnownFileType = archive.ar; explicitFileType = undefined; includeInIndex = 0; };
		77EEBA541E604FAB8A3C2F35 /* libGTMSessionFetcher_full.a */ = {isa = PBXFileReference; name = "libGTMSessionFetcher_full.a"; path = "Studio 120/Plugins/phonegap-plugin-push/GCM/Libraries/libGTMSessionFetcher_full.a"; sourceTree = "<group>"; fileEncoding = undefined; lastKnownFileType = archive.ar; explicitFileType = undefined; includeInIndex = 0; };
		F6033A3A9B62484A8D370C38 /* libGTMStackTrace.a */ = {isa = PBXFileReference; name = "libGTMStackTrace.a"; path = "Studio 120/Plugins/phonegap-plugin-push/GCM/Libraries/libGTMStackTrace.a"; sourceTree = "<group>"; fileEncoding = undefined; lastKnownFileType = archive.ar; explicitFileType = undefined; includeInIndex = 0; };
		2881C06D1C384F7895BCD8B2 /* libGTM_AddressBook.a */ = {isa = PBXFileReference; name = "libGTM_AddressBook.a"; path = "Studio 120/Plugins/phonegap-plugin-push/GCM/Libraries/libGTM_AddressBook.a"; sourceTree = "<group>"; fileEncoding = undefined; lastKnownFileType = archive.ar; explicitFileType = undefined; includeInIndex = 0; };
		78600004E3004EAE938BB9AF /* libGTM_DebugUtils.a */ = {isa = PBXFileReference; name = "libGTM_DebugUtils.a"; path = "Studio 120/Plugins/phonegap-plugin-push/GCM/Libraries/libGTM_DebugUtils.a"; sourceTree = "<group>"; fileEncoding = undefined; lastKnownFileType = archive.ar; explicitFileType = undefined; includeInIndex = 0; };
		813DD5A2AE88470CA64C2178 /* libGTM_GTMURLBuilder.a */ = {isa = PBXFileReference; name = "libGTM_GTMURLBuilder.a"; path = "Studio 120/Plugins/phonegap-plugin-push/GCM/Libraries/libGTM_GTMURLBuilder.a"; sourceTree = "<group>"; fileEncoding = undefined; lastKnownFileType = archive.ar; explicitFileType = undefined; includeInIndex = 0; };
		0942C17AF20C4D2E94FF1B7A /* libGTM_KVO.a */ = {isa = PBXFileReference; name = "libGTM_KVO.a"; path = "Studio 120/Plugins/phonegap-plugin-push/GCM/Libraries/libGTM_KVO.a"; sourceTree = "<group>"; fileEncoding = undefined; lastKnownFileType = archive.ar; explicitFileType = undefined; includeInIndex = 0; };
		71D7E4D16523482DAA352079 /* libGTM_NSData+zlib.a */ = {isa = PBXFileReference; name = "libGTM_NSData+zlib.a"; path = "Studio 120/Plugins/phonegap-plugin-push/GCM/Libraries/libGTM_NSData+zlib.a"; sourceTree = "<group>"; fileEncoding = undefined; lastKnownFileType = archive.ar; explicitFileType = undefined; includeInIndex = 0; };
		B1366CBD7D674CE1B43D654C /* libGTM_NSDictionary+URLArguments.a */ = {isa = PBXFileReference; name = "libGTM_NSDictionary+URLArguments.a"; path = "Studio 120/Plugins/phonegap-plugin-push/GCM/Libraries/libGTM_NSDictionary+URLArguments.a"; sourceTree = "<group>"; fileEncoding = undefined; lastKnownFileType = archive.ar; explicitFileType = undefined; includeInIndex = 0; };
		A0A9571EA9DC444FA4EFFD72 /* libGTM_NSScannerJSON.a */ = {isa = PBXFileReference; name = "libGTM_NSScannerJSON.a"; path = "Studio 120/Plugins/phonegap-plugin-push/GCM/Libraries/libGTM_NSScannerJSON.a"; sourceTree = "<group>"; fileEncoding = undefined; lastKnownFileType = archive.ar; explicitFileType = undefined; includeInIndex = 0; };
		0400D6F8C8E14E97975D1471 /* libGTM_NSStringHTML.a */ = {isa = PBXFileReference; name = "libGTM_NSStringHTML.a"; path = "Studio 120/Plugins/phonegap-plugin-push/GCM/Libraries/libGTM_NSStringHTML.a"; sourceTree = "<group>"; fileEncoding = undefined; lastKnownFileType = archive.ar; explicitFileType = undefined; includeInIndex = 0; };
		662A7C3901A44F7EB70860A5 /* libGTM_NSStringXML.a */ = {isa = PBXFileReference; name = "libGTM_NSStringXML.a"; path = "Studio 120/Plugins/phonegap-plugin-push/GCM/Libraries/libGTM_NSStringXML.a"; sourceTree = "<group>"; fileEncoding = undefined; lastKnownFileType = archive.ar; explicitFileType = undefined; includeInIndex = 0; };
		F7D6A4A624974C4BB2EF0739 /* libGTM_Regex.a */ = {isa = PBXFileReference; name = "libGTM_Regex.a"; path = "Studio 120/Plugins/phonegap-plugin-push/GCM/Libraries/libGTM_Regex.a"; sourceTree = "<group>"; fileEncoding = undefined; lastKnownFileType = archive.ar; explicitFileType = undefined; includeInIndex = 0; };
		466679A3E3F046AE82CB625A /* libGTM_RoundedRectPath.a */ = {isa = PBXFileReference; name = "libGTM_RoundedRectPath.a"; path = "Studio 120/Plugins/phonegap-plugin-push/GCM/Libraries/libGTM_RoundedRectPath.a"; sourceTree = "<group>"; fileEncoding = undefined; lastKnownFileType = archive.ar; explicitFileType = undefined; includeInIndex = 0; };
		91F9DABC6F76481AA8705B0D /* libGTM_StringEncoding.a */ = {isa = PBXFileReference; name = "libGTM_StringEncoding.a"; path = "Studio 120/Plugins/phonegap-plugin-push/GCM/Libraries/libGTM_StringEncoding.a"; sourceTree = "<group>"; fileEncoding = undefined; lastKnownFileType = archive.ar; explicitFileType = undefined; includeInIndex = 0; };
		C2F6E85BF6F6476187142744 /* libGTM_SystemVersion.a */ = {isa = PBXFileReference; name = "libGTM_SystemVersion.a"; path = "Studio 120/Plugins/phonegap-plugin-push/GCM/Libraries/libGTM_SystemVersion.a"; sourceTree = "<group>"; fileEncoding = undefined; lastKnownFileType = archive.ar; explicitFileType = undefined; includeInIndex = 0; };
		AE9B97D1C94B4EB9A574356E /* libGTM_UIFont+LineHeight.a */ = {isa = PBXFileReference; name = "libGTM_UIFont+LineHeight.a"; path = "Studio 120/Plugins/phonegap-plugin-push/GCM/Libraries/libGTM_UIFont+LineHeight.a"; sourceTree = "<group>"; fileEncoding = undefined; lastKnownFileType = archive.ar; explicitFileType = undefined; includeInIndex = 0; };
		5D5EA903139C4A6AA35F2CB5 /* libGTM_core.a */ = {isa = PBXFileReference; name = "libGTM_core.a"; path = "Studio 120/Plugins/phonegap-plugin-push/GCM/Libraries/libGTM_core.a"; sourceTree = "<group>"; fileEncoding = undefined; lastKnownFileType = archive.ar; explicitFileType = undefined; includeInIndex = 0; };
		5323F2CA4FCB49FBA8E1DEF0 /* libGTM_iPhone.a */ = {isa = PBXFileReference; name = "libGTM_iPhone.a"; path = "Studio 120/Plugins/phonegap-plugin-push/GCM/Libraries/libGTM_iPhone.a"; sourceTree = "<group>"; fileEncoding = undefined; lastKnownFileType = archive.ar; explicitFileType = undefined; includeInIndex = 0; };
		932986D9EBB348DC970CB3C3 /* libGcmLib.a */ = {isa = PBXFileReference; name = "libGcmLib.a"; path = "Studio 120/Plugins/phonegap-plugin-push/GCM/Libraries/libGcmLib.a"; sourceTree = "<group>"; fileEncoding = undefined; lastKnownFileType = archive.ar; explicitFileType = undefined; includeInIndex = 0; };
		D1AC0DFF09FB40128A16E196 /* libProtocolBuffers.a */ = {isa = PBXFileReference; name = "libProtocolBuffers.a"; path = "Studio 120/Plugins/phonegap-plugin-push/GCM/Libraries/libProtocolBuffers.a"; sourceTree = "<group>"; fileEncoding = undefined; lastKnownFileType = archive.ar; explicitFileType = undefined; includeInIndex = 0; };
		1BF5E04B582B4A508746BA26 /* AppDelegate+notification.h */ = {isa = PBXFileReference; name = "AppDelegate+notification.h"; path = "phonegap-plugin-push/AppDelegate+notification.h"; sourceTree = "<group>"; fileEncoding = 4; lastKnownFileType = sourcecode.c.h; explicitFileType = undefined; includeInIndex = 0; };
		DD57499F5D78437BB3AF503E /* PushPlugin.h */ = {isa = PBXFileReference; name = "PushPlugin.h"; path = "phonegap-plugin-push/PushPlugin.h"; sourceTree = "<group>"; fileEncoding = 4; lastKnownFileType = sourcecode.c.h; explicitFileType = undefined; includeInIndex = 0; };
		1113B86AC85441D5BEE341FC /* GGLInstanceID.h */ = {isa = PBXFileReference; name = "GGLInstanceID.h"; path = "phonegap-plugin-push/GCM/Headers/GGLInstanceID.h"; sourceTree = "<group>"; fileEncoding = 4; lastKnownFileType = sourcecode.c.h; explicitFileType = undefined; includeInIndex = 0; };
		06F4A3630BF84DF0A6F0B93B /* GGLInstanceIDConfig.h */ = {isa = PBXFileReference; name = "GGLInstanceIDConfig.h"; path = "phonegap-plugin-push/GCM/Headers/GGLInstanceIDConfig.h"; sourceTree = "<group>"; fileEncoding = 4; lastKnownFileType = sourcecode.c.h; explicitFileType = undefined; includeInIndex = 0; };
		A15C736A9D414368BB6E60DF /* GGLInstanceIDDelegate.h */ = {isa = PBXFileReference; name = "GGLInstanceIDDelegate.h"; path = "phonegap-plugin-push/GCM/Headers/GGLInstanceIDDelegate.h"; sourceTree = "<group>"; fileEncoding = 4; lastKnownFileType = sourcecode.c.h; explicitFileType = undefined; includeInIndex = 0; };
		2256C972796E47A6925CBFA7 /* GGLInstanceIDHeaders.h */ = {isa = PBXFileReference; name = "GGLInstanceIDHeaders.h"; path = "phonegap-plugin-push/GCM/Headers/GGLInstanceIDHeaders.h"; sourceTree = "<group>"; fileEncoding = 4; lastKnownFileType = sourcecode.c.h; explicitFileType = undefined; includeInIndex = 0; };
		A814526F31EB4A86B2EB7E0A /* CloudMessaging.h */ = {isa = PBXFileReference; name = "CloudMessaging.h"; path = "phonegap-plugin-push/GCM/Headers/CloudMessaging.h"; sourceTree = "<group>"; fileEncoding = 4; lastKnownFileType = sourcecode.c.h; explicitFileType = undefined; includeInIndex = 0; };
		C52C4DF51A9248A08CBDFFBA /* GGLContext+CloudMessaging.h */ = {isa = PBXFileReference; name = "GGLContext+CloudMessaging.h"; path = "phonegap-plugin-push/GCM/Headers/GGLContext+CloudMessaging.h"; sourceTree = "<group>"; fileEncoding = 4; lastKnownFileType = sourcecode.c.h; explicitFileType = undefined; includeInIndex = 0; };
		A5625519DAF84AE183F5BB6C /* Core.h */ = {isa = PBXFileReference; name = "Core.h"; path = "phonegap-plugin-push/GCM/Headers/Core.h"; sourceTree = "<group>"; fileEncoding = 4; lastKnownFileType = sourcecode.c.h; explicitFileType = undefined; includeInIndex = 0; };
		2CE9190FF1C34A2586F626F9 /* GGLConfiguration.h */ = {isa = PBXFileReference; name = "GGLConfiguration.h"; path = "phonegap-plugin-push/GCM/Headers/GGLConfiguration.h"; sourceTree = "<group>"; fileEncoding = 4; lastKnownFileType = sourcecode.c.h; explicitFileType = undefined; includeInIndex = 0; };
		5B5AE4BA082A4D52AB0AB4E7 /* GGLContext.h */ = {isa = PBXFileReference; name = "GGLContext.h"; path = "phonegap-plugin-push/GCM/Headers/GGLContext.h"; sourceTree = "<group>"; fileEncoding = 4; lastKnownFileType = sourcecode.c.h; explicitFileType = undefined; includeInIndex = 0; };
		C3A3738E172A4F60915E7501 /* GGLErrorCode.h */ = {isa = PBXFileReference; name = "GGLErrorCode.h"; path = "phonegap-plugin-push/GCM/Headers/GGLErrorCode.h"; sourceTree = "<group>"; fileEncoding = 4; lastKnownFileType = sourcecode.c.h; explicitFileType = undefined; includeInIndex = 0; };
		A8C5156872674270A50DF4E3 /* GCMConfig.h */ = {isa = PBXFileReference; name = "GCMConfig.h"; path = "phonegap-plugin-push/GCM/Headers/GCMConfig.h"; sourceTree = "<group>"; fileEncoding = 4; lastKnownFileType = sourcecode.c.h; explicitFileType = undefined; includeInIndex = 0; };
		EF5FB9AE7AD44C1E818D7C80 /* GCMPubSub.h */ = {isa = PBXFileReference; name = "GCMPubSub.h"; path = "phonegap-plugin-push/GCM/Headers/GCMPubSub.h"; sourceTree = "<group>"; fileEncoding = 4; lastKnownFileType = sourcecode.c.h; explicitFileType = undefined; includeInIndex = 0; };
		0798B9E0217946E0B9A1B70B /* GCMReceiverDelegate.h */ = {isa = PBXFileReference; name = "GCMReceiverDelegate.h"; path = "phonegap-plugin-push/GCM/Headers/GCMReceiverDelegate.h"; sourceTree = "<group>"; fileEncoding = 4; lastKnownFileType = sourcecode.c.h; explicitFileType = undefined; includeInIndex = 0; };
		27CF6E3D3D7A47B49DBA5E5A /* GCMService.h */ = {isa = PBXFileReference; name = "GCMService.h"; path = "phonegap-plugin-push/GCM/Headers/GCMService.h"; sourceTree = "<group>"; fileEncoding = 4; lastKnownFileType = sourcecode.c.h; explicitFileType = undefined; includeInIndex = 0; };
		A891573B9EB84026841F419B /* GoogleCloudMessaging.h */ = {isa = PBXFileReference; name = "GoogleCloudMessaging.h"; path = "phonegap-plugin-push/GCM/Headers/GoogleCloudMessaging.h"; sourceTree = "<group>"; fileEncoding = 4; lastKnownFileType = sourcecode.c.h; explicitFileType = undefined; includeInIndex = 0; };
		1225AD03ECC44BCFAE7F54AB /* AddressBook.framework */ = {isa = PBXFileReference; name = "AddressBook.framework"; path = "System/Library/Frameworks/AddressBook.framework"; sourceTree = SDKROOT; fileEncoding = undefined; lastKnownFileType = wrapper.framework; explicitFileType = undefined; includeInIndex = 0; };
		F638B351975B4C9FBE7004D8 /* libsqlite3.tbd */ = {isa = PBXFileReference; name = "libsqlite3.tbd"; path = "usr/lib/libsqlite3.tbd"; sourceTree = SDKROOT; fileEncoding = undefined; lastKnownFileType = sourcecode.text-based-dylib-definition; explicitFileType = undefined; includeInIndex = 0; };
		D8849D5183EC4DE3A88D3A9A /* libz.tbd */ = {isa = PBXFileReference; name = "libz.tbd"; path = "usr/lib/libz.tbd"; sourceTree = SDKROOT; fileEncoding = undefined; lastKnownFileType = sourcecode.text-based-dylib-definition; explicitFileType = undefined; includeInIndex = 0; };
		1E166D153F2D4CF689533B52 /* CDVDevice.m */ = {isa = PBXFileReference; name = "CDVDevice.m"; path = "cordova-plugin-device/CDVDevice.m"; sourceTree = "<group>"; fileEncoding = 4; lastKnownFileType = sourcecode.c.objc; explicitFileType = undefined; includeInIndex = 0; };
		1AE6745A309C4AC39BD883E5 /* CDVDevice.h */ = {isa = PBXFileReference; name = "CDVDevice.h"; path = "cordova-plugin-device/CDVDevice.h"; sourceTree = "<group>"; fileEncoding = 4; lastKnownFileType = sourcecode.c.h; explicitFileType = undefined; includeInIndex = 0; };
		7224D666E5CC4C9294BA6A72 /* CDVNotification.m */ = {isa = PBXFileReference; name = "CDVNotification.m"; path = "cordova-plugin-dialogs/CDVNotification.m"; sourceTree = "<group>"; fileEncoding = 4; lastKnownFileType = sourcecode.c.objc; explicitFileType = undefined; includeInIndex = 0; };
		A6B0E6E0A96C4B28B96F2F5A /* CDVNotification.h */ = {isa = PBXFileReference; name = "CDVNotification.h"; path = "cordova-plugin-dialogs/CDVNotification.h"; sourceTree = "<group>"; fileEncoding = 4; lastKnownFileType = sourcecode.c.h; explicitFileType = undefined; includeInIndex = 0; };
		14B116C9CD9042639E7A369C /* CDVNotification.bundle */ = {isa = PBXFileReference; name = "CDVNotification.bundle"; path = "CDVNotification.bundle"; sourceTree = "<group>"; fileEncoding = undefined; lastKnownFileType = wrapper.plug-in; explicitFileType = undefined; includeInIndex = 0; };
		332B6851C7BD4F16A3792039 /* AudioToolbox.framework */ = {isa = PBXFileReference; name = "AudioToolbox.framework"; path = "System/Library/Frameworks/AudioToolbox.framework"; sourceTree = SDKROOT; fileEncoding = undefined; lastKnownFileType = wrapper.framework; explicitFileType = undefined; includeInIndex = 0; };
		9947710BD0794B9F875943FF /* CDVInAppBrowser.m */ = {isa = PBXFileReference; name = "CDVInAppBrowser.m"; path = "cordova-plugin-inappbrowser/CDVInAppBrowser.m"; sourceTree = "<group>"; fileEncoding = 4; lastKnownFileType = sourcecode.c.objc; explicitFileType = undefined; includeInIndex = 0; };
		FDC66508C49640A480922751 /* CDVInAppBrowser.h */ = {isa = PBXFileReference; name = "CDVInAppBrowser.h"; path = "cordova-plugin-inappbrowser/CDVInAppBrowser.h"; sourceTree = "<group>"; fileEncoding = 4; lastKnownFileType = sourcecode.c.h; explicitFileType = undefined; includeInIndex = 0; };
		2410C389BC68430A9530CC1C /* CDVConnection.m */ = {isa = PBXFileReference; name = "CDVConnection.m"; path = "cordova-plugin-network-information/CDVConnection.m"; sourceTree = "<group>"; fileEncoding = 4; lastKnownFileType = sourcecode.c.objc; explicitFileType = undefined; includeInIndex = 0; };
		621C0F12BAA34FBD8ED8F0ED /* CDVReachability.m */ = {isa = PBXFileReference; name = "CDVReachability.m"; path = "cordova-plugin-network-information/CDVReachability.m"; sourceTree = "<group>"; fileEncoding = 4; lastKnownFileType = sourcecode.c.objc; explicitFileType = undefined; includeInIndex = 0; };
		8FFCC905F6B4414093A5C9C3 /* CDVConnection.h */ = {isa = PBXFileReference; name = "CDVConnection.h"; path = "cordova-plugin-network-information/CDVConnection.h"; sourceTree = "<group>"; fileEncoding = 4; lastKnownFileType = sourcecode.c.h; explicitFileType = undefined; includeInIndex = 0; };
		7BBE497E145B4C4CB324ACA8 /* CDVReachability.h */ = {isa = PBXFileReference; name = "CDVReachability.h"; path = "cordova-plugin-network-information/CDVReachability.h"; sourceTree = "<group>"; fileEncoding = 4; lastKnownFileType = sourcecode.c.h; explicitFileType = undefined; includeInIndex = 0; };
		325AF71CE5404937A0943C43 /* SystemConfiguration.framework */ = {isa = PBXFileReference; name = "SystemConfiguration.framework"; path = "System/Library/Frameworks/SystemConfiguration.framework"; sourceTree = SDKROOT; fileEncoding = undefined; lastKnownFileType = wrapper.framework; explicitFileType = undefined; includeInIndex = 0; };
		B0B39954326B420C936B34E7 /* CoreTelephony.framework */ = {isa = PBXFileReference; name = "CoreTelephony.framework"; path = "System/Library/Frameworks/CoreTelephony.framework"; sourceTree = SDKROOT; fileEncoding = undefined; lastKnownFileType = wrapper.framework; explicitFileType = undefined; includeInIndex = 0; };
		6AF668A9B1ED4F38A212BA2C /* CDVStatusBar.m */ = {isa = PBXFileReference; name = "CDVStatusBar.m"; path = "cordova-plugin-statusbar/CDVStatusBar.m"; sourceTree = "<group>"; fileEncoding = 4; lastKnownFileType = sourcecode.c.objc; explicitFileType = undefined; includeInIndex = 0; };
		C3A4C6176430414799B2497F /* CDVStatusBar.h */ = {isa = PBXFileReference; name = "CDVStatusBar.h"; path = "cordova-plugin-statusbar/CDVStatusBar.h"; sourceTree = "<group>"; fileEncoding = 4; lastKnownFileType = sourcecode.c.h; explicitFileType = undefined; includeInIndex = 0; };
		733BC56C4EAB4A5DA0A8ADFC /* CDVContacts.m */ = {isa = PBXFileReference; name = "CDVContacts.m"; path = "cordova-plugin-contacts/CDVContacts.m"; sourceTree = "<group>"; fileEncoding = 4; lastKnownFileType = sourcecode.c.objc; explicitFileType = undefined; includeInIndex = 0; };
		1B73E208B64C498DB54869B7 /* CDVContact.m */ = {isa = PBXFileReference; name = "CDVContact.m"; path = "cordova-plugin-contacts/CDVContact.m"; sourceTree = "<group>"; fileEncoding = 4; lastKnownFileType = sourcecode.c.objc; explicitFileType = undefined; includeInIndex = 0; };
		4E132ACB838F4DC98C7E5EFE /* CDVContacts.h */ = {isa = PBXFileReference; name = "CDVContacts.h"; path = "cordova-plugin-contacts/CDVContacts.h"; sourceTree = "<group>"; fileEncoding = 4; lastKnownFileType = sourcecode.c.h; explicitFileType = undefined; includeInIndex = 0; };
		D9A2896FD3BC4467B24EF172 /* CDVContact.h */ = {isa = PBXFileReference; name = "CDVContact.h"; path = "cordova-plugin-contacts/CDVContact.h"; sourceTree = "<group>"; fileEncoding = 4; lastKnownFileType = sourcecode.c.h; explicitFileType = undefined; includeInIndex = 0; };
		2C631B04BBCD483AA4B4E72E /* AddressBookUI.framework */ = {isa = PBXFileReference; name = "AddressBookUI.framework"; path = "System/Library/Frameworks/AddressBookUI.framework"; sourceTree = SDKROOT; fileEncoding = undefined; lastKnownFileType = wrapper.framework; explicitFileType = undefined; includeInIndex = 0; };
/* End PBXFileReference section */

/* Begin PBXFrameworksBuildPhase section */
		1D60588F0D05DD3D006BFB54 /* Frameworks */ = {
			isa = PBXFrameworksBuildPhase;
			buildActionMask = 2147483647;
			files = (
				301BF552109A68D80062928A /* libCordova.a in Frameworks */,
				1530DCBD9671427EAD8CF07D /* libGGLCloudMessaging.a in Frameworks */,
				E5B526D00C57442C96B1770E /* libGGLCore.a in Frameworks */,
				4ED617CDF27D478D9FCBD7D5 /* libGGLInstanceIDLib.a in Frameworks */,
				EAB43AA5CD294AEE8E6186DA /* libGIP_Reachability.a in Frameworks */,
				AF8967951D3D449C9A6A6B05 /* libGSDK_Overload.a in Frameworks */,
				30C6BCC946A44D4ABB78374F /* libGTMSessionFetcher_core.a in Frameworks */,
				01A93E16C95C415F9EAC2582 /* libGTMSessionFetcher_full.a in Frameworks */,
				9CBAAE7ADA9649919A5F7811 /* libGTMStackTrace.a in Frameworks */,
				E2E1804516094B9AABA603B5 /* libGTM_AddressBook.a in Frameworks */,
				43234BEC100449B79A875D61 /* libGTM_DebugUtils.a in Frameworks */,
				20115890428242269AD354C5 /* libGTM_GTMURLBuilder.a in Frameworks */,
				089F3599E05C4D8CA59ABB22 /* libGTM_KVO.a in Frameworks */,
				BDFAA89DDB7E43EBB1C27C9E /* libGTM_NSData+zlib.a in Frameworks */,
				03AD54D773D64E67AD36315A /* libGTM_NSDictionary+URLArguments.a in Frameworks */,
				9B93AF9FB6614962B2099F6F /* libGTM_NSScannerJSON.a in Frameworks */,
				993F3E64A85A41618F74BC95 /* libGTM_NSStringHTML.a in Frameworks */,
				E9B6DF639EEB45FEACFA0183 /* libGTM_NSStringXML.a in Frameworks */,
				299F52546AD640FE86CD60F9 /* libGTM_Regex.a in Frameworks */,
				8C26C237889E47B587B2CBC7 /* libGTM_RoundedRectPath.a in Frameworks */,
				78370D1EE0E44C8295AFB72A /* libGTM_StringEncoding.a in Frameworks */,
				DEC2518E9CBB4761ADB99CDA /* libGTM_SystemVersion.a in Frameworks */,
				B84493BC51FB423BAE901BA9 /* libGTM_UIFont+LineHeight.a in Frameworks */,
				270837F67E1448958E3F1649 /* libGTM_core.a in Frameworks */,
				FAC4E763D87F41F8844A5F1D /* libGTM_iPhone.a in Frameworks */,
				B8890571A46644DFAB9E207A /* libGcmLib.a in Frameworks */,
				86F25F7A1EDA44EA8A729925 /* libProtocolBuffers.a in Frameworks */,
				A860887F69504B8D905B0C99 /* AddressBook.framework in Frameworks */,
				9AF8A29D70BE425C8CBC6F09 /* libsqlite3.tbd in Frameworks */,
				06325AA31B6B4C81AB28F93A /* libz.tbd in Frameworks */,
				3337376439B742A4AD992156 /* AudioToolbox.framework in Frameworks */,
				42D78944C2244548BC107FC3 /* SystemConfiguration.framework in Frameworks */,
				DDB79B8343CC449996273841 /* CoreTelephony.framework in Frameworks */,
				3AC670F6DB8B402AAF5AF3AD /* AddressBookUI.framework in Frameworks */,
			);
			runOnlyForDeploymentPostprocessing = 0;
		};
/* End PBXFrameworksBuildPhase section */

/* Begin PBXGroup section */
		080E96DDFE201D6D7F000001 /* Classes */ = {
			isa = PBXGroup;
			children = (
				302D95EE14D2391D003F00A1 /* MainViewController.h */,
				302D95EF14D2391D003F00A1 /* MainViewController.m */,
				302D95F014D2391D003F00A1 /* MainViewController.xib */,
				1D3623240D0F684500981E51 /* AppDelegate.h */,
				1D3623250D0F684500981E51 /* AppDelegate.m */,
			);
			name = Classes;
			path = "Studio 120/Classes";
			sourceTree = SOURCE_ROOT;
		};
		19C28FACFE9D520D11CA2CBB /* Products */ = {
			isa = PBXGroup;
			children = (
				1D6058910D05DD3D006BFB54 /* Studio 120.app */,
			);
			name = Products;
			sourceTree = "<group>";
		};
		29B97314FDCFA39411CA2CEA /* CustomTemplate */ = {
			isa = PBXGroup;
			children = (
				EB87FDF41871DAF40020F90C /* config.xml */,
				EB87FDF31871DA8E0020F90C /* www */,
				EB87FDF11871DA420020F90C /* Staging */,
				301BF52D109A57CC0062928A /* CordovaLib.xcodeproj */,
				080E96DDFE201D6D7F000001 /* Classes */,
				307C750510C5A3420062BCA9 /* Plugins */,
				29B97315FDCFA39411CA2CEA /* Other Sources */,
				29B97317FDCFA39411CA2CEA /* Resources */,
				29B97323FDCFA39411CA2CEA /* Frameworks */,
				19C28FACFE9D520D11CA2CBB /* Products */,
			);
			name = CustomTemplate;
			sourceTree = "<group>";
		};
		29B97315FDCFA39411CA2CEA /* Other Sources */ = {
			isa = PBXGroup;
			children = (
				32CA4F630368D1EE00C91783 /* Studio 120-Prefix.pch */,
				29B97316FDCFA39411CA2CEA /* main.m */,
				ED33DF2A687741AEAF9F8254 /* Bridging-Header.h */,
			);
			name = "Other Sources";
			path = "Studio 120";
			sourceTree = "<group>";
		};
		29B97317FDCFA39411CA2CEA /* Resources */ = {
			isa = PBXGroup;
			children = (
				0207DA571B56EA530066E2B4 /* Images.xcassets */,
				3047A50E1AB8057F00498E2A /* config */,
				8D1107310486CEB800E47090 /* Studio 120-Info.plist */,
				6AFF5BF81D6E424B00AB3073 /* CDVLaunchScreen.storyboard */,
				14B116C9CD9042639E7A369C /* CDVNotification.bundle */,
			);
			name = Resources;
			path = "Studio 120/Resources";
			sourceTree = "<group>";
		};
		29B97323FDCFA39411CA2CEA /* Frameworks */ = {
			isa = PBXGroup;
			children = (
				6401149243DF4CB6841F5B16 /* libGGLCloudMessaging.a */,
				C10F21164C4841A59D562C05 /* libGGLCore.a */,
				D996E7A3D03F4CB2AE4EA47A /* libGGLInstanceIDLib.a */,
				4083473222EB43AF8F4EB8FB /* libGIP_Reachability.a */,
				ED940C3324414199A36EE2C8 /* libGSDK_Overload.a */,
				DB728DF230114AB0BCCFCCD1 /* libGTMSessionFetcher_core.a */,
				77EEBA541E604FAB8A3C2F35 /* libGTMSessionFetcher_full.a */,
				F6033A3A9B62484A8D370C38 /* libGTMStackTrace.a */,
				2881C06D1C384F7895BCD8B2 /* libGTM_AddressBook.a */,
				78600004E3004EAE938BB9AF /* libGTM_DebugUtils.a */,
				813DD5A2AE88470CA64C2178 /* libGTM_GTMURLBuilder.a */,
				0942C17AF20C4D2E94FF1B7A /* libGTM_KVO.a */,
				71D7E4D16523482DAA352079 /* libGTM_NSData+zlib.a */,
				B1366CBD7D674CE1B43D654C /* libGTM_NSDictionary+URLArguments.a */,
				A0A9571EA9DC444FA4EFFD72 /* libGTM_NSScannerJSON.a */,
				0400D6F8C8E14E97975D1471 /* libGTM_NSStringHTML.a */,
				662A7C3901A44F7EB70860A5 /* libGTM_NSStringXML.a */,
				F7D6A4A624974C4BB2EF0739 /* libGTM_Regex.a */,
				466679A3E3F046AE82CB625A /* libGTM_RoundedRectPath.a */,
				91F9DABC6F76481AA8705B0D /* libGTM_StringEncoding.a */,
				C2F6E85BF6F6476187142744 /* libGTM_SystemVersion.a */,
				AE9B97D1C94B4EB9A574356E /* libGTM_UIFont+LineHeight.a */,
				5D5EA903139C4A6AA35F2CB5 /* libGTM_core.a */,
				5323F2CA4FCB49FBA8E1DEF0 /* libGTM_iPhone.a */,
				932986D9EBB348DC970CB3C3 /* libGcmLib.a */,
				D1AC0DFF09FB40128A16E196 /* libProtocolBuffers.a */,
				1225AD03ECC44BCFAE7F54AB /* AddressBook.framework */,
				F638B351975B4C9FBE7004D8 /* libsqlite3.tbd */,
				D8849D5183EC4DE3A88D3A9A /* libz.tbd */,
				332B6851C7BD4F16A3792039 /* AudioToolbox.framework */,
				325AF71CE5404937A0943C43 /* SystemConfiguration.framework */,
				B0B39954326B420C936B34E7 /* CoreTelephony.framework */,
				2C631B04BBCD483AA4B4E72E /* AddressBookUI.framework */,
			);
			name = Frameworks;
			sourceTree = "<group>";
		};
		301BF52E109A57CC0062928A /* Products */ = {
			isa = PBXGroup;
			children = (
				301BF535109A57CC0062928A /* libCordova.a */,
			);
			name = Products;
			sourceTree = "<group>";
		};
		3047A50E1AB8057F00498E2A /* config */ = {
			isa = PBXGroup;
			children = (
				3047A50F1AB8059700498E2A /* build-debug.xcconfig */,
				3047A5101AB8059700498E2A /* build-release.xcconfig */,
				3047A5111AB8059700498E2A /* build.xcconfig */,
			);
			name = config;
			sourceTree = "<group>";
		};
		307C750510C5A3420062BCA9 /* Plugins */ = {
			isa = PBXGroup;
			children = (
				3224FC0B57FC4ABD81845934 /* AppDelegate+notification.m */,
				09F3EC3971C648D28E9B48F5 /* PushPlugin.m */,
				1BF5E04B582B4A508746BA26 /* AppDelegate+notification.h */,
				DD57499F5D78437BB3AF503E /* PushPlugin.h */,
				1113B86AC85441D5BEE341FC /* GGLInstanceID.h */,
				06F4A3630BF84DF0A6F0B93B /* GGLInstanceIDConfig.h */,
				A15C736A9D414368BB6E60DF /* GGLInstanceIDDelegate.h */,
				2256C972796E47A6925CBFA7 /* GGLInstanceIDHeaders.h */,
				A814526F31EB4A86B2EB7E0A /* CloudMessaging.h */,
				C52C4DF51A9248A08CBDFFBA /* GGLContext+CloudMessaging.h */,
				A5625519DAF84AE183F5BB6C /* Core.h */,
				2CE9190FF1C34A2586F626F9 /* GGLConfiguration.h */,
				5B5AE4BA082A4D52AB0AB4E7 /* GGLContext.h */,
				C3A3738E172A4F60915E7501 /* GGLErrorCode.h */,
				A8C5156872674270A50DF4E3 /* GCMConfig.h */,
				EF5FB9AE7AD44C1E818D7C80 /* GCMPubSub.h */,
				0798B9E0217946E0B9A1B70B /* GCMReceiverDelegate.h */,
				27CF6E3D3D7A47B49DBA5E5A /* GCMService.h */,
				A891573B9EB84026841F419B /* GoogleCloudMessaging.h */,
				1E166D153F2D4CF689533B52 /* CDVDevice.m */,
				1AE6745A309C4AC39BD883E5 /* CDVDevice.h */,
				7224D666E5CC4C9294BA6A72 /* CDVNotification.m */,
				A6B0E6E0A96C4B28B96F2F5A /* CDVNotification.h */,
				9947710BD0794B9F875943FF /* CDVInAppBrowser.m */,
				FDC66508C49640A480922751 /* CDVInAppBrowser.h */,
				2410C389BC68430A9530CC1C /* CDVConnection.m */,
				621C0F12BAA34FBD8ED8F0ED /* CDVReachability.m */,
				8FFCC905F6B4414093A5C9C3 /* CDVConnection.h */,
				7BBE497E145B4C4CB324ACA8 /* CDVReachability.h */,
				6AF668A9B1ED4F38A212BA2C /* CDVStatusBar.m */,
				C3A4C6176430414799B2497F /* CDVStatusBar.h */,
				733BC56C4EAB4A5DA0A8ADFC /* CDVContacts.m */,
				1B73E208B64C498DB54869B7 /* CDVContact.m */,
				4E132ACB838F4DC98C7E5EFE /* CDVContacts.h */,
				D9A2896FD3BC4467B24EF172 /* CDVContact.h */,
			);
			name = Plugins;
			path = "Studio 120/Plugins";
			sourceTree = SOURCE_ROOT;
		};
		EB87FDF11871DA420020F90C /* Staging */ = {
			isa = PBXGroup;
			children = (
				F840E1F0165FE0F500CFE078 /* config.xml */,
				301BF56E109A69640062928A /* www */,
			);
			name = Staging;
			sourceTree = "<group>";
		};
/* End PBXGroup section */

/* Begin PBXNativeTarget section */
		1D6058900D05DD3D006BFB54 /* Studio 120 */ = {
			isa = PBXNativeTarget;
			buildConfigurationList = 1D6058960D05DD3E006BFB54 /* Build configuration list for PBXNativeTarget "Studio 120" */;
			buildPhases = (
				304B58A110DAC018002A0835 /* Copy www directory */,
				1D60588D0D05DD3D006BFB54 /* Resources */,
				1D60588E0D05DD3D006BFB54 /* Sources */,
				1D60588F0D05DD3D006BFB54 /* Frameworks */,
			);
			buildRules = (
			);
			dependencies = (
				301BF551109A68C00062928A /* PBXTargetDependency */,
			);
			name = "Studio 120";
			productName = "Studio 120";
			productReference = 1D6058910D05DD3D006BFB54 /* Studio 120.app */;
			productType = "com.apple.product-type.application";
		};
/* End PBXNativeTarget section */

/* Begin PBXProject section */
		29B97313FDCFA39411CA2CEA /* Project object */ = {
			isa = PBXProject;
			attributes = {
				LastUpgradeCheck = 510;
			};
			buildConfigurationList = C01FCF4E08A954540054247B /* Build configuration list for PBXProject "__NON-CLI__" */;
			compatibilityVersion = "Xcode 3.2";
			developmentRegion = English;
			hasScannedForEncodings = 1;
			mainGroup = 29B97314FDCFA39411CA2CEA /* CustomTemplate */;
			projectDirPath = "";
			projectReferences = (
				{
					ProductGroup = 301BF52E109A57CC0062928A /* Products */;
					ProjectRef = 301BF52D109A57CC0062928A /* CordovaLib.xcodeproj */;
				},
			);
			projectRoot = "";
			targets = (
				1D6058900D05DD3D006BFB54 /* Studio 120 */,
			);
		};
/* End PBXProject section */

/* Begin PBXReferenceProxy section */
		301BF535109A57CC0062928A /* libCordova.a */ = {
			isa = PBXReferenceProxy;
			fileType = archive.ar;
			path = libCordova.a;
			remoteRef = 301BF534109A57CC0062928A /* PBXContainerItemProxy */;
			sourceTree = BUILT_PRODUCTS_DIR;
		};
/* End PBXReferenceProxy section */

/* Begin PBXResourcesBuildPhase section */
		1D60588D0D05DD3D006BFB54 /* Resources */ = {
			isa = PBXResourcesBuildPhase;
			buildActionMask = 2147483647;
			files = (
				302D95F214D2391D003F00A1 /* MainViewController.xib in Resources */,
				0207DA581B56EA530066E2B4 /* Images.xcassets in Resources */,
				6AFF5BF91D6E424B00AB3073 /* CDVLaunchScreen.storyboard in Resources */,
				BBB2E958A4E049C9A5937F97 /* CDVNotification.bundle in Resources */,
			);
			runOnlyForDeploymentPostprocessing = 0;
		};
/* End PBXResourcesBuildPhase section */

/* Begin PBXShellScriptBuildPhase section */
		304B58A110DAC018002A0835 /* Copy www directory */ = {
			isa = PBXShellScriptBuildPhase;
			buildActionMask = 2147483647;
			files = (
			);
			inputPaths = (
			);
			name = "Copy www directory";
			outputPaths = (
			);
			runOnlyForDeploymentPostprocessing = 0;
			shellPath = /bin/sh;
			shellScript = "NODEJS_PATH=/usr/local/bin; NVM_NODE_PATH=~/.nvm/versions/node/`nvm version 2>/dev/null`/bin; N_NODE_PATH=`find /usr/local/n/versions/node/* -maxdepth 0 -type d 2>/dev/null | tail -1`/bin; XCODE_NODE_PATH=`xcode-select --print-path`/usr/share/xcs/Node/bin; PATH=$NODEJS_PATH:$NVM_NODE_PATH:$N_NODE_PATH:$XCODE_NODE_PATH:$PATH && node cordova/lib/copy-www-build-step.js";
			showEnvVarsInLog = 0;
		};
/* End PBXShellScriptBuildPhase section */

/* Begin PBXSourcesBuildPhase section */
		1D60588E0D05DD3D006BFB54 /* Sources */ = {
			isa = PBXSourcesBuildPhase;
			buildActionMask = 2147483647;
			files = (
				1D60589B0D05DD56006BFB54 /* main.m in Sources */,
				1D3623260D0F684500981E51 /* AppDelegate.m in Sources */,
				302D95F114D2391D003F00A1 /* MainViewController.m in Sources */,
				5D5FA90995064D0C9B8A9D31 /* AppDelegate+notification.m in Sources */,
				F60AF2F1EECA4C9CBD6DCA5B /* PushPlugin.m in Sources */,
				96A4AB6FEAC94154B3595469 /* CDVDevice.m in Sources */,
				E1A3938F49DA4995BD28168B /* CDVNotification.m in Sources */,
				3DA895CB0CBA493387DCDDE6 /* CDVInAppBrowser.m in Sources */,
				5C774667648C40D0B956B665 /* CDVConnection.m in Sources */,
				86AC33C0A2C3433784CC8D27 /* CDVReachability.m in Sources */,
				DBBF84F6B7B049A9A11E5339 /* CDVStatusBar.m in Sources */,
				A97CD86CD1AE4B3E9FA24AA7 /* CDVContacts.m in Sources */,
				9B09599D77094FCF8A2CCFA7 /* CDVContact.m in Sources */,
			);
			runOnlyForDeploymentPostprocessing = 0;
		};
/* End PBXSourcesBuildPhase section */

/* Begin PBXTargetDependency section */
		301BF551109A68C00062928A /* PBXTargetDependency */ = {
			isa = PBXTargetDependency;
			name = CordovaLib;
			targetProxy = 301BF550109A68C00062928A /* PBXContainerItemProxy */;
		};
/* End PBXTargetDependency section */

/* Begin XCBuildConfiguration section */
		1D6058940D05DD3E006BFB54 /* Debug */ = {
			isa = XCBuildConfiguration;
			baseConfigurationReference = 3047A50F1AB8059700498E2A /* build-debug.xcconfig */;
			buildSettings = {
				ALWAYS_SEARCH_USER_PATHS = NO;
				ASSETCATALOG_COMPILER_APPICON_NAME = AppIcon;
				ASSETCATALOG_COMPILER_LAUNCHIMAGE_NAME = LaunchImage;
				CLANG_ENABLE_MODULES = YES;
				CLANG_ENABLE_OBJC_ARC = YES;
				COPY_PHASE_STRIP = NO;
				GCC_DYNAMIC_NO_PIC = NO;
				GCC_OPTIMIZATION_LEVEL = 0;
				GCC_PRECOMPILE_PREFIX_HEADER = YES;
				GCC_PREFIX_HEADER = "Studio 120/Studio 120-Prefix.pch";
				GCC_THUMB_SUPPORT = NO;
				GCC_VERSION = "";
				INFOPLIST_FILE = "Studio 120/Studio 120-Info.plist";
				IPHONEOS_DEPLOYMENT_TARGET = 8.0;
				LD_RUNPATH_SEARCH_PATHS = "@executable_path/Frameworks";
				TARGETED_DEVICE_FAMILY = "1,2";
				PRODUCT_NAME = "Studio 120";
				LIBRARY_SEARCH_PATHS = (
					"$(inherited)",
					"\"$(SRCROOT)/Studio 120/Plugins/phonegap-plugin-push/GCM/Libraries\"",
					"\"$(SRCROOT)/Studio 120/Plugins/phonegap-plugin-push/GCM/Libraries\"",
					"\"$(SRCROOT)/Studio 120/Plugins/phonegap-plugin-push/GCM/Libraries\"",
					"\"$(SRCROOT)/Studio 120/Plugins/phonegap-plugin-push/GCM/Libraries\"",
					"\"$(SRCROOT)/Studio 120/Plugins/phonegap-plugin-push/GCM/Libraries\"",
					"\"$(SRCROOT)/Studio 120/Plugins/phonegap-plugin-push/GCM/Libraries\"",
					"\"$(SRCROOT)/Studio 120/Plugins/phonegap-plugin-push/GCM/Libraries\"",
					"\"$(SRCROOT)/Studio 120/Plugins/phonegap-plugin-push/GCM/Libraries\"",
					"\"$(SRCROOT)/Studio 120/Plugins/phonegap-plugin-push/GCM/Libraries\"",
					"\"$(SRCROOT)/Studio 120/Plugins/phonegap-plugin-push/GCM/Libraries\"",
					"\"$(SRCROOT)/Studio 120/Plugins/phonegap-plugin-push/GCM/Libraries\"",
					"\"$(SRCROOT)/Studio 120/Plugins/phonegap-plugin-push/GCM/Libraries\"",
					"\"$(SRCROOT)/Studio 120/Plugins/phonegap-plugin-push/GCM/Libraries\"",
					"\"$(SRCROOT)/Studio 120/Plugins/phonegap-plugin-push/GCM/Libraries\"",
					"\"$(SRCROOT)/Studio 120/Plugins/phonegap-plugin-push/GCM/Libraries\"",
					"\"$(SRCROOT)/Studio 120/Plugins/phonegap-plugin-push/GCM/Libraries\"",
					"\"$(SRCROOT)/Studio 120/Plugins/phonegap-plugin-push/GCM/Libraries\"",
					"\"$(SRCROOT)/Studio 120/Plugins/phonegap-plugin-push/GCM/Libraries\"",
					"\"$(SRCROOT)/Studio 120/Plugins/phonegap-plugin-push/GCM/Libraries\"",
					"\"$(SRCROOT)/Studio 120/Plugins/phonegap-plugin-push/GCM/Libraries\"",
					"\"$(SRCROOT)/Studio 120/Plugins/phonegap-plugin-push/GCM/Libraries\"",
					"\"$(SRCROOT)/Studio 120/Plugins/phonegap-plugin-push/GCM/Libraries\"",
					"\"$(SRCROOT)/Studio 120/Plugins/phonegap-plugin-push/GCM/Libraries\"",
					"\"$(SRCROOT)/Studio 120/Plugins/phonegap-plugin-push/GCM/Libraries\"",
					"\"$(SRCROOT)/Studio 120/Plugins/phonegap-plugin-push/GCM/Libraries\"",
					"\"$(SRCROOT)/Studio 120/Plugins/phonegap-plugin-push/GCM/Libraries\"",
				);
			};
			name = Debug;
		};
		1D6058950D05DD3E006BFB54 /* Release */ = {
			isa = XCBuildConfiguration;
			baseConfigurationReference = 3047A5101AB8059700498E2A /* build-release.xcconfig */;
			buildSettings = {
				ALWAYS_SEARCH_USER_PATHS = NO;
				ASSETCATALOG_COMPILER_APPICON_NAME = AppIcon;
				ASSETCATALOG_COMPILER_LAUNCHIMAGE_NAME = LaunchImage;
				CLANG_ENABLE_MODULES = YES;
				CLANG_ENABLE_OBJC_ARC = YES;
				COPY_PHASE_STRIP = YES;
				GCC_PRECOMPILE_PREFIX_HEADER = YES;
				GCC_PREFIX_HEADER = "Studio 120/Studio 120-Prefix.pch";
				GCC_THUMB_SUPPORT = NO;
				GCC_VERSION = "";
				INFOPLIST_FILE = "Studio 120/Studio 120-Info.plist";
				IPHONEOS_DEPLOYMENT_TARGET = 8.0;
				LD_RUNPATH_SEARCH_PATHS = "@executable_path/Frameworks";
				TARGETED_DEVICE_FAMILY = "1,2";
				PRODUCT_NAME = "Studio 120";
				LIBRARY_SEARCH_PATHS = (
					"$(inherited)",
					"\"$(SRCROOT)/Studio 120/Plugins/phonegap-plugin-push/GCM/Libraries\"",
					"\"$(SRCROOT)/Studio 120/Plugins/phonegap-plugin-push/GCM/Libraries\"",
					"\"$(SRCROOT)/Studio 120/Plugins/phonegap-plugin-push/GCM/Libraries\"",
					"\"$(SRCROOT)/Studio 120/Plugins/phonegap-plugin-push/GCM/Libraries\"",
					"\"$(SRCROOT)/Studio 120/Plugins/phonegap-plugin-push/GCM/Libraries\"",
					"\"$(SRCROOT)/Studio 120/Plugins/phonegap-plugin-push/GCM/Libraries\"",
					"\"$(SRCROOT)/Studio 120/Plugins/phonegap-plugin-push/GCM/Libraries\"",
					"\"$(SRCROOT)/Studio 120/Plugins/phonegap-plugin-push/GCM/Libraries\"",
					"\"$(SRCROOT)/Studio 120/Plugins/phonegap-plugin-push/GCM/Libraries\"",
					"\"$(SRCROOT)/Studio 120/Plugins/phonegap-plugin-push/GCM/Libraries\"",
					"\"$(SRCROOT)/Studio 120/Plugins/phonegap-plugin-push/GCM/Libraries\"",
					"\"$(SRCROOT)/Studio 120/Plugins/phonegap-plugin-push/GCM/Libraries\"",
					"\"$(SRCROOT)/Studio 120/Plugins/phonegap-plugin-push/GCM/Libraries\"",
					"\"$(SRCROOT)/Studio 120/Plugins/phonegap-plugin-push/GCM/Libraries\"",
					"\"$(SRCROOT)/Studio 120/Plugins/phonegap-plugin-push/GCM/Libraries\"",
					"\"$(SRCROOT)/Studio 120/Plugins/phonegap-plugin-push/GCM/Libraries\"",
					"\"$(SRCROOT)/Studio 120/Plugins/phonegap-plugin-push/GCM/Libraries\"",
					"\"$(SRCROOT)/Studio 120/Plugins/phonegap-plugin-push/GCM/Libraries\"",
					"\"$(SRCROOT)/Studio 120/Plugins/phonegap-plugin-push/GCM/Libraries\"",
					"\"$(SRCROOT)/Studio 120/Plugins/phonegap-plugin-push/GCM/Libraries\"",
					"\"$(SRCROOT)/Studio 120/Plugins/phonegap-plugin-push/GCM/Libraries\"",
					"\"$(SRCROOT)/Studio 120/Plugins/phonegap-plugin-push/GCM/Libraries\"",
					"\"$(SRCROOT)/Studio 120/Plugins/phonegap-plugin-push/GCM/Libraries\"",
					"\"$(SRCROOT)/Studio 120/Plugins/phonegap-plugin-push/GCM/Libraries\"",
					"\"$(SRCROOT)/Studio 120/Plugins/phonegap-plugin-push/GCM/Libraries\"",
					"\"$(SRCROOT)/Studio 120/Plugins/phonegap-plugin-push/GCM/Libraries\"",
				);
			};
			name = Release;
		};
		C01FCF4F08A954540054247B /* Debug */ = {
			isa = XCBuildConfiguration;
			baseConfigurationReference = 3047A5111AB8059700498E2A /* build.xcconfig */;
			buildSettings = {
				CLANG_ENABLE_MODULES = YES;
				CLANG_ENABLE_OBJC_ARC = YES;
				CLANG_WARN_BOOL_CONVERSION = YES;
				CLANG_WARN_CONSTANT_CONVERSION = YES;
				CLANG_WARN_EMPTY_BODY = YES;
				CLANG_WARN_ENUM_CONVERSION = YES;
				CLANG_WARN_INT_CONVERSION = YES;
				CLANG_WARN__DUPLICATE_METHOD_MATCH = YES;
				GCC_C_LANGUAGE_STANDARD = c99;
				GCC_THUMB_SUPPORT = NO;
				GCC_VERSION = "";
				GCC_WARN_ABOUT_RETURN_TYPE = YES;
				GCC_WARN_UNDECLARED_SELECTOR = YES;
				GCC_WARN_UNINITIALIZED_AUTOS = YES;
				GCC_WARN_UNUSED_FUNCTION = YES;
				GCC_WARN_UNUSED_VARIABLE = YES;
				ONLY_ACTIVE_ARCH = YES;
				SDKROOT = iphoneos;
				SKIP_INSTALL = NO;
				TARGETED_DEVICE_FAMILY = "1,2";
				ASSETCATALOG_COMPILER_LAUNCHIMAGE_NAME = LaunchImage;
			};
			name = Debug;
		};
		C01FCF5008A954540054247B /* Release */ = {
			isa = XCBuildConfiguration;
			baseConfigurationReference = 3047A5111AB8059700498E2A /* build.xcconfig */;
			buildSettings = {
				CLANG_ENABLE_MODULES = YES;
				CLANG_ENABLE_OBJC_ARC = YES;
				CLANG_WARN_BOOL_CONVERSION = YES;
				CLANG_WARN_CONSTANT_CONVERSION = YES;
				CLANG_WARN_EMPTY_BODY = YES;
				CLANG_WARN_ENUM_CONVERSION = YES;
				CLANG_WARN_INT_CONVERSION = YES;
				CLANG_WARN__DUPLICATE_METHOD_MATCH = YES;
				GCC_C_LANGUAGE_STANDARD = c99;
				GCC_THUMB_SUPPORT = NO;
				GCC_VERSION = "";
				GCC_WARN_ABOUT_RETURN_TYPE = YES;
				GCC_WARN_UNDECLARED_SELECTOR = YES;
				GCC_WARN_UNINITIALIZED_AUTOS = YES;
				GCC_WARN_UNUSED_FUNCTION = YES;
				GCC_WARN_UNUSED_VARIABLE = YES;
				SDKROOT = iphoneos;
				SKIP_INSTALL = NO;
				TARGETED_DEVICE_FAMILY = "1,2";
				ASSETCATALOG_COMPILER_LAUNCHIMAGE_NAME = LaunchImage;
			};
			name = Release;
		};
/* End XCBuildConfiguration section */

/* Begin XCConfigurationList section */
		1D6058960D05DD3E006BFB54 /* Build configuration list for PBXNativeTarget "Studio 120" */ = {
			isa = XCConfigurationList;
			buildConfigurations = (
				1D6058940D05DD3E006BFB54 /* Debug */,
				1D6058950D05DD3E006BFB54 /* Release */,
			);
			defaultConfigurationIsVisible = 0;
			defaultConfigurationName = Release;
		};
		C01FCF4E08A954540054247B /* Build configuration list for PBXProject "__NON-CLI__" */ = {
			isa = XCConfigurationList;
			buildConfigurations = (
				C01FCF4F08A954540054247B /* Debug */,
				C01FCF5008A954540054247B /* Release */,
			);
			defaultConfigurationIsVisible = 0;
			defaultConfigurationName = Release;
		};
/* End XCConfigurationList section */
	};
	rootObject = 29B97313FDCFA39411CA2CEA /* Project object */;
}
