// !$*UTF8*$!
{
	archiveVersion = 1;
	classes = {
	};
	objectVersion = 46;
	objects = {
/* Begin PBXBuildFile section */
		0207DA581B56EA530066E2B4 /* Images.xcassets in Resources */ = {isa = PBXBuildFile; fileRef = 0207DA571B56EA530066E2B4 /* Images.xcassets */; };
		1D3623260D0F684500981E51 /* AppDelegate.m in Sources */ = {isa = PBXBuildFile; fileRef = 1D3623250D0F684500981E51 /* AppDelegate.m */; };
		1D60589B0D05DD56006BFB54 /* main.m in Sources */ = {isa = PBXBuildFile; fileRef = 29B97316FDCFA39411CA2CEA /* main.m */; };
		301BF552109A68D80062928A /* libCordova.a in Frameworks */ = {isa = PBXBuildFile; fileRef = 301BF535109A57CC0062928A /* libCordova.a */; };
		302D95F114D2391D003F00A1 /* MainViewController.m in Sources */ = {isa = PBXBuildFile; fileRef = 302D95EF14D2391D003F00A1 /* MainViewController.m */; };
		302D95F214D2391D003F00A1 /* MainViewController.xib in Resources */ = {isa = PBXBuildFile; fileRef = 302D95F014D2391D003F00A1 /* MainViewController.xib */; };
		3047A5121AB8059700498E2A /* build-debug.xcconfig in Resources */ = {isa = PBXBuildFile; fileRef = 3047A50F1AB8059700498E2A /* build-debug.xcconfig */; };
		3047A5131AB8059700498E2A /* build-release.xcconfig in Resources */ = {isa = PBXBuildFile; fileRef = 3047A5101AB8059700498E2A /* build-release.xcconfig */; };
		3047A5141AB8059700498E2A /* build.xcconfig in Resources */ = {isa = PBXBuildFile; fileRef = 3047A5111AB8059700498E2A /* build.xcconfig */; };
		6AFF5BF91D6E424B00AB3073 /* CDVLaunchScreen.storyboard in Resources */ = {isa = PBXBuildFile; fileRef = 6AFF5BF81D6E424B00AB3073 /* CDVLaunchScreen.storyboard */; };
		19D8DC9BB32C4FC68CE525E6 /* AppDelegate+notification.m in Sources */ = {isa = PBXBuildFile; fileRef = 0A7017554F364E5181153EF6 /* AppDelegate+notification.m */; };
		30EFF45636EF4B9CA85BB150 /* PushPlugin.m in Sources */ = {isa = PBXBuildFile; fileRef = 44DC490840264002A35EE602 /* PushPlugin.m */; };
		C2F378A6EAB3448C9DCAA943 /* libGGLCloudMessaging.a in Frameworks */ = {isa = PBXBuildFile; fileRef = 9016A27A96D043BD8A819359 /* libGGLCloudMessaging.a */; };
		6E325672BCEF46AA9DA4A728 /* libGGLCore.a in Frameworks */ = {isa = PBXBuildFile; fileRef = C3CF6EDEA7A84F0F9F15DD8D /* libGGLCore.a */; };
		8195ABDE4F2E40CFB6E75A7D /* libGGLInstanceIDLib.a in Frameworks */ = {isa = PBXBuildFile; fileRef = 5F5C2BDE34C4491BBCEEC48D /* libGGLInstanceIDLib.a */; };
		602786F0A90148669C52F832 /* libGIP_Reachability.a in Frameworks */ = {isa = PBXBuildFile; fileRef = 33DACEA124FC453EB08695DB /* libGIP_Reachability.a */; };
		1B74362E30144F788D290C43 /* libGSDK_Overload.a in Frameworks */ = {isa = PBXBuildFile; fileRef = 492A23656793464788195A76 /* libGSDK_Overload.a */; };
		6F78A10B1924463BB4E42614 /* libGTMSessionFetcher_core.a in Frameworks */ = {isa = PBXBuildFile; fileRef = 87201FDA95B345309BE44FC2 /* libGTMSessionFetcher_core.a */; };
		4902B2576338424DB614E007 /* libGTMSessionFetcher_full.a in Frameworks */ = {isa = PBXBuildFile; fileRef = DF16F90C203E46D0823C4F0D /* libGTMSessionFetcher_full.a */; };
		35B12B7638E44D0F94EF03F6 /* libGTMStackTrace.a in Frameworks */ = {isa = PBXBuildFile; fileRef = E8EBD557578C4B3697931C30 /* libGTMStackTrace.a */; };
		158D01C510E74FB0BE844C65 /* libGTM_AddressBook.a in Frameworks */ = {isa = PBXBuildFile; fileRef = A769241B7C034CAD808B2AB8 /* libGTM_AddressBook.a */; };
		BD84D445592E4ED9B6ED4CF3 /* libGTM_DebugUtils.a in Frameworks */ = {isa = PBXBuildFile; fileRef = 6AFD9C97010846D3B25E3061 /* libGTM_DebugUtils.a */; };
		4434390013B44A408EDFED62 /* libGTM_GTMURLBuilder.a in Frameworks */ = {isa = PBXBuildFile; fileRef = 0E431A0746634B9B8C138179 /* libGTM_GTMURLBuilder.a */; };
		D693C36E65A64130B06E5BC3 /* libGTM_KVO.a in Frameworks */ = {isa = PBXBuildFile; fileRef = BEE8C8DFD9444F8AB02A998D /* libGTM_KVO.a */; };
		EDEAEEE3D6B248CA9D321922 /* libGTM_NSData+zlib.a in Frameworks */ = {isa = PBXBuildFile; fileRef = 0061209F73594E51863E37CF /* libGTM_NSData+zlib.a */; };
		62E6F49078234BD5821EF33D /* libGTM_NSDictionary+URLArguments.a in Frameworks */ = {isa = PBXBuildFile; fileRef = 82E11B19E0D64A879AEA24CA /* libGTM_NSDictionary+URLArguments.a */; };
		EFF726803EDC4DF2ADCDEE44 /* libGTM_NSScannerJSON.a in Frameworks */ = {isa = PBXBuildFile; fileRef = F1F1B07DE67F4B70ABF0CD01 /* libGTM_NSScannerJSON.a */; };
		95CEB713867B4F72963B112C /* libGTM_NSStringHTML.a in Frameworks */ = {isa = PBXBuildFile; fileRef = 9912DF955DA74B61925A71E3 /* libGTM_NSStringHTML.a */; };
		E9C0D2B2D12F48C18C5C469D /* libGTM_NSStringXML.a in Frameworks */ = {isa = PBXBuildFile; fileRef = 53FFD8C167D748319448860A /* libGTM_NSStringXML.a */; };
		58B6C69A65BA474CB873B222 /* libGTM_Regex.a in Frameworks */ = {isa = PBXBuildFile; fileRef = 5A7887A761E540FFA1C9C2E6 /* libGTM_Regex.a */; };
		41015ADD90DA4A989DEA2449 /* libGTM_RoundedRectPath.a in Frameworks */ = {isa = PBXBuildFile; fileRef = 2FD2FB9A170F4D0A95F210BD /* libGTM_RoundedRectPath.a */; };
		F148542802EF4B6EBFA6A3E2 /* libGTM_StringEncoding.a in Frameworks */ = {isa = PBXBuildFile; fileRef = 934534A4BA2F40F990A0A2E7 /* libGTM_StringEncoding.a */; };
		62186B172905404B9E065471 /* libGTM_SystemVersion.a in Frameworks */ = {isa = PBXBuildFile; fileRef = E18ADDE852BA4D89995B97EE /* libGTM_SystemVersion.a */; };
		2D9B3B94E1C14D0B89536F46 /* libGTM_UIFont+LineHeight.a in Frameworks */ = {isa = PBXBuildFile; fileRef = 04A4BFB0B3C842F0B9A1566B /* libGTM_UIFont+LineHeight.a */; };
		7DAA46996123400B8A21FDF1 /* libGTM_core.a in Frameworks */ = {isa = PBXBuildFile; fileRef = 0921108F6C7F41BC8E27AD94 /* libGTM_core.a */; };
		F581E6ECE0C84885A693846D /* libGTM_iPhone.a in Frameworks */ = {isa = PBXBuildFile; fileRef = 03A54DAB831A4424A8DA6893 /* libGTM_iPhone.a */; };
		EF947283E8F04F3DA66D2553 /* libGcmLib.a in Frameworks */ = {isa = PBXBuildFile; fileRef = 8B9FF91F9BB44593901702DB /* libGcmLib.a */; };
		FA542096BD7A4013A08B9566 /* libProtocolBuffers.a in Frameworks */ = {isa = PBXBuildFile; fileRef = 977BB87AE5FE4EC1AD40C67B /* libProtocolBuffers.a */; };
		EC68C7FB48774B7499696534 /* AddressBook.framework in Frameworks */ = {isa = PBXBuildFile; fileRef = 4D7E083377F44CC7B64BD1F3 /* AddressBook.framework */; };
		688475283A524CFFB8B66C3C /* libsqlite3.tbd in Frameworks */ = {isa = PBXBuildFile; fileRef = 47D64478D62E466E9FD737F9 /* libsqlite3.tbd */; };
		A71B7CFE7B534FABA5C41C5F /* libz.tbd in Frameworks */ = {isa = PBXBuildFile; fileRef = 4E442C6E03FA4F5C882B9038 /* libz.tbd */; };
		16F877FB1B924D3ABB41A01F /* CDVDevice.m in Sources */ = {isa = PBXBuildFile; fileRef = 619A5852C41E400780C4F82F /* CDVDevice.m */; };
		BB9145614E3D479BADD2D697 /* CDVNotification.m in Sources */ = {isa = PBXBuildFile; fileRef = 1A4C6CDCBF78417A880CE58F /* CDVNotification.m */; };
		930BF6948BD0495AA004FEED /* CDVNotification.bundle in Resources */ = {isa = PBXBuildFile; fileRef = 91400930984E44BBB5446546 /* CDVNotification.bundle */; };
		B6782FF00AA4494F9F6D9AE7 /* AudioToolbox.framework in Frameworks */ = {isa = PBXBuildFile; fileRef = 94DFF3C18DD4450292DCF558 /* AudioToolbox.framework */; settings = {ATTRIBUTES = (Weak, ); }; };
		2021A04E827F4BE9BC824545 /* CDVInAppBrowser.m in Sources */ = {isa = PBXBuildFile; fileRef = F9C474A39EB648CA848EA7A7 /* CDVInAppBrowser.m */; };
		C65E0B3D71B742DB8D277A5B /* CDVConnection.m in Sources */ = {isa = PBXBuildFile; fileRef = F4D64A9CA93D4340BA90EBE9 /* CDVConnection.m */; };
		7022ABDDEBE446E8A33CB03C /* CDVReachability.m in Sources */ = {isa = PBXBuildFile; fileRef = 4482AE9DB7064D18BC6608EE /* CDVReachability.m */; };
		FBEEE52FE3BF49178975FF41 /* SystemConfiguration.framework in Frameworks */ = {isa = PBXBuildFile; fileRef = 4C45E242010646CC874415CB /* SystemConfiguration.framework */; settings = {ATTRIBUTES = (Weak, ); }; };
		422015093DC5435D9424A726 /* CoreTelephony.framework in Frameworks */ = {isa = PBXBuildFile; fileRef = 50B4C980FE74466BACC5DB21 /* CoreTelephony.framework */; };
		6F96B18A2AB2476F98B7B394 /* CDVStatusBar.m in Sources */ = {isa = PBXBuildFile; fileRef = E69715A68467414689803EE7 /* CDVStatusBar.m */; };
		B6AA7C534F274FACBEFFCDBC /* CDVContacts.m in Sources */ = {isa = PBXBuildFile; fileRef = 33C881D89DAE41C1981EC35D /* CDVContacts.m */; };
		F39221EA735540C6AA35AB46 /* CDVContact.m in Sources */ = {isa = PBXBuildFile; fileRef = 672B588DF7FC427EACF8387B /* CDVContact.m */; };
		DC5849CCBB564AD49BC85BD8 /* AddressBookUI.framework in Frameworks */ = {isa = PBXBuildFile; fileRef = 271D980F9A8349D59C8F9C38 /* AddressBookUI.framework */; settings = {ATTRIBUTES = (Weak, ); }; };
		DF6B3C776CEA49FDA5F59AE7 /* NSString+SSURLEncoding.m in Sources */ = {isa = PBXBuildFile; fileRef = 1FD34BB27CA54FCFB8971F66 /* NSString+SSURLEncoding.m */; };
		0FEA168196C34CE1B842C15C /* SocialSharing.m in Sources */ = {isa = PBXBuildFile; fileRef = DB5898CBBBFE437BABBBD9D0 /* SocialSharing.m */; };
		380B061737A04672BF8FF360 /* Social.framework in Frameworks */ = {isa = PBXBuildFile; fileRef = 0BA34CC7EEB946DB93168CB9 /* Social.framework */; settings = {ATTRIBUTES = (Weak, ); }; };
		EDD3B93FDDF942E881236FD5 /* MessageUI.framework in Frameworks */ = {isa = PBXBuildFile; fileRef = FD5E85DC15534B6CB9784D45 /* MessageUI.framework */; settings = {ATTRIBUTES = (Weak, ); }; };
/* End PBXBuildFile section */

/* Begin PBXContainerItemProxy section */
		301BF534109A57CC0062928A /* PBXContainerItemProxy */ = {
			isa = PBXContainerItemProxy;
			containerPortal = 301BF52D109A57CC0062928A /* CordovaLib.xcodeproj */;
			proxyType = 2;
			remoteGlobalIDString = D2AAC07E0554694100DB518D;
			remoteInfo = CordovaLib;
		};
		301BF550109A68C00062928A /* PBXContainerItemProxy */ = {
			isa = PBXContainerItemProxy;
			containerPortal = 301BF52D109A57CC0062928A /* CordovaLib.xcodeproj */;
			proxyType = 1;
			remoteGlobalIDString = D2AAC07D0554694100DB518D;
			remoteInfo = CordovaLib;
		};
/* End PBXContainerItemProxy section */

/* Begin PBXFileReference section */
		0207DA571B56EA530066E2B4 /* Images.xcassets */ = {isa = PBXFileReference; lastKnownFileType = folder.assetcatalog; name = Images.xcassets; path = "Studio 120/Images.xcassets"; sourceTree = SOURCE_ROOT; };
		1D3623240D0F684500981E51 /* AppDelegate.h */ = {isa = PBXFileReference; fileEncoding = 4; lastKnownFileType = sourcecode.c.h; path = AppDelegate.h; sourceTree = "<group>"; };
		1D3623250D0F684500981E51 /* AppDelegate.m */ = {isa = PBXFileReference; fileEncoding = 4; lastKnownFileType = sourcecode.c.objc; path = AppDelegate.m; sourceTree = "<group>"; };
		1D6058910D05DD3D006BFB54 /* Studio 120.app */ = {isa = PBXFileReference; explicitFileType = wrapper.application; includeInIndex = 0; path = "Studio 120.app"; sourceTree = BUILT_PRODUCTS_DIR; };
		29B97316FDCFA39411CA2CEA /* main.m */ = {isa = PBXFileReference; fileEncoding = 4; lastKnownFileType = sourcecode.c.objc; path = main.m; sourceTree = "<group>"; };
		301BF52D109A57CC0062928A /* CordovaLib.xcodeproj */ = {isa = PBXFileReference; lastKnownFileType = "wrapper.pb-project"; name = CordovaLib.xcodeproj; path = CordovaLib/CordovaLib.xcodeproj; sourceTree = "<group>"; };
		301BF56E109A69640062928A /* www */ = {isa = PBXFileReference; lastKnownFileType = folder; path = www; sourceTree = SOURCE_ROOT; };
		302D95EE14D2391D003F00A1 /* MainViewController.h */ = {isa = PBXFileReference; fileEncoding = 4; lastKnownFileType = sourcecode.c.h; path = MainViewController.h; sourceTree = "<group>"; };
		302D95EF14D2391D003F00A1 /* MainViewController.m */ = {isa = PBXFileReference; fileEncoding = 4; lastKnownFileType = sourcecode.c.objc; path = MainViewController.m; sourceTree = "<group>"; };
		302D95F014D2391D003F00A1 /* MainViewController.xib */ = {isa = PBXFileReference; fileEncoding = 4; lastKnownFileType = file.xib; path = MainViewController.xib; sourceTree = "<group>"; };
		3047A50F1AB8059700498E2A /* build-debug.xcconfig */ = {isa = PBXFileReference; fileEncoding = 4; lastKnownFileType = text.xcconfig; name = "build-debug.xcconfig"; path = cordova/build-debug.xcconfig; sourceTree = SOURCE_ROOT; };
		3047A5101AB8059700498E2A /* build-release.xcconfig */ = {isa = PBXFileReference; fileEncoding = 4; lastKnownFileType = text.xcconfig; name = "build-release.xcconfig"; path = cordova/build-release.xcconfig; sourceTree = SOURCE_ROOT; };
		3047A5111AB8059700498E2A /* build.xcconfig */ = {isa = PBXFileReference; fileEncoding = 4; lastKnownFileType = text.xcconfig; name = build.xcconfig; path = cordova/build.xcconfig; sourceTree = SOURCE_ROOT; };
		32CA4F630368D1EE00C91783 /* Studio 120-Prefix.pch */ = {isa = PBXFileReference; fileEncoding = 4; lastKnownFileType = sourcecode.c.h; path = "Studio 120-Prefix.pch"; sourceTree = "<group>"; };
		6AFF5BF81D6E424B00AB3073 /* CDVLaunchScreen.storyboard */ = {isa = PBXFileReference; fileEncoding = 4; lastKnownFileType = file.storyboard; name = CDVLaunchScreen.storyboard; path = "Studio 120/CDVLaunchScreen.storyboard"; sourceTree = SOURCE_ROOT; };
		8D1107310486CEB800E47090 /* Studio 120-Info.plist */ = {isa = PBXFileReference; fileEncoding = 4; lastKnownFileType = text.plist.xml; name = "Studio 120-Info.plist"; path = "Studio 120/Studio 120-Info.plist"; plistStructureDefinitionIdentifier = "com.apple.xcode.plist.structure-definition.iphone.info-plist"; sourceTree = SOURCE_ROOT; };
		EB87FDF31871DA8E0020F90C /* www */ = {isa = PBXFileReference; lastKnownFileType = folder; name = www; path = ../../www; sourceTree = "<group>"; };
		EB87FDF41871DAF40020F90C /* config.xml */ = {isa = PBXFileReference; lastKnownFileType = text.xml; name = config.xml; path = ../../config.xml; sourceTree = "<group>"; };
		F840E1F0165FE0F500CFE078 /* config.xml */ = {isa = PBXFileReference; lastKnownFileType = text.xml; name = config.xml; path = "Studio 120/config.xml"; sourceTree = "<group>"; };
		ED33DF2A687741AEAF9F8254 /* Bridging-Header.h */ = {isa = PBXFileReference; fileEncoding = 4; lastKnownFileType = sourcecode.c.h; name = "Bridging-Header.h"; path = "Bridging-Header.h"; sourceTree = "<group>"; };
		0A7017554F364E5181153EF6 /* AppDelegate+notification.m */ = {isa = PBXFileReference; name = "AppDelegate+notification.m"; path = "phonegap-plugin-push/AppDelegate+notification.m"; sourceTree = "<group>"; fileEncoding = 4; lastKnownFileType = sourcecode.c.objc; explicitFileType = undefined; includeInIndex = 0; };
		44DC490840264002A35EE602 /* PushPlugin.m */ = {isa = PBXFileReference; name = "PushPlugin.m"; path = "phonegap-plugin-push/PushPlugin.m"; sourceTree = "<group>"; fileEncoding = 4; lastKnownFileType = sourcecode.c.objc; explicitFileType = undefined; includeInIndex = 0; };
		9016A27A96D043BD8A819359 /* libGGLCloudMessaging.a */ = {isa = PBXFileReference; name = "libGGLCloudMessaging.a"; path = "Studio 120/Plugins/phonegap-plugin-push/GCM/Libraries/libGGLCloudMessaging.a"; sourceTree = "<group>"; fileEncoding = undefined; lastKnownFileType = archive.ar; explicitFileType = undefined; includeInIndex = 0; };
		C3CF6EDEA7A84F0F9F15DD8D /* libGGLCore.a */ = {isa = PBXFileReference; name = "libGGLCore.a"; path = "Studio 120/Plugins/phonegap-plugin-push/GCM/Libraries/libGGLCore.a"; sourceTree = "<group>"; fileEncoding = undefined; lastKnownFileType = archive.ar; explicitFileType = undefined; includeInIndex = 0; };
		5F5C2BDE34C4491BBCEEC48D /* libGGLInstanceIDLib.a */ = {isa = PBXFileReference; name = "libGGLInstanceIDLib.a"; path = "Studio 120/Plugins/phonegap-plugin-push/GCM/Libraries/libGGLInstanceIDLib.a"; sourceTree = "<group>"; fileEncoding = undefined; lastKnownFileType = archive.ar; explicitFileType = undefined; includeInIndex = 0; };
		33DACEA124FC453EB08695DB /* libGIP_Reachability.a */ = {isa = PBXFileReference; name = "libGIP_Reachability.a"; path = "Studio 120/Plugins/phonegap-plugin-push/GCM/Libraries/libGIP_Reachability.a"; sourceTree = "<group>"; fileEncoding = undefined; lastKnownFileType = archive.ar; explicitFileType = undefined; includeInIndex = 0; };
		492A23656793464788195A76 /* libGSDK_Overload.a */ = {isa = PBXFileReference; name = "libGSDK_Overload.a"; path = "Studio 120/Plugins/phonegap-plugin-push/GCM/Libraries/libGSDK_Overload.a"; sourceTree = "<group>"; fileEncoding = undefined; lastKnownFileType = archive.ar; explicitFileType = undefined; includeInIndex = 0; };
		87201FDA95B345309BE44FC2 /* libGTMSessionFetcher_core.a */ = {isa = PBXFileReference; name = "libGTMSessionFetcher_core.a"; path = "Studio 120/Plugins/phonegap-plugin-push/GCM/Libraries/libGTMSessionFetcher_core.a"; sourceTree = "<group>"; fileEncoding = undefined; lastKnownFileType = archive.ar; explicitFileType = undefined; includeInIndex = 0; };
		DF16F90C203E46D0823C4F0D /* libGTMSessionFetcher_full.a */ = {isa = PBXFileReference; name = "libGTMSessionFetcher_full.a"; path = "Studio 120/Plugins/phonegap-plugin-push/GCM/Libraries/libGTMSessionFetcher_full.a"; sourceTree = "<group>"; fileEncoding = undefined; lastKnownFileType = archive.ar; explicitFileType = undefined; includeInIndex = 0; };
		E8EBD557578C4B3697931C30 /* libGTMStackTrace.a */ = {isa = PBXFileReference; name = "libGTMStackTrace.a"; path = "Studio 120/Plugins/phonegap-plugin-push/GCM/Libraries/libGTMStackTrace.a"; sourceTree = "<group>"; fileEncoding = undefined; lastKnownFileType = archive.ar; explicitFileType = undefined; includeInIndex = 0; };
		A769241B7C034CAD808B2AB8 /* libGTM_AddressBook.a */ = {isa = PBXFileReference; name = "libGTM_AddressBook.a"; path = "Studio 120/Plugins/phonegap-plugin-push/GCM/Libraries/libGTM_AddressBook.a"; sourceTree = "<group>"; fileEncoding = undefined; lastKnownFileType = archive.ar; explicitFileType = undefined; includeInIndex = 0; };
		6AFD9C97010846D3B25E3061 /* libGTM_DebugUtils.a */ = {isa = PBXFileReference; name = "libGTM_DebugUtils.a"; path = "Studio 120/Plugins/phonegap-plugin-push/GCM/Libraries/libGTM_DebugUtils.a"; sourceTree = "<group>"; fileEncoding = undefined; lastKnownFileType = archive.ar; explicitFileType = undefined; includeInIndex = 0; };
		0E431A0746634B9B8C138179 /* libGTM_GTMURLBuilder.a */ = {isa = PBXFileReference; name = "libGTM_GTMURLBuilder.a"; path = "Studio 120/Plugins/phonegap-plugin-push/GCM/Libraries/libGTM_GTMURLBuilder.a"; sourceTree = "<group>"; fileEncoding = undefined; lastKnownFileType = archive.ar; explicitFileType = undefined; includeInIndex = 0; };
		BEE8C8DFD9444F8AB02A998D /* libGTM_KVO.a */ = {isa = PBXFileReference; name = "libGTM_KVO.a"; path = "Studio 120/Plugins/phonegap-plugin-push/GCM/Libraries/libGTM_KVO.a"; sourceTree = "<group>"; fileEncoding = undefined; lastKnownFileType = archive.ar; explicitFileType = undefined; includeInIndex = 0; };
		0061209F73594E51863E37CF /* libGTM_NSData+zlib.a */ = {isa = PBXFileReference; name = "libGTM_NSData+zlib.a"; path = "Studio 120/Plugins/phonegap-plugin-push/GCM/Libraries/libGTM_NSData+zlib.a"; sourceTree = "<group>"; fileEncoding = undefined; lastKnownFileType = archive.ar; explicitFileType = undefined; includeInIndex = 0; };
		82E11B19E0D64A879AEA24CA /* libGTM_NSDictionary+URLArguments.a */ = {isa = PBXFileReference; name = "libGTM_NSDictionary+URLArguments.a"; path = "Studio 120/Plugins/phonegap-plugin-push/GCM/Libraries/libGTM_NSDictionary+URLArguments.a"; sourceTree = "<group>"; fileEncoding = undefined; lastKnownFileType = archive.ar; explicitFileType = undefined; includeInIndex = 0; };
		F1F1B07DE67F4B70ABF0CD01 /* libGTM_NSScannerJSON.a */ = {isa = PBXFileReference; name = "libGTM_NSScannerJSON.a"; path = "Studio 120/Plugins/phonegap-plugin-push/GCM/Libraries/libGTM_NSScannerJSON.a"; sourceTree = "<group>"; fileEncoding = undefined; lastKnownFileType = archive.ar; explicitFileType = undefined; includeInIndex = 0; };
		9912DF955DA74B61925A71E3 /* libGTM_NSStringHTML.a */ = {isa = PBXFileReference; name = "libGTM_NSStringHTML.a"; path = "Studio 120/Plugins/phonegap-plugin-push/GCM/Libraries/libGTM_NSStringHTML.a"; sourceTree = "<group>"; fileEncoding = undefined; lastKnownFileType = archive.ar; explicitFileType = undefined; includeInIndex = 0; };
		53FFD8C167D748319448860A /* libGTM_NSStringXML.a */ = {isa = PBXFileReference; name = "libGTM_NSStringXML.a"; path = "Studio 120/Plugins/phonegap-plugin-push/GCM/Libraries/libGTM_NSStringXML.a"; sourceTree = "<group>"; fileEncoding = undefined; lastKnownFileType = archive.ar; explicitFileType = undefined; includeInIndex = 0; };
		5A7887A761E540FFA1C9C2E6 /* libGTM_Regex.a */ = {isa = PBXFileReference; name = "libGTM_Regex.a"; path = "Studio 120/Plugins/phonegap-plugin-push/GCM/Libraries/libGTM_Regex.a"; sourceTree = "<group>"; fileEncoding = undefined; lastKnownFileType = archive.ar; explicitFileType = undefined; includeInIndex = 0; };
		2FD2FB9A170F4D0A95F210BD /* libGTM_RoundedRectPath.a */ = {isa = PBXFileReference; name = "libGTM_RoundedRectPath.a"; path = "Studio 120/Plugins/phonegap-plugin-push/GCM/Libraries/libGTM_RoundedRectPath.a"; sourceTree = "<group>"; fileEncoding = undefined; lastKnownFileType = archive.ar; explicitFileType = undefined; includeInIndex = 0; };
		934534A4BA2F40F990A0A2E7 /* libGTM_StringEncoding.a */ = {isa = PBXFileReference; name = "libGTM_StringEncoding.a"; path = "Studio 120/Plugins/phonegap-plugin-push/GCM/Libraries/libGTM_StringEncoding.a"; sourceTree = "<group>"; fileEncoding = undefined; lastKnownFileType = archive.ar; explicitFileType = undefined; includeInIndex = 0; };
		E18ADDE852BA4D89995B97EE /* libGTM_SystemVersion.a */ = {isa = PBXFileReference; name = "libGTM_SystemVersion.a"; path = "Studio 120/Plugins/phonegap-plugin-push/GCM/Libraries/libGTM_SystemVersion.a"; sourceTree = "<group>"; fileEncoding = undefined; lastKnownFileType = archive.ar; explicitFileType = undefined; includeInIndex = 0; };
		04A4BFB0B3C842F0B9A1566B /* libGTM_UIFont+LineHeight.a */ = {isa = PBXFileReference; name = "libGTM_UIFont+LineHeight.a"; path = "Studio 120/Plugins/phonegap-plugin-push/GCM/Libraries/libGTM_UIFont+LineHeight.a"; sourceTree = "<group>"; fileEncoding = undefined; lastKnownFileType = archive.ar; explicitFileType = undefined; includeInIndex = 0; };
		0921108F6C7F41BC8E27AD94 /* libGTM_core.a */ = {isa = PBXFileReference; name = "libGTM_core.a"; path = "Studio 120/Plugins/phonegap-plugin-push/GCM/Libraries/libGTM_core.a"; sourceTree = "<group>"; fileEncoding = undefined; lastKnownFileType = archive.ar; explicitFileType = undefined; includeInIndex = 0; };
		03A54DAB831A4424A8DA6893 /* libGTM_iPhone.a */ = {isa = PBXFileReference; name = "libGTM_iPhone.a"; path = "Studio 120/Plugins/phonegap-plugin-push/GCM/Libraries/libGTM_iPhone.a"; sourceTree = "<group>"; fileEncoding = undefined; lastKnownFileType = archive.ar; explicitFileType = undefined; includeInIndex = 0; };
		8B9FF91F9BB44593901702DB /* libGcmLib.a */ = {isa = PBXFileReference; name = "libGcmLib.a"; path = "Studio 120/Plugins/phonegap-plugin-push/GCM/Libraries/libGcmLib.a"; sourceTree = "<group>"; fileEncoding = undefined; lastKnownFileType = archive.ar; explicitFileType = undefined; includeInIndex = 0; };
		977BB87AE5FE4EC1AD40C67B /* libProtocolBuffers.a */ = {isa = PBXFileReference; name = "libProtocolBuffers.a"; path = "Studio 120/Plugins/phonegap-plugin-push/GCM/Libraries/libProtocolBuffers.a"; sourceTree = "<group>"; fileEncoding = undefined; lastKnownFileType = archive.ar; explicitFileType = undefined; includeInIndex = 0; };
		E1C00A7EE2994CC38F3952E8 /* AppDelegate+notification.h */ = {isa = PBXFileReference; name = "AppDelegate+notification.h"; path = "phonegap-plugin-push/AppDelegate+notification.h"; sourceTree = "<group>"; fileEncoding = 4; lastKnownFileType = sourcecode.c.h; explicitFileType = undefined; includeInIndex = 0; };
		9A0801C2C2F246859BEF940D /* PushPlugin.h */ = {isa = PBXFileReference; name = "PushPlugin.h"; path = "phonegap-plugin-push/PushPlugin.h"; sourceTree = "<group>"; fileEncoding = 4; lastKnownFileType = sourcecode.c.h; explicitFileType = undefined; includeInIndex = 0; };
		6B318C9D331346DEA1AD9327 /* GGLInstanceID.h */ = {isa = PBXFileReference; name = "GGLInstanceID.h"; path = "phonegap-plugin-push/GCM/Headers/GGLInstanceID.h"; sourceTree = "<group>"; fileEncoding = 4; lastKnownFileType = sourcecode.c.h; explicitFileType = undefined; includeInIndex = 0; };
		628A76333C76455F804C446F /* GGLInstanceIDConfig.h */ = {isa = PBXFileReference; name = "GGLInstanceIDConfig.h"; path = "phonegap-plugin-push/GCM/Headers/GGLInstanceIDConfig.h"; sourceTree = "<group>"; fileEncoding = 4; lastKnownFileType = sourcecode.c.h; explicitFileType = undefined; includeInIndex = 0; };
		74580C1031CE4429BA642290 /* GGLInstanceIDDelegate.h */ = {isa = PBXFileReference; name = "GGLInstanceIDDelegate.h"; path = "phonegap-plugin-push/GCM/Headers/GGLInstanceIDDelegate.h"; sourceTree = "<group>"; fileEncoding = 4; lastKnownFileType = sourcecode.c.h; explicitFileType = undefined; includeInIndex = 0; };
		7BA0294CCFB14F2BA15D0A67 /* GGLInstanceIDHeaders.h */ = {isa = PBXFileReference; name = "GGLInstanceIDHeaders.h"; path = "phonegap-plugin-push/GCM/Headers/GGLInstanceIDHeaders.h"; sourceTree = "<group>"; fileEncoding = 4; lastKnownFileType = sourcecode.c.h; explicitFileType = undefined; includeInIndex = 0; };
		8BEAEEF98E0049198B8F1396 /* CloudMessaging.h */ = {isa = PBXFileReference; name = "CloudMessaging.h"; path = "phonegap-plugin-push/GCM/Headers/CloudMessaging.h"; sourceTree = "<group>"; fileEncoding = 4; lastKnownFileType = sourcecode.c.h; explicitFileType = undefined; includeInIndex = 0; };
		E14E909F84424B059F82F11F /* GGLContext+CloudMessaging.h */ = {isa = PBXFileReference; name = "GGLContext+CloudMessaging.h"; path = "phonegap-plugin-push/GCM/Headers/GGLContext+CloudMessaging.h"; sourceTree = "<group>"; fileEncoding = 4; lastKnownFileType = sourcecode.c.h; explicitFileType = undefined; includeInIndex = 0; };
		DD5186726F97465994EC0350 /* Core.h */ = {isa = PBXFileReference; name = "Core.h"; path = "phonegap-plugin-push/GCM/Headers/Core.h"; sourceTree = "<group>"; fileEncoding = 4; lastKnownFileType = sourcecode.c.h; explicitFileType = undefined; includeInIndex = 0; };
		AD0B54AEB9BE4229B0C8A1F3 /* GGLConfiguration.h */ = {isa = PBXFileReference; name = "GGLConfiguration.h"; path = "phonegap-plugin-push/GCM/Headers/GGLConfiguration.h"; sourceTree = "<group>"; fileEncoding = 4; lastKnownFileType = sourcecode.c.h; explicitFileType = undefined; includeInIndex = 0; };
		40EBFC5957DB481FA72AA2BE /* GGLContext.h */ = {isa = PBXFileReference; name = "GGLContext.h"; path = "phonegap-plugin-push/GCM/Headers/GGLContext.h"; sourceTree = "<group>"; fileEncoding = 4; lastKnownFileType = sourcecode.c.h; explicitFileType = undefined; includeInIndex = 0; };
		C003B6C8EF614715948A984F /* GGLErrorCode.h */ = {isa = PBXFileReference; name = "GGLErrorCode.h"; path = "phonegap-plugin-push/GCM/Headers/GGLErrorCode.h"; sourceTree = "<group>"; fileEncoding = 4; lastKnownFileType = sourcecode.c.h; explicitFileType = undefined; includeInIndex = 0; };
		851634B9B9724B65976EBA30 /* GCMConfig.h */ = {isa = PBXFileReference; name = "GCMConfig.h"; path = "phonegap-plugin-push/GCM/Headers/GCMConfig.h"; sourceTree = "<group>"; fileEncoding = 4; lastKnownFileType = sourcecode.c.h; explicitFileType = undefined; includeInIndex = 0; };
		A0E96A6744FD4B4F862D4F64 /* GCMPubSub.h */ = {isa = PBXFileReference; name = "GCMPubSub.h"; path = "phonegap-plugin-push/GCM/Headers/GCMPubSub.h"; sourceTree = "<group>"; fileEncoding = 4; lastKnownFileType = sourcecode.c.h; explicitFileType = undefined; includeInIndex = 0; };
		7C96FCA7321A4DE7AB24A9F4 /* GCMReceiverDelegate.h */ = {isa = PBXFileReference; name = "GCMReceiverDelegate.h"; path = "phonegap-plugin-push/GCM/Headers/GCMReceiverDelegate.h"; sourceTree = "<group>"; fileEncoding = 4; lastKnownFileType = sourcecode.c.h; explicitFileType = undefined; includeInIndex = 0; };
		3F0D08C82CD046709BF38FE1 /* GCMService.h */ = {isa = PBXFileReference; name = "GCMService.h"; path = "phonegap-plugin-push/GCM/Headers/GCMService.h"; sourceTree = "<group>"; fileEncoding = 4; lastKnownFileType = sourcecode.c.h; explicitFileType = undefined; includeInIndex = 0; };
		A329620B6C7E4C3995B13259 /* GoogleCloudMessaging.h */ = {isa = PBXFileReference; name = "GoogleCloudMessaging.h"; path = "phonegap-plugin-push/GCM/Headers/GoogleCloudMessaging.h"; sourceTree = "<group>"; fileEncoding = 4; lastKnownFileType = sourcecode.c.h; explicitFileType = undefined; includeInIndex = 0; };
		4D7E083377F44CC7B64BD1F3 /* AddressBook.framework */ = {isa = PBXFileReference; name = "AddressBook.framework"; path = "System/Library/Frameworks/AddressBook.framework"; sourceTree = SDKROOT; fileEncoding = undefined; lastKnownFileType = wrapper.framework; explicitFileType = undefined; includeInIndex = 0; };
		47D64478D62E466E9FD737F9 /* libsqlite3.tbd */ = {isa = PBXFileReference; name = "libsqlite3.tbd"; path = "usr/lib/libsqlite3.tbd"; sourceTree = SDKROOT; fileEncoding = undefined; lastKnownFileType = sourcecode.text-based-dylib-definition; explicitFileType = undefined; includeInIndex = 0; };
		4E442C6E03FA4F5C882B9038 /* libz.tbd */ = {isa = PBXFileReference; name = "libz.tbd"; path = "usr/lib/libz.tbd"; sourceTree = SDKROOT; fileEncoding = undefined; lastKnownFileType = sourcecode.text-based-dylib-definition; explicitFileType = undefined; includeInIndex = 0; };
		619A5852C41E400780C4F82F /* CDVDevice.m */ = {isa = PBXFileReference; name = "CDVDevice.m"; path = "cordova-plugin-device/CDVDevice.m"; sourceTree = "<group>"; fileEncoding = 4; lastKnownFileType = sourcecode.c.objc; explicitFileType = undefined; includeInIndex = 0; };
		B466208DD2A246EFA05A767C /* CDVDevice.h */ = {isa = PBXFileReference; name = "CDVDevice.h"; path = "cordova-plugin-device/CDVDevice.h"; sourceTree = "<group>"; fileEncoding = 4; lastKnownFileType = sourcecode.c.h; explicitFileType = undefined; includeInIndex = 0; };
		1A4C6CDCBF78417A880CE58F /* CDVNotification.m */ = {isa = PBXFileReference; name = "CDVNotification.m"; path = "cordova-plugin-dialogs/CDVNotification.m"; sourceTree = "<group>"; fileEncoding = 4; lastKnownFileType = sourcecode.c.objc; explicitFileType = undefined; includeInIndex = 0; };
		71CBC58FFB4843F38EA557CD /* CDVNotification.h */ = {isa = PBXFileReference; name = "CDVNotification.h"; path = "cordova-plugin-dialogs/CDVNotification.h"; sourceTree = "<group>"; fileEncoding = 4; lastKnownFileType = sourcecode.c.h; explicitFileType = undefined; includeInIndex = 0; };
		91400930984E44BBB5446546 /* CDVNotification.bundle */ = {isa = PBXFileReference; name = "CDVNotification.bundle"; path = "CDVNotification.bundle"; sourceTree = "<group>"; fileEncoding = undefined; lastKnownFileType = wrapper.plug-in; explicitFileType = undefined; includeInIndex = 0; };
		94DFF3C18DD4450292DCF558 /* AudioToolbox.framework */ = {isa = PBXFileReference; name = "AudioToolbox.framework"; path = "System/Library/Frameworks/AudioToolbox.framework"; sourceTree = SDKROOT; fileEncoding = undefined; lastKnownFileType = wrapper.framework; explicitFileType = undefined; includeInIndex = 0; };
		F9C474A39EB648CA848EA7A7 /* CDVInAppBrowser.m */ = {isa = PBXFileReference; name = "CDVInAppBrowser.m"; path = "cordova-plugin-inappbrowser/CDVInAppBrowser.m"; sourceTree = "<group>"; fileEncoding = 4; lastKnownFileType = sourcecode.c.objc; explicitFileType = undefined; includeInIndex = 0; };
		9D5403AAE2CF4DDF836D7026 /* CDVInAppBrowser.h */ = {isa = PBXFileReference; name = "CDVInAppBrowser.h"; path = "cordova-plugin-inappbrowser/CDVInAppBrowser.h"; sourceTree = "<group>"; fileEncoding = 4; lastKnownFileType = sourcecode.c.h; explicitFileType = undefined; includeInIndex = 0; };
		F4D64A9CA93D4340BA90EBE9 /* CDVConnection.m */ = {isa = PBXFileReference; name = "CDVConnection.m"; path = "cordova-plugin-network-information/CDVConnection.m"; sourceTree = "<group>"; fileEncoding = 4; lastKnownFileType = sourcecode.c.objc; explicitFileType = undefined; includeInIndex = 0; };
		4482AE9DB7064D18BC6608EE /* CDVReachability.m */ = {isa = PBXFileReference; name = "CDVReachability.m"; path = "cordova-plugin-network-information/CDVReachability.m"; sourceTree = "<group>"; fileEncoding = 4; lastKnownFileType = sourcecode.c.objc; explicitFileType = undefined; includeInIndex = 0; };
		A612D554AA3B43D7B1F5EF57 /* CDVConnection.h */ = {isa = PBXFileReference; name = "CDVConnection.h"; path = "cordova-plugin-network-information/CDVConnection.h"; sourceTree = "<group>"; fileEncoding = 4; lastKnownFileType = sourcecode.c.h; explicitFileType = undefined; includeInIndex = 0; };
		2CB3F85C8C2445B4B2B65BD5 /* CDVReachability.h */ = {isa = PBXFileReference; name = "CDVReachability.h"; path = "cordova-plugin-network-information/CDVReachability.h"; sourceTree = "<group>"; fileEncoding = 4; lastKnownFileType = sourcecode.c.h; explicitFileType = undefined; includeInIndex = 0; };
		4C45E242010646CC874415CB /* SystemConfiguration.framework */ = {isa = PBXFileReference; name = "SystemConfiguration.framework"; path = "System/Library/Frameworks/SystemConfiguration.framework"; sourceTree = SDKROOT; fileEncoding = undefined; lastKnownFileType = wrapper.framework; explicitFileType = undefined; includeInIndex = 0; };
		50B4C980FE74466BACC5DB21 /* CoreTelephony.framework */ = {isa = PBXFileReference; name = "CoreTelephony.framework"; path = "System/Library/Frameworks/CoreTelephony.framework"; sourceTree = SDKROOT; fileEncoding = undefined; lastKnownFileType = wrapper.framework; explicitFileType = undefined; includeInIndex = 0; };
		E69715A68467414689803EE7 /* CDVStatusBar.m */ = {isa = PBXFileReference; name = "CDVStatusBar.m"; path = "cordova-plugin-statusbar/CDVStatusBar.m"; sourceTree = "<group>"; fileEncoding = 4; lastKnownFileType = sourcecode.c.objc; explicitFileType = undefined; includeInIndex = 0; };
		D44620AD33834E1382DA6462 /* CDVStatusBar.h */ = {isa = PBXFileReference; name = "CDVStatusBar.h"; path = "cordova-plugin-statusbar/CDVStatusBar.h"; sourceTree = "<group>"; fileEncoding = 4; lastKnownFileType = sourcecode.c.h; explicitFileType = undefined; includeInIndex = 0; };
		33C881D89DAE41C1981EC35D /* CDVContacts.m */ = {isa = PBXFileReference; name = "CDVContacts.m"; path = "cordova-plugin-contacts/CDVContacts.m"; sourceTree = "<group>"; fileEncoding = 4; lastKnownFileType = sourcecode.c.objc; explicitFileType = undefined; includeInIndex = 0; };
		672B588DF7FC427EACF8387B /* CDVContact.m */ = {isa = PBXFileReference; name = "CDVContact.m"; path = "cordova-plugin-contacts/CDVContact.m"; sourceTree = "<group>"; fileEncoding = 4; lastKnownFileType = sourcecode.c.objc; explicitFileType = undefined; includeInIndex = 0; };
		1B6421DF5B734B40A54FE7BD /* CDVContacts.h */ = {isa = PBXFileReference; name = "CDVContacts.h"; path = "cordova-plugin-contacts/CDVContacts.h"; sourceTree = "<group>"; fileEncoding = 4; lastKnownFileType = sourcecode.c.h; explicitFileType = undefined; includeInIndex = 0; };
		94339696C7E640C29104A036 /* CDVContact.h */ = {isa = PBXFileReference; name = "CDVContact.h"; path = "cordova-plugin-contacts/CDVContact.h"; sourceTree = "<group>"; fileEncoding = 4; lastKnownFileType = sourcecode.c.h; explicitFileType = undefined; includeInIndex = 0; };
		271D980F9A8349D59C8F9C38 /* AddressBookUI.framework */ = {isa = PBXFileReference; name = "AddressBookUI.framework"; path = "System/Library/Frameworks/AddressBookUI.framework"; sourceTree = SDKROOT; fileEncoding = undefined; lastKnownFileType = wrapper.framework; explicitFileType = undefined; includeInIndex = 0; };
		1FD34BB27CA54FCFB8971F66 /* NSString+SSURLEncoding.m */ = {isa = PBXFileReference; name = "NSString+SSURLEncoding.m"; path = "cordova-plugin-x-socialsharing/NSString+SSURLEncoding.m"; sourceTree = "<group>"; fileEncoding = 4; lastKnownFileType = sourcecode.c.objc; explicitFileType = undefined; includeInIndex = 0; };
		DB5898CBBBFE437BABBBD9D0 /* SocialSharing.m */ = {isa = PBXFileReference; name = "SocialSharing.m"; path = "cordova-plugin-x-socialsharing/SocialSharing.m"; sourceTree = "<group>"; fileEncoding = 4; lastKnownFileType = sourcecode.c.objc; explicitFileType = undefined; includeInIndex = 0; };
		0FD3E136508E43D5BF32929C /* NSString+SSURLEncoding.h */ = {isa = PBXFileReference; name = "NSString+SSURLEncoding.h"; path = "cordova-plugin-x-socialsharing/NSString+SSURLEncoding.h"; sourceTree = "<group>"; fileEncoding = 4; lastKnownFileType = sourcecode.c.h; explicitFileType = undefined; includeInIndex = 0; };
		128523B0B5D648F4AEE0B83B /* SocialSharing.h */ = {isa = PBXFileReference; name = "SocialSharing.h"; path = "cordova-plugin-x-socialsharing/SocialSharing.h"; sourceTree = "<group>"; fileEncoding = 4; lastKnownFileType = sourcecode.c.h; explicitFileType = undefined; includeInIndex = 0; };
		0BA34CC7EEB946DB93168CB9 /* Social.framework */ = {isa = PBXFileReference; name = "Social.framework"; path = "System/Library/Frameworks/Social.framework"; sourceTree = SDKROOT; fileEncoding = undefined; lastKnownFileType = wrapper.framework; explicitFileType = undefined; includeInIndex = 0; };
		FD5E85DC15534B6CB9784D45 /* MessageUI.framework */ = {isa = PBXFileReference; name = "MessageUI.framework"; path = "System/Library/Frameworks/MessageUI.framework"; sourceTree = SDKROOT; fileEncoding = undefined; lastKnownFileType = wrapper.framework; explicitFileType = undefined; includeInIndex = 0; };
/* End PBXFileReference section */

/* Begin PBXFrameworksBuildPhase section */
		1D60588F0D05DD3D006BFB54 /* Frameworks */ = {
			isa = PBXFrameworksBuildPhase;
			buildActionMask = 2147483647;
			files = (
				301BF552109A68D80062928A /* libCordova.a in Frameworks */,
				C2F378A6EAB3448C9DCAA943 /* libGGLCloudMessaging.a in Frameworks */,
				6E325672BCEF46AA9DA4A728 /* libGGLCore.a in Frameworks */,
				8195ABDE4F2E40CFB6E75A7D /* libGGLInstanceIDLib.a in Frameworks */,
				602786F0A90148669C52F832 /* libGIP_Reachability.a in Frameworks */,
				1B74362E30144F788D290C43 /* libGSDK_Overload.a in Frameworks */,
				6F78A10B1924463BB4E42614 /* libGTMSessionFetcher_core.a in Frameworks */,
				4902B2576338424DB614E007 /* libGTMSessionFetcher_full.a in Frameworks */,
				35B12B7638E44D0F94EF03F6 /* libGTMStackTrace.a in Frameworks */,
				158D01C510E74FB0BE844C65 /* libGTM_AddressBook.a in Frameworks */,
				BD84D445592E4ED9B6ED4CF3 /* libGTM_DebugUtils.a in Frameworks */,
				4434390013B44A408EDFED62 /* libGTM_GTMURLBuilder.a in Frameworks */,
				D693C36E65A64130B06E5BC3 /* libGTM_KVO.a in Frameworks */,
				EDEAEEE3D6B248CA9D321922 /* libGTM_NSData+zlib.a in Frameworks */,
				62E6F49078234BD5821EF33D /* libGTM_NSDictionary+URLArguments.a in Frameworks */,
				EFF726803EDC4DF2ADCDEE44 /* libGTM_NSScannerJSON.a in Frameworks */,
				95CEB713867B4F72963B112C /* libGTM_NSStringHTML.a in Frameworks */,
				E9C0D2B2D12F48C18C5C469D /* libGTM_NSStringXML.a in Frameworks */,
				58B6C69A65BA474CB873B222 /* libGTM_Regex.a in Frameworks */,
				41015ADD90DA4A989DEA2449 /* libGTM_RoundedRectPath.a in Frameworks */,
				F148542802EF4B6EBFA6A3E2 /* libGTM_StringEncoding.a in Frameworks */,
				62186B172905404B9E065471 /* libGTM_SystemVersion.a in Frameworks */,
				2D9B3B94E1C14D0B89536F46 /* libGTM_UIFont+LineHeight.a in Frameworks */,
				7DAA46996123400B8A21FDF1 /* libGTM_core.a in Frameworks */,
				F581E6ECE0C84885A693846D /* libGTM_iPhone.a in Frameworks */,
				EF947283E8F04F3DA66D2553 /* libGcmLib.a in Frameworks */,
				FA542096BD7A4013A08B9566 /* libProtocolBuffers.a in Frameworks */,
				EC68C7FB48774B7499696534 /* AddressBook.framework in Frameworks */,
				688475283A524CFFB8B66C3C /* libsqlite3.tbd in Frameworks */,
				A71B7CFE7B534FABA5C41C5F /* libz.tbd in Frameworks */,
				B6782FF00AA4494F9F6D9AE7 /* AudioToolbox.framework in Frameworks */,
				FBEEE52FE3BF49178975FF41 /* SystemConfiguration.framework in Frameworks */,
				422015093DC5435D9424A726 /* CoreTelephony.framework in Frameworks */,
				DC5849CCBB564AD49BC85BD8 /* AddressBookUI.framework in Frameworks */,
				380B061737A04672BF8FF360 /* Social.framework in Frameworks */,
				EDD3B93FDDF942E881236FD5 /* MessageUI.framework in Frameworks */,
			);
			runOnlyForDeploymentPostprocessing = 0;
		};
/* End PBXFrameworksBuildPhase section */

/* Begin PBXGroup section */
		080E96DDFE201D6D7F000001 /* Classes */ = {
			isa = PBXGroup;
			children = (
				302D95EE14D2391D003F00A1 /* MainViewController.h */,
				302D95EF14D2391D003F00A1 /* MainViewController.m */,
				302D95F014D2391D003F00A1 /* MainViewController.xib */,
				1D3623240D0F684500981E51 /* AppDelegate.h */,
				1D3623250D0F684500981E51 /* AppDelegate.m */,
			);
			name = Classes;
			path = "Studio 120/Classes";
			sourceTree = SOURCE_ROOT;
		};
		19C28FACFE9D520D11CA2CBB /* Products */ = {
			isa = PBXGroup;
			children = (
				1D6058910D05DD3D006BFB54 /* Studio 120.app */,
			);
			name = Products;
			sourceTree = "<group>";
		};
		29B97314FDCFA39411CA2CEA /* CustomTemplate */ = {
			isa = PBXGroup;
			children = (
				EB87FDF41871DAF40020F90C /* config.xml */,
				EB87FDF31871DA8E0020F90C /* www */,
				EB87FDF11871DA420020F90C /* Staging */,
				301BF52D109A57CC0062928A /* CordovaLib.xcodeproj */,
				080E96DDFE201D6D7F000001 /* Classes */,
				307C750510C5A3420062BCA9 /* Plugins */,
				29B97315FDCFA39411CA2CEA /* Other Sources */,
				29B97317FDCFA39411CA2CEA /* Resources */,
				29B97323FDCFA39411CA2CEA /* Frameworks */,
				19C28FACFE9D520D11CA2CBB /* Products */,
			);
			name = CustomTemplate;
			sourceTree = "<group>";
		};
		29B97315FDCFA39411CA2CEA /* Other Sources */ = {
			isa = PBXGroup;
			children = (
				32CA4F630368D1EE00C91783 /* Studio 120-Prefix.pch */,
				29B97316FDCFA39411CA2CEA /* main.m */,
				ED33DF2A687741AEAF9F8254 /* Bridging-Header.h */,
			);
			name = "Other Sources";
			path = "Studio 120";
			sourceTree = "<group>";
		};
		29B97317FDCFA39411CA2CEA /* Resources */ = {
			isa = PBXGroup;
			children = (
				0207DA571B56EA530066E2B4 /* Images.xcassets */,
				3047A50E1AB8057F00498E2A /* config */,
				8D1107310486CEB800E47090 /* Studio 120-Info.plist */,
				6AFF5BF81D6E424B00AB3073 /* CDVLaunchScreen.storyboard */,
				91400930984E44BBB5446546 /* CDVNotification.bundle */,
			);
			name = Resources;
			path = "Studio 120/Resources";
			sourceTree = "<group>";
		};
		29B97323FDCFA39411CA2CEA /* Frameworks */ = {
			isa = PBXGroup;
			children = (
				9016A27A96D043BD8A819359 /* libGGLCloudMessaging.a */,
				C3CF6EDEA7A84F0F9F15DD8D /* libGGLCore.a */,
				5F5C2BDE34C4491BBCEEC48D /* libGGLInstanceIDLib.a */,
				33DACEA124FC453EB08695DB /* libGIP_Reachability.a */,
				492A23656793464788195A76 /* libGSDK_Overload.a */,
				87201FDA95B345309BE44FC2 /* libGTMSessionFetcher_core.a */,
				DF16F90C203E46D0823C4F0D /* libGTMSessionFetcher_full.a */,
				E8EBD557578C4B3697931C30 /* libGTMStackTrace.a */,
				A769241B7C034CAD808B2AB8 /* libGTM_AddressBook.a */,
				6AFD9C97010846D3B25E3061 /* libGTM_DebugUtils.a */,
				0E431A0746634B9B8C138179 /* libGTM_GTMURLBuilder.a */,
				BEE8C8DFD9444F8AB02A998D /* libGTM_KVO.a */,
				0061209F73594E51863E37CF /* libGTM_NSData+zlib.a */,
				82E11B19E0D64A879AEA24CA /* libGTM_NSDictionary+URLArguments.a */,
				F1F1B07DE67F4B70ABF0CD01 /* libGTM_NSScannerJSON.a */,
				9912DF955DA74B61925A71E3 /* libGTM_NSStringHTML.a */,
				53FFD8C167D748319448860A /* libGTM_NSStringXML.a */,
				5A7887A761E540FFA1C9C2E6 /* libGTM_Regex.a */,
				2FD2FB9A170F4D0A95F210BD /* libGTM_RoundedRectPath.a */,
				934534A4BA2F40F990A0A2E7 /* libGTM_StringEncoding.a */,
				E18ADDE852BA4D89995B97EE /* libGTM_SystemVersion.a */,
				04A4BFB0B3C842F0B9A1566B /* libGTM_UIFont+LineHeight.a */,
				0921108F6C7F41BC8E27AD94 /* libGTM_core.a */,
				03A54DAB831A4424A8DA6893 /* libGTM_iPhone.a */,
				8B9FF91F9BB44593901702DB /* libGcmLib.a */,
				977BB87AE5FE4EC1AD40C67B /* libProtocolBuffers.a */,
				4D7E083377F44CC7B64BD1F3 /* AddressBook.framework */,
				47D64478D62E466E9FD737F9 /* libsqlite3.tbd */,
				4E442C6E03FA4F5C882B9038 /* libz.tbd */,
				94DFF3C18DD4450292DCF558 /* AudioToolbox.framework */,
				4C45E242010646CC874415CB /* SystemConfiguration.framework */,
				50B4C980FE74466BACC5DB21 /* CoreTelephony.framework */,
				271D980F9A8349D59C8F9C38 /* AddressBookUI.framework */,
				0BA34CC7EEB946DB93168CB9 /* Social.framework */,
				FD5E85DC15534B6CB9784D45 /* MessageUI.framework */,
			);
			name = Frameworks;
			sourceTree = "<group>";
		};
		301BF52E109A57CC0062928A /* Products */ = {
			isa = PBXGroup;
			children = (
				301BF535109A57CC0062928A /* libCordova.a */,
			);
			name = Products;
			sourceTree = "<group>";
		};
		3047A50E1AB8057F00498E2A /* config */ = {
			isa = PBXGroup;
			children = (
				3047A50F1AB8059700498E2A /* build-debug.xcconfig */,
				3047A5101AB8059700498E2A /* build-release.xcconfig */,
				3047A5111AB8059700498E2A /* build.xcconfig */,
			);
			name = config;
			sourceTree = "<group>";
		};
		307C750510C5A3420062BCA9 /* Plugins */ = {
			isa = PBXGroup;
			children = (
				0A7017554F364E5181153EF6 /* AppDelegate+notification.m */,
				44DC490840264002A35EE602 /* PushPlugin.m */,
				E1C00A7EE2994CC38F3952E8 /* AppDelegate+notification.h */,
				9A0801C2C2F246859BEF940D /* PushPlugin.h */,
				6B318C9D331346DEA1AD9327 /* GGLInstanceID.h */,
				628A76333C76455F804C446F /* GGLInstanceIDConfig.h */,
				74580C1031CE4429BA642290 /* GGLInstanceIDDelegate.h */,
				7BA0294CCFB14F2BA15D0A67 /* GGLInstanceIDHeaders.h */,
				8BEAEEF98E0049198B8F1396 /* CloudMessaging.h */,
				E14E909F84424B059F82F11F /* GGLContext+CloudMessaging.h */,
				DD5186726F97465994EC0350 /* Core.h */,
				AD0B54AEB9BE4229B0C8A1F3 /* GGLConfiguration.h */,
				40EBFC5957DB481FA72AA2BE /* GGLContext.h */,
				C003B6C8EF614715948A984F /* GGLErrorCode.h */,
				851634B9B9724B65976EBA30 /* GCMConfig.h */,
				A0E96A6744FD4B4F862D4F64 /* GCMPubSub.h */,
				7C96FCA7321A4DE7AB24A9F4 /* GCMReceiverDelegate.h */,
				3F0D08C82CD046709BF38FE1 /* GCMService.h */,
				A329620B6C7E4C3995B13259 /* GoogleCloudMessaging.h */,
				619A5852C41E400780C4F82F /* CDVDevice.m */,
				B466208DD2A246EFA05A767C /* CDVDevice.h */,
				1A4C6CDCBF78417A880CE58F /* CDVNotification.m */,
				71CBC58FFB4843F38EA557CD /* CDVNotification.h */,
				F9C474A39EB648CA848EA7A7 /* CDVInAppBrowser.m */,
				9D5403AAE2CF4DDF836D7026 /* CDVInAppBrowser.h */,
				F4D64A9CA93D4340BA90EBE9 /* CDVConnection.m */,
				4482AE9DB7064D18BC6608EE /* CDVReachability.m */,
				A612D554AA3B43D7B1F5EF57 /* CDVConnection.h */,
				2CB3F85C8C2445B4B2B65BD5 /* CDVReachability.h */,
				E69715A68467414689803EE7 /* CDVStatusBar.m */,
				D44620AD33834E1382DA6462 /* CDVStatusBar.h */,
				33C881D89DAE41C1981EC35D /* CDVContacts.m */,
				672B588DF7FC427EACF8387B /* CDVContact.m */,
				1B6421DF5B734B40A54FE7BD /* CDVContacts.h */,
				94339696C7E640C29104A036 /* CDVContact.h */,
				1FD34BB27CA54FCFB8971F66 /* NSString+SSURLEncoding.m */,
				DB5898CBBBFE437BABBBD9D0 /* SocialSharing.m */,
				0FD3E136508E43D5BF32929C /* NSString+SSURLEncoding.h */,
				128523B0B5D648F4AEE0B83B /* SocialSharing.h */,
			);
			name = Plugins;
			path = "Studio 120/Plugins";
			sourceTree = SOURCE_ROOT;
		};
		EB87FDF11871DA420020F90C /* Staging */ = {
			isa = PBXGroup;
			children = (
				F840E1F0165FE0F500CFE078 /* config.xml */,
				301BF56E109A69640062928A /* www */,
			);
			name = Staging;
			sourceTree = "<group>";
		};
/* End PBXGroup section */

/* Begin PBXNativeTarget section */
		1D6058900D05DD3D006BFB54 /* Studio 120 */ = {
			isa = PBXNativeTarget;
			buildConfigurationList = 1D6058960D05DD3E006BFB54 /* Build configuration list for PBXNativeTarget "Studio 120" */;
			buildPhases = (
				304B58A110DAC018002A0835 /* Copy www directory */,
				1D60588D0D05DD3D006BFB54 /* Resources */,
				1D60588E0D05DD3D006BFB54 /* Sources */,
				1D60588F0D05DD3D006BFB54 /* Frameworks */,
			);
			buildRules = (
			);
			dependencies = (
				301BF551109A68C00062928A /* PBXTargetDependency */,
			);
			name = "Studio 120";
			productName = "Studio 120";
			productReference = 1D6058910D05DD3D006BFB54 /* Studio 120.app */;
			productType = "com.apple.product-type.application";
		};
/* End PBXNativeTarget section */

/* Begin PBXProject section */
		29B97313FDCFA39411CA2CEA /* Project object */ = {
			isa = PBXProject;
			attributes = {
				LastUpgradeCheck = 510;
			};
			buildConfigurationList = C01FCF4E08A954540054247B /* Build configuration list for PBXProject "__NON-CLI__" */;
			compatibilityVersion = "Xcode 3.2";
			developmentRegion = English;
			hasScannedForEncodings = 1;
			mainGroup = 29B97314FDCFA39411CA2CEA /* CustomTemplate */;
			projectDirPath = "";
			projectReferences = (
				{
					ProductGroup = 301BF52E109A57CC0062928A /* Products */;
					ProjectRef = 301BF52D109A57CC0062928A /* CordovaLib.xcodeproj */;
				},
			);
			projectRoot = "";
			targets = (
				1D6058900D05DD3D006BFB54 /* Studio 120 */,
			);
		};
/* End PBXProject section */

/* Begin PBXReferenceProxy section */
		301BF535109A57CC0062928A /* libCordova.a */ = {
			isa = PBXReferenceProxy;
			fileType = archive.ar;
			path = libCordova.a;
			remoteRef = 301BF534109A57CC0062928A /* PBXContainerItemProxy */;
			sourceTree = BUILT_PRODUCTS_DIR;
		};
/* End PBXReferenceProxy section */

/* Begin PBXResourcesBuildPhase section */
		1D60588D0D05DD3D006BFB54 /* Resources */ = {
			isa = PBXResourcesBuildPhase;
			buildActionMask = 2147483647;
			files = (
				302D95F214D2391D003F00A1 /* MainViewController.xib in Resources */,
				0207DA581B56EA530066E2B4 /* Images.xcassets in Resources */,
				6AFF5BF91D6E424B00AB3073 /* CDVLaunchScreen.storyboard in Resources */,
				930BF6948BD0495AA004FEED /* CDVNotification.bundle in Resources */,
			);
			runOnlyForDeploymentPostprocessing = 0;
		};
/* End PBXResourcesBuildPhase section */

/* Begin PBXShellScriptBuildPhase section */
		304B58A110DAC018002A0835 /* Copy www directory */ = {
			isa = PBXShellScriptBuildPhase;
			buildActionMask = 2147483647;
			files = (
			);
			inputPaths = (
			);
			name = "Copy www directory";
			outputPaths = (
			);
			runOnlyForDeploymentPostprocessing = 0;
			shellPath = /bin/sh;
			shellScript = "NODEJS_PATH=/usr/local/bin; NVM_NODE_PATH=~/.nvm/versions/node/`nvm version 2>/dev/null`/bin; N_NODE_PATH=`find /usr/local/n/versions/node/* -maxdepth 0 -type d 2>/dev/null | tail -1`/bin; XCODE_NODE_PATH=`xcode-select --print-path`/usr/share/xcs/Node/bin; PATH=$NODEJS_PATH:$NVM_NODE_PATH:$N_NODE_PATH:$XCODE_NODE_PATH:$PATH && node cordova/lib/copy-www-build-step.js";
			showEnvVarsInLog = 0;
		};
/* End PBXShellScriptBuildPhase section */

/* Begin PBXSourcesBuildPhase section */
		1D60588E0D05DD3D006BFB54 /* Sources */ = {
			isa = PBXSourcesBuildPhase;
			buildActionMask = 2147483647;
			files = (
				1D60589B0D05DD56006BFB54 /* main.m in Sources */,
				1D3623260D0F684500981E51 /* AppDelegate.m in Sources */,
				302D95F114D2391D003F00A1 /* MainViewController.m in Sources */,
				19D8DC9BB32C4FC68CE525E6 /* AppDelegate+notification.m in Sources */,
				30EFF45636EF4B9CA85BB150 /* PushPlugin.m in Sources */,
				16F877FB1B924D3ABB41A01F /* CDVDevice.m in Sources */,
				BB9145614E3D479BADD2D697 /* CDVNotification.m in Sources */,
				2021A04E827F4BE9BC824545 /* CDVInAppBrowser.m in Sources */,
				C65E0B3D71B742DB8D277A5B /* CDVConnection.m in Sources */,
				7022ABDDEBE446E8A33CB03C /* CDVReachability.m in Sources */,
				6F96B18A2AB2476F98B7B394 /* CDVStatusBar.m in Sources */,
				B6AA7C534F274FACBEFFCDBC /* CDVContacts.m in Sources */,
				F39221EA735540C6AA35AB46 /* CDVContact.m in Sources */,
				DF6B3C776CEA49FDA5F59AE7 /* NSString+SSURLEncoding.m in Sources */,
				0FEA168196C34CE1B842C15C /* SocialSharing.m in Sources */,
			);
			runOnlyForDeploymentPostprocessing = 0;
		};
/* End PBXSourcesBuildPhase section */

/* Begin PBXTargetDependency section */
		301BF551109A68C00062928A /* PBXTargetDependency */ = {
			isa = PBXTargetDependency;
			name = CordovaLib;
			targetProxy = 301BF550109A68C00062928A /* PBXContainerItemProxy */;
		};
/* End PBXTargetDependency section */

/* Begin XCBuildConfiguration section */
		1D6058940D05DD3E006BFB54 /* Debug */ = {
			isa = XCBuildConfiguration;
			baseConfigurationReference = 3047A50F1AB8059700498E2A /* build-debug.xcconfig */;
			buildSettings = {
				ALWAYS_SEARCH_USER_PATHS = NO;
				ASSETCATALOG_COMPILER_APPICON_NAME = AppIcon;
				ASSETCATALOG_COMPILER_LAUNCHIMAGE_NAME = LaunchImage;
				CLANG_ENABLE_MODULES = YES;
				CLANG_ENABLE_OBJC_ARC = YES;
				COPY_PHASE_STRIP = NO;
				GCC_DYNAMIC_NO_PIC = NO;
				GCC_OPTIMIZATION_LEVEL = 0;
				GCC_PRECOMPILE_PREFIX_HEADER = YES;
				GCC_PREFIX_HEADER = "Studio 120/Studio 120-Prefix.pch";
				GCC_THUMB_SUPPORT = NO;
				GCC_VERSION = "";
				INFOPLIST_FILE = "Studio 120/Studio 120-Info.plist";
				IPHONEOS_DEPLOYMENT_TARGET = 8.0;
				LD_RUNPATH_SEARCH_PATHS = "@executable_path/Frameworks";
				TARGETED_DEVICE_FAMILY = "1,2";
				PRODUCT_NAME = "Studio 120";
				LIBRARY_SEARCH_PATHS = (
					"$(inherited)",
					"\"$(SRCROOT)/Studio 120/Plugins/phonegap-plugin-push/GCM/Libraries\"",
					"\"$(SRCROOT)/Studio 120/Plugins/phonegap-plugin-push/GCM/Libraries\"",
					"\"$(SRCROOT)/Studio 120/Plugins/phonegap-plugin-push/GCM/Libraries\"",
					"\"$(SRCROOT)/Studio 120/Plugins/phonegap-plugin-push/GCM/Libraries\"",
					"\"$(SRCROOT)/Studio 120/Plugins/phonegap-plugin-push/GCM/Libraries\"",
					"\"$(SRCROOT)/Studio 120/Plugins/phonegap-plugin-push/GCM/Libraries\"",
					"\"$(SRCROOT)/Studio 120/Plugins/phonegap-plugin-push/GCM/Libraries\"",
					"\"$(SRCROOT)/Studio 120/Plugins/phonegap-plugin-push/GCM/Libraries\"",
					"\"$(SRCROOT)/Studio 120/Plugins/phonegap-plugin-push/GCM/Libraries\"",
					"\"$(SRCROOT)/Studio 120/Plugins/phonegap-plugin-push/GCM/Libraries\"",
					"\"$(SRCROOT)/Studio 120/Plugins/phonegap-plugin-push/GCM/Libraries\"",
					"\"$(SRCROOT)/Studio 120/Plugins/phonegap-plugin-push/GCM/Libraries\"",
					"\"$(SRCROOT)/Studio 120/Plugins/phonegap-plugin-push/GCM/Libraries\"",
					"\"$(SRCROOT)/Studio 120/Plugins/phonegap-plugin-push/GCM/Libraries\"",
					"\"$(SRCROOT)/Studio 120/Plugins/phonegap-plugin-push/GCM/Libraries\"",
					"\"$(SRCROOT)/Studio 120/Plugins/phonegap-plugin-push/GCM/Libraries\"",
					"\"$(SRCROOT)/Studio 120/Plugins/phonegap-plugin-push/GCM/Libraries\"",
					"\"$(SRCROOT)/Studio 120/Plugins/phonegap-plugin-push/GCM/Libraries\"",
					"\"$(SRCROOT)/Studio 120/Plugins/phonegap-plugin-push/GCM/Libraries\"",
					"\"$(SRCROOT)/Studio 120/Plugins/phonegap-plugin-push/GCM/Libraries\"",
					"\"$(SRCROOT)/Studio 120/Plugins/phonegap-plugin-push/GCM/Libraries\"",
					"\"$(SRCROOT)/Studio 120/Plugins/phonegap-plugin-push/GCM/Libraries\"",
					"\"$(SRCROOT)/Studio 120/Plugins/phonegap-plugin-push/GCM/Libraries\"",
					"\"$(SRCROOT)/Studio 120/Plugins/phonegap-plugin-push/GCM/Libraries\"",
					"\"$(SRCROOT)/Studio 120/Plugins/phonegap-plugin-push/GCM/Libraries\"",
					"\"$(SRCROOT)/Studio 120/Plugins/phonegap-plugin-push/GCM/Libraries\"",
				);
			};
			name = Debug;
		};
		1D6058950D05DD3E006BFB54 /* Release */ = {
			isa = XCBuildConfiguration;
			baseConfigurationReference = 3047A5101AB8059700498E2A /* build-release.xcconfig */;
			buildSettings = {
				ALWAYS_SEARCH_USER_PATHS = NO;
				ASSETCATALOG_COMPILER_APPICON_NAME = AppIcon;
				ASSETCATALOG_COMPILER_LAUNCHIMAGE_NAME = LaunchImage;
				CLANG_ENABLE_MODULES = YES;
				CLANG_ENABLE_OBJC_ARC = YES;
				COPY_PHASE_STRIP = YES;
				GCC_PRECOMPILE_PREFIX_HEADER = YES;
				GCC_PREFIX_HEADER = "Studio 120/Studio 120-Prefix.pch";
				GCC_THUMB_SUPPORT = NO;
				GCC_VERSION = "";
				INFOPLIST_FILE = "Studio 120/Studio 120-Info.plist";
				IPHONEOS_DEPLOYMENT_TARGET = 8.0;
				LD_RUNPATH_SEARCH_PATHS = "@executable_path/Frameworks";
				TARGETED_DEVICE_FAMILY = "1,2";
				PRODUCT_NAME = "Studio 120";
				LIBRARY_SEARCH_PATHS = (
					"$(inherited)",
					"\"$(SRCROOT)/Studio 120/Plugins/phonegap-plugin-push/GCM/Libraries\"",
					"\"$(SRCROOT)/Studio 120/Plugins/phonegap-plugin-push/GCM/Libraries\"",
					"\"$(SRCROOT)/Studio 120/Plugins/phonegap-plugin-push/GCM/Libraries\"",
					"\"$(SRCROOT)/Studio 120/Plugins/phonegap-plugin-push/GCM/Libraries\"",
					"\"$(SRCROOT)/Studio 120/Plugins/phonegap-plugin-push/GCM/Libraries\"",
					"\"$(SRCROOT)/Studio 120/Plugins/phonegap-plugin-push/GCM/Libraries\"",
					"\"$(SRCROOT)/Studio 120/Plugins/phonegap-plugin-push/GCM/Libraries\"",
					"\"$(SRCROOT)/Studio 120/Plugins/phonegap-plugin-push/GCM/Libraries\"",
					"\"$(SRCROOT)/Studio 120/Plugins/phonegap-plugin-push/GCM/Libraries\"",
					"\"$(SRCROOT)/Studio 120/Plugins/phonegap-plugin-push/GCM/Libraries\"",
					"\"$(SRCROOT)/Studio 120/Plugins/phonegap-plugin-push/GCM/Libraries\"",
					"\"$(SRCROOT)/Studio 120/Plugins/phonegap-plugin-push/GCM/Libraries\"",
					"\"$(SRCROOT)/Studio 120/Plugins/phonegap-plugin-push/GCM/Libraries\"",
					"\"$(SRCROOT)/Studio 120/Plugins/phonegap-plugin-push/GCM/Libraries\"",
					"\"$(SRCROOT)/Studio 120/Plugins/phonegap-plugin-push/GCM/Libraries\"",
					"\"$(SRCROOT)/Studio 120/Plugins/phonegap-plugin-push/GCM/Libraries\"",
					"\"$(SRCROOT)/Studio 120/Plugins/phonegap-plugin-push/GCM/Libraries\"",
					"\"$(SRCROOT)/Studio 120/Plugins/phonegap-plugin-push/GCM/Libraries\"",
					"\"$(SRCROOT)/Studio 120/Plugins/phonegap-plugin-push/GCM/Libraries\"",
					"\"$(SRCROOT)/Studio 120/Plugins/phonegap-plugin-push/GCM/Libraries\"",
					"\"$(SRCROOT)/Studio 120/Plugins/phonegap-plugin-push/GCM/Libraries\"",
					"\"$(SRCROOT)/Studio 120/Plugins/phonegap-plugin-push/GCM/Libraries\"",
					"\"$(SRCROOT)/Studio 120/Plugins/phonegap-plugin-push/GCM/Libraries\"",
					"\"$(SRCROOT)/Studio 120/Plugins/phonegap-plugin-push/GCM/Libraries\"",
					"\"$(SRCROOT)/Studio 120/Plugins/phonegap-plugin-push/GCM/Libraries\"",
					"\"$(SRCROOT)/Studio 120/Plugins/phonegap-plugin-push/GCM/Libraries\"",
				);
			};
			name = Release;
		};
		C01FCF4F08A954540054247B /* Debug */ = {
			isa = XCBuildConfiguration;
			baseConfigurationReference = 3047A5111AB8059700498E2A /* build.xcconfig */;
			buildSettings = {
				CLANG_ENABLE_MODULES = YES;
				CLANG_ENABLE_OBJC_ARC = YES;
				CLANG_WARN_BOOL_CONVERSION = YES;
				CLANG_WARN_CONSTANT_CONVERSION = YES;
				CLANG_WARN_EMPTY_BODY = YES;
				CLANG_WARN_ENUM_CONVERSION = YES;
				CLANG_WARN_INT_CONVERSION = YES;
				CLANG_WARN__DUPLICATE_METHOD_MATCH = YES;
				GCC_C_LANGUAGE_STANDARD = c99;
				GCC_THUMB_SUPPORT = NO;
				GCC_VERSION = "";
				GCC_WARN_ABOUT_RETURN_TYPE = YES;
				GCC_WARN_UNDECLARED_SELECTOR = YES;
				GCC_WARN_UNINITIALIZED_AUTOS = YES;
				GCC_WARN_UNUSED_FUNCTION = YES;
				GCC_WARN_UNUSED_VARIABLE = YES;
				ONLY_ACTIVE_ARCH = YES;
				SDKROOT = iphoneos;
				SKIP_INSTALL = NO;
				TARGETED_DEVICE_FAMILY = "1,2";
				ASSETCATALOG_COMPILER_LAUNCHIMAGE_NAME = LaunchImage;
			};
			name = Debug;
		};
		C01FCF5008A954540054247B /* Release */ = {
			isa = XCBuildConfiguration;
			baseConfigurationReference = 3047A5111AB8059700498E2A /* build.xcconfig */;
			buildSettings = {
				CLANG_ENABLE_MODULES = YES;
				CLANG_ENABLE_OBJC_ARC = YES;
				CLANG_WARN_BOOL_CONVERSION = YES;
				CLANG_WARN_CONSTANT_CONVERSION = YES;
				CLANG_WARN_EMPTY_BODY = YES;
				CLANG_WARN_ENUM_CONVERSION = YES;
				CLANG_WARN_INT_CONVERSION = YES;
				CLANG_WARN__DUPLICATE_METHOD_MATCH = YES;
				GCC_C_LANGUAGE_STANDARD = c99;
				GCC_THUMB_SUPPORT = NO;
				GCC_VERSION = "";
				GCC_WARN_ABOUT_RETURN_TYPE = YES;
				GCC_WARN_UNDECLARED_SELECTOR = YES;
				GCC_WARN_UNINITIALIZED_AUTOS = YES;
				GCC_WARN_UNUSED_FUNCTION = YES;
				GCC_WARN_UNUSED_VARIABLE = YES;
				SDKROOT = iphoneos;
				SKIP_INSTALL = NO;
				TARGETED_DEVICE_FAMILY = "1,2";
				ASSETCATALOG_COMPILER_LAUNCHIMAGE_NAME = LaunchImage;
			};
			name = Release;
		};
/* End XCBuildConfiguration section */

/* Begin XCConfigurationList section */
		1D6058960D05DD3E006BFB54 /* Build configuration list for PBXNativeTarget "Studio 120" */ = {
			isa = XCConfigurationList;
			buildConfigurations = (
				1D6058940D05DD3E006BFB54 /* Debug */,
				1D6058950D05DD3E006BFB54 /* Release */,
			);
			defaultConfigurationIsVisible = 0;
			defaultConfigurationName = Release;
		};
		C01FCF4E08A954540054247B /* Build configuration list for PBXProject "__NON-CLI__" */ = {
			isa = XCConfigurationList;
			buildConfigurations = (
				C01FCF4F08A954540054247B /* Debug */,
				C01FCF5008A954540054247B /* Release */,
			);
			defaultConfigurationIsVisible = 0;
			defaultConfigurationName = Release;
		};
/* End XCConfigurationList section */
	};
	rootObject = 29B97313FDCFA39411CA2CEA /* Project object */;
}
